{
  "version": 4,
  "terraform_version": "1.3.7",
  "serial": 81,
  "lineage": "80143a0e-4284-1344-f540-4da23ca9d943",
  "outputs": {},
  "resources": [
    {
      "mode": "data",
      "type": "aws_ami",
      "name": "ami_linux",
      "provider": "provider[\"registry.terraform.io/hashicorp/aws\"]",
      "instances": [
        {
          "schema_version": 0,
          "attributes": {
            "architecture": "x86_64",
            "arn": "arn:aws:ec2:us-east-1::image/ami-0b5eea76982371e91",
            "block_device_mappings": [
              {
                "device_name": "/dev/xvda",
                "ebs": {
                  "delete_on_termination": "true",
                  "encrypted": "false",
                  "iops": "0",
                  "snapshot_id": "snap-097c82c1f068b49cb",
                  "throughput": "0",
                  "volume_size": "8",
                  "volume_type": "gp2"
                },
                "no_device": "",
                "virtual_name": ""
              }
            ],
            "boot_mode": "",
            "creation_date": "2022-12-16T02:08:09.000Z",
            "deprecation_time": "2024-12-16T02:08:09.000Z",
            "description": "Amazon Linux 2 Kernel 5.10 AMI 2.0.20221210.1 x86_64 HVM gp2",
            "ena_support": true,
            "executable_users": null,
            "filter": [
              {
                "name": "name",
                "values": [
                  "amzn2-ami-kernel-5.10-hvm-*-x86_64-gp2"
                ]
              },
              {
                "name": "virtualization-type",
                "values": [
                  "hvm"
                ]
              }
            ],
            "hypervisor": "xen",
            "id": "ami-0b5eea76982371e91",
            "image_id": "ami-0b5eea76982371e91",
            "image_location": "amazon/amzn2-ami-kernel-5.10-hvm-2.0.20221210.1-x86_64-gp2",
            "image_owner_alias": "amazon",
            "image_type": "machine",
            "imds_support": "",
            "include_deprecated": false,
            "kernel_id": "",
            "most_recent": true,
            "name": "amzn2-ami-kernel-5.10-hvm-2.0.20221210.1-x86_64-gp2",
            "name_regex": null,
            "owner_id": "137112412989",
            "owners": [
              "amazon"
            ],
            "platform": "",
            "platform_details": "Linux/UNIX",
            "product_codes": [],
            "public": true,
            "ramdisk_id": "",
            "root_device_name": "/dev/xvda",
            "root_device_type": "ebs",
            "root_snapshot_id": "snap-097c82c1f068b49cb",
            "sriov_net_support": "simple",
            "state": "available",
            "state_reason": {
              "code": "UNSET",
              "message": "UNSET"
            },
            "tags": {},
            "timeouts": null,
            "tpm_support": "",
            "usage_operation": "RunInstances",
            "virtualization_type": "hvm"
          },
          "sensitive_attributes": []
        }
      ]
    },
    {
      "mode": "managed",
      "type": "aws_instance",
      "name": "instance1",
      "provider": "provider[\"registry.terraform.io/hashicorp/aws\"]",
      "instances": [
        {
          "schema_version": 1,
          "attributes": {
            "ami": "ami-0b5eea76982371e91",
            "arn": "arn:aws:ec2:us-east-1:772951946295:instance/i-04bd7ef1c385dda0a",
            "associate_public_ip_address": true,
            "availability_zone": "us-east-1b",
            "capacity_reservation_specification": [
              {
                "capacity_reservation_preference": "open",
                "capacity_reservation_target": []
              }
            ],
            "cpu_core_count": 1,
            "cpu_threads_per_core": 1,
            "credit_specification": [
              {
                "cpu_credits": "standard"
              }
            ],
            "disable_api_stop": false,
            "disable_api_termination": false,
            "ebs_block_device": [],
            "ebs_optimized": false,
            "enclave_options": [
              {
                "enabled": false
              }
            ],
            "ephemeral_block_device": [],
            "get_password_data": false,
            "hibernation": false,
            "host_id": null,
            "host_resource_group_arn": null,
            "iam_instance_profile": "",
            "id": "i-04bd7ef1c385dda0a",
            "instance_initiated_shutdown_behavior": "stop",
            "instance_state": "running",
            "instance_type": "t2.micro",
            "ipv6_address_count": 0,
            "ipv6_addresses": [],
            "key_name": "huyn",
            "launch_template": [],
            "maintenance_options": [
              {
                "auto_recovery": "default"
              }
            ],
            "metadata_options": [
              {
                "http_endpoint": "enabled",
                "http_put_response_hop_limit": 1,
                "http_tokens": "optional",
                "instance_metadata_tags": "disabled"
              }
            ],
            "monitoring": false,
            "network_interface": [],
            "outpost_arn": "",
            "password_data": "",
            "placement_group": "",
            "placement_partition_number": null,
            "primary_network_interface_id": "eni-0f6a7c5d99f26de49",
            "private_dns": "ip-10-0-5-94.ec2.internal",
            "private_dns_name_options": [
              {
                "enable_resource_name_dns_a_record": false,
                "enable_resource_name_dns_aaaa_record": false,
                "hostname_type": "ip-name"
              }
            ],
            "private_ip": "10.0.5.94",
            "public_dns": "ec2-54-89-216-121.compute-1.amazonaws.com",
            "public_ip": "54.89.216.121",
            "root_block_device": [
              {
                "delete_on_termination": true,
                "device_name": "/dev/xvda",
                "encrypted": false,
                "iops": 100,
                "kms_key_id": "",
                "tags": {},
                "throughput": 0,
                "volume_id": "vol-0397ce41285c7ad97",
                "volume_size": 8,
                "volume_type": "gp2"
              }
            ],
            "secondary_private_ips": [],
            "security_groups": [
              "sg-0bd7b7f8aba738cf7"
            ],
            "source_dest_check": true,
            "subnet_id": "subnet-0a11471e6cb1ab1cf",
            "tags": {
              "Name": "huyn"
            },
            "tags_all": {
              "Name": "huyn"
            },
            "tenancy": "default",
            "timeouts": null,
            "user_data": null,
            "user_data_base64": null,
            "user_data_replace_on_change": false,
            "volume_tags": null,
            "vpc_security_group_ids": [
              "sg-0bd7b7f8aba738cf7"
            ]
          },
          "sensitive_attributes": [],
          "private": "eyJlMmJmYjczMC1lY2FhLTExZTYtOGY4OC0zNDM2M2JjN2M0YzAiOnsiY3JlYXRlIjo2MDAwMDAwMDAwMDAsImRlbGV0ZSI6MTIwMDAwMDAwMDAwMCwidXBkYXRlIjo2MDAwMDAwMDAwMDB9LCJzY2hlbWFfdmVyc2lvbiI6IjEifQ==",
          "dependencies": [
            "aws_key_pair.auth",
            "data.aws_ami.ami_linux",
            "module.huyn_vpc.aws_security_group.huyn_sg",
            "module.huyn_vpc.aws_subnet.private_subnet",
            "module.huyn_vpc.aws_vpc.huyn_vpc",
            "tls_private_key.huyn_key"
          ]
        }
      ]
    },
    {
      "mode": "managed",
      "type": "aws_key_pair",
      "name": "auth",
      "provider": "provider[\"registry.terraform.io/hashicorp/aws\"]",
      "instances": [
        {
          "schema_version": 1,
          "attributes": {
            "arn": "arn:aws:ec2:us-east-1:772951946295:key-pair/huyn",
            "fingerprint": "a7:f2:34:52:b3:40:c3:06:a9:be:a6:e6:13:44:3e:5a",
            "id": "huyn",
            "key_name": "huyn",
            "key_name_prefix": "",
            "key_pair_id": "key-0286259411e8e4c06",
            "key_type": "rsa",
            "public_key": "ssh-rsa AAAAB3NzaC1yc2EAAAADAQABAAABAQC5N/2cFRbCLQkqAnmU+Di7QdnOl7POpBhHc706WlsNkFoKtu7Gp0AfB3SqR3xz0P0NmtJSmmxMVNqPOSokoLv0zzD7ZbkhMWd0qsAKOP6+NXYmOP2T1l3vLFvLTZYi+eTotvCoRxZKr8EKtdVbVl1hfLswZEYYafuHFISXay6NPuLGusFWgPC/He0gyNI8sznW6qk/3C/dOOhEiw6wFpOVeRxLRPkxaxQ9eucBSHAASS1x78RW0RIBBXXUAsCsOekQO9yjYgoPVDN3wRbIGbIFSkyO2l7a56feo7M5z17jO/yPnrnti0xdYxbu83pyj9k9U4ERoBpk0/n9oO3MXsGx",
            "tags": null,
            "tags_all": {}
          },
          "sensitive_attributes": [],
          "private": "eyJzY2hlbWFfdmVyc2lvbiI6IjEifQ==",
          "dependencies": [
            "tls_private_key.huyn_key"
          ]
        }
      ]
    },
    {
      "mode": "managed",
      "type": "local_file",
      "name": "save_key",
      "provider": "provider[\"registry.terraform.io/hashicorp/local\"]",
      "instances": [
        {
          "schema_version": 0,
          "attributes": {
            "content": "-----BEGIN RSA PRIVATE KEY-----\nMIIEogIBAAKCAQEAuTf9nBUWwi0JKgJ5lPg4u0HZzpezzqQYR3O9OlpbDZBaCrbu\nxqdAHwd0qkd8c9D9DZrSUppsTFTajzkqJKC79M8w+2W5ITFndKrACjj+vjV2Jjj9\nk9Zd7yxby02WIvnk6LbwqEcWSq/BCrXVW1ZdYXy7MGRGGGn7hxSEl2sujT7ixrrB\nVoDwvx3tIMjSPLM51uqpP9wv3TjoRIsOsBaTlXkcS0T5MWsUPXrnAUhwAEktce/E\nVtESAQV11ALArDnpEDvco2IKD1Qzd8EWyBmyBUpMjtpe2uen3qOzOc9e4zv8j565\n7YtMXWMW7vN6co/ZPVOBEaAaZNP5/aDtzF7BsQIDAQABAoIBAGk3KkU5IaWKidMo\ndsKuQyP043LdcJIpW3VzhQIaA/FvmAbQJlII/n7h8F8unr738FiDI4kzGeQ+q62C\nrrMB7+PAszWMcp8tfnSi7tafy+5nVkeeRkZuFwxf6YFTAL+7r1KXYZxmTX592q5n\n3ty08fUIMxnpTHxf8Deq6ytNArPPFnLDKSjihJBSwWBwdTz/G3AuAlEIpoj6Xgvf\n2tIZLwY9aH+Zsid8nnSDkVp2fk29vBOGoOKxfR1Jzb+Jx3aulkTHIMF4ynm058B+\naXZu61aBnH5Wk7/nHfDsDO9S31u9phj0EDWCsFaQcIQfr42udZFShPR6CKsDqU5Q\nlL4uRGUCgYEA6Qh1c5MiQTf2g+Az/Q4GEdn6+/0xHzlDoqvjis7H4DN+/tshWztE\nykoTgUsQQ+5zhArGPC5K4eg2TqvxaWp7L++NwO+66RvuzgiOieNrC80q4pwvkd0X\nBtBDXNDl2Z4bLlTmxGqf2PUkLmbzzi7nP5VRHA79ceu6RFDwS0WmU5sCgYEAy3km\n+QE9GvVaMDDeunNnOj4nypZ6Pu2D4yxduh8EDpZ9Ic+0l9ATo/0rDSFcbQkw1i4X\nKYtT+Jzz6CcoC+xR1Fd+57ulc4THxCrPmY+EEMk/pnXRy8VjcoYIK3pmbMr4NWsz\n4/rIQjZFFvFbXxMawoRh4LdOEGpwEVKm1e298qMCgYBKfUa2BAE+IbpuGzvjFxl/\nmVMuO5f5KB/jnthkZYbktvFQXBGEjSSHGTi06p6vaEiKm7sUP6P2JHk/mpzXmo74\nGrYQR1FS9HfYaknN7+Em65VazJw0Hx0eM3Jk9+2RK4X6wG7nuEGSY4IGRyiF7t5C\np+M+edgwEy7+aXT2SrRJIwKBgGkxl36Ar3CyjBACFARdCW9JFxVbupOyA8987m/8\n/QH1t3e1hG5AOwc7Kfi92KTebYsthPgLejw8GLVbGQ8g/CVFnux7TMxuR0EZyP5g\n/iwXf3q1yuMIh6N7u9mOjEmOncgwRkGFM+dXW1zDJzP+EoWiH2AoJInEHXA3RN2w\n7dT1AoGARhVQQO+x6aOjTxZsM4pwKfIjpwNZzrNns7h9RFLd8+EKJOd/OhMZLV1b\np8L1m0QnWO0cX5L6YbMDcV0pyoyqjYbjzLaWq+T9d7ukZ7/P5T/lJWQouKVH7ojb\n/OiSw/jgLCRZXyFRiAk6LGxmWkpudjl2PwJ+6arQOf8c+2EIExw=\n-----END RSA PRIVATE KEY-----\n",
            "content_base64": null,
            "directory_permission": "0777",
            "file_permission": "0400",
            "filename": "huyn.pem",
            "id": "74735e73bc36a60b271489319de59134a1a85fcd",
            "sensitive_content": null,
            "source": null
          },
          "sensitive_attributes": [
            [
              {
                "type": "get_attr",
                "value": "content"
              }
            ]
          ],
          "private": "bnVsbA==",
          "dependencies": [
            "tls_private_key.huyn_key"
          ]
        }
      ]
    },
    {
      "mode": "managed",
      "type": "tls_private_key",
      "name": "huyn_key",
      "provider": "provider[\"registry.terraform.io/hashicorp/tls\"]",
      "instances": [
        {
          "schema_version": 1,
          "attributes": {
            "algorithm": "RSA",
            "ecdsa_curve": "P224",
            "id": "b137d2a4a3f681a0d9924ed13bdf3fb8f10e761a",
            "private_key_openssh": "-----BEGIN OPENSSH PRIVATE KEY-----\nb3BlbnNzaC1rZXktdjEAAAAABG5vbmUAAAAEbm9uZQAAAAAAAAABAAABFwAAAAdz\nc2gtcnNhAAAAAwEAAQAAAQEAuTf9nBUWwi0JKgJ5lPg4u0HZzpezzqQYR3O9Olpb\nDZBaCrbuxqdAHwd0qkd8c9D9DZrSUppsTFTajzkqJKC79M8w+2W5ITFndKrACjj+\nvjV2Jjj9k9Zd7yxby02WIvnk6LbwqEcWSq/BCrXVW1ZdYXy7MGRGGGn7hxSEl2su\njT7ixrrBVoDwvx3tIMjSPLM51uqpP9wv3TjoRIsOsBaTlXkcS0T5MWsUPXrnAUhw\nAEktce/EVtESAQV11ALArDnpEDvco2IKD1Qzd8EWyBmyBUpMjtpe2uen3qOzOc9e\n4zv8j5657YtMXWMW7vN6co/ZPVOBEaAaZNP5/aDtzF7BsQAAA7gE3FreBNxa3gAA\nAAdzc2gtcnNhAAABAQC5N/2cFRbCLQkqAnmU+Di7QdnOl7POpBhHc706WlsNkFoK\ntu7Gp0AfB3SqR3xz0P0NmtJSmmxMVNqPOSokoLv0zzD7ZbkhMWd0qsAKOP6+NXYm\nOP2T1l3vLFvLTZYi+eTotvCoRxZKr8EKtdVbVl1hfLswZEYYafuHFISXay6NPuLG\nusFWgPC/He0gyNI8sznW6qk/3C/dOOhEiw6wFpOVeRxLRPkxaxQ9eucBSHAASS1x\n78RW0RIBBXXUAsCsOekQO9yjYgoPVDN3wRbIGbIFSkyO2l7a56feo7M5z17jO/yP\nnrnti0xdYxbu83pyj9k9U4ERoBpk0/n9oO3MXsGxAAAAAwEAAQAAAQBpNypFOSGl\nionTKHbCrkMj9ONy3XCSKVt1c4UCGgPxb5gG0CZSCP5+4fBfLp6+9/BYgyOJMxnk\nPqutgq6zAe/jwLM1jHKfLX50ou7Wn8vuZ1ZHnkZGbhcMX+mBUwC/u69Sl2GcZk1+\nfdquZ97ctPH1CDMZ6Ux8X/A3qusrTQKzzxZywyko4oSQUsFgcHU8/xtwLgJRCKaI\n+l4L39rSGS8GPWh/mbInfJ50g5Fadn5NvbwThqDisX0dSc2/icd2rpZExyDBeMp5\ntOfAfml2butWgZx+VpO/5x3w7AzvUt9bvaYY9BA1grBWkHCEH6+NrnWRUoT0egir\nA6lOUJS+LkRlAAAAgEYVUEDvsemjo08WbDOKcCnyI6cDWc6zZ7O4fURS3fPhCiTn\nfzoTGS1dW6fC9ZtEJ1jtHF+S+mGzA3FdKcqMqo2G48y2lqvk/Xe7pGe/z+U/5SVk\nKLilR+6I2/zoksP44CwkWV8hUYgJOixsZlpKbnY5dj8Cfumq0Dn/HPthCBMcAAAA\ngQDpCHVzkyJBN/aD4DP9DgYR2fr7/TEfOUOiq+OKzsfgM37+2yFbO0TKShOBSxBD\n7nOECsY8Lkrh6DZOq/Fpansv743A77rpG+7OCI6J42sLzSrinC+R3RcG0ENc0OXZ\nnhsuVObEap/Y9SQuZvPOLuc/lVEcDv1x67pEUPBLRaZTmwAAAIEAy3km+QE9GvVa\nMDDeunNnOj4nypZ6Pu2D4yxduh8EDpZ9Ic+0l9ATo/0rDSFcbQkw1i4XKYtT+Jzz\n6CcoC+xR1Fd+57ulc4THxCrPmY+EEMk/pnXRy8VjcoYIK3pmbMr4NWsz4/rIQjZF\nFvFbXxMawoRh4LdOEGpwEVKm1e298qMAAAAAAQID\n-----END OPENSSH PRIVATE KEY-----\n",
            "private_key_pem": "-----BEGIN RSA PRIVATE KEY-----\nMIIEogIBAAKCAQEAuTf9nBUWwi0JKgJ5lPg4u0HZzpezzqQYR3O9OlpbDZBaCrbu\nxqdAHwd0qkd8c9D9DZrSUppsTFTajzkqJKC79M8w+2W5ITFndKrACjj+vjV2Jjj9\nk9Zd7yxby02WIvnk6LbwqEcWSq/BCrXVW1ZdYXy7MGRGGGn7hxSEl2sujT7ixrrB\nVoDwvx3tIMjSPLM51uqpP9wv3TjoRIsOsBaTlXkcS0T5MWsUPXrnAUhwAEktce/E\nVtESAQV11ALArDnpEDvco2IKD1Qzd8EWyBmyBUpMjtpe2uen3qOzOc9e4zv8j565\n7YtMXWMW7vN6co/ZPVOBEaAaZNP5/aDtzF7BsQIDAQABAoIBAGk3KkU5IaWKidMo\ndsKuQyP043LdcJIpW3VzhQIaA/FvmAbQJlII/n7h8F8unr738FiDI4kzGeQ+q62C\nrrMB7+PAszWMcp8tfnSi7tafy+5nVkeeRkZuFwxf6YFTAL+7r1KXYZxmTX592q5n\n3ty08fUIMxnpTHxf8Deq6ytNArPPFnLDKSjihJBSwWBwdTz/G3AuAlEIpoj6Xgvf\n2tIZLwY9aH+Zsid8nnSDkVp2fk29vBOGoOKxfR1Jzb+Jx3aulkTHIMF4ynm058B+\naXZu61aBnH5Wk7/nHfDsDO9S31u9phj0EDWCsFaQcIQfr42udZFShPR6CKsDqU5Q\nlL4uRGUCgYEA6Qh1c5MiQTf2g+Az/Q4GEdn6+/0xHzlDoqvjis7H4DN+/tshWztE\nykoTgUsQQ+5zhArGPC5K4eg2TqvxaWp7L++NwO+66RvuzgiOieNrC80q4pwvkd0X\nBtBDXNDl2Z4bLlTmxGqf2PUkLmbzzi7nP5VRHA79ceu6RFDwS0WmU5sCgYEAy3km\n+QE9GvVaMDDeunNnOj4nypZ6Pu2D4yxduh8EDpZ9Ic+0l9ATo/0rDSFcbQkw1i4X\nKYtT+Jzz6CcoC+xR1Fd+57ulc4THxCrPmY+EEMk/pnXRy8VjcoYIK3pmbMr4NWsz\n4/rIQjZFFvFbXxMawoRh4LdOEGpwEVKm1e298qMCgYBKfUa2BAE+IbpuGzvjFxl/\nmVMuO5f5KB/jnthkZYbktvFQXBGEjSSHGTi06p6vaEiKm7sUP6P2JHk/mpzXmo74\nGrYQR1FS9HfYaknN7+Em65VazJw0Hx0eM3Jk9+2RK4X6wG7nuEGSY4IGRyiF7t5C\np+M+edgwEy7+aXT2SrRJIwKBgGkxl36Ar3CyjBACFARdCW9JFxVbupOyA8987m/8\n/QH1t3e1hG5AOwc7Kfi92KTebYsthPgLejw8GLVbGQ8g/CVFnux7TMxuR0EZyP5g\n/iwXf3q1yuMIh6N7u9mOjEmOncgwRkGFM+dXW1zDJzP+EoWiH2AoJInEHXA3RN2w\n7dT1AoGARhVQQO+x6aOjTxZsM4pwKfIjpwNZzrNns7h9RFLd8+EKJOd/OhMZLV1b\np8L1m0QnWO0cX5L6YbMDcV0pyoyqjYbjzLaWq+T9d7ukZ7/P5T/lJWQouKVH7ojb\n/OiSw/jgLCRZXyFRiAk6LGxmWkpudjl2PwJ+6arQOf8c+2EIExw=\n-----END RSA PRIVATE KEY-----\n",
            "private_key_pem_pkcs8": "-----BEGIN PRIVATE KEY-----\nMIIEvAIBADANBgkqhkiG9w0BAQEFAASCBKYwggSiAgEAAoIBAQC5N/2cFRbCLQkq\nAnmU+Di7QdnOl7POpBhHc706WlsNkFoKtu7Gp0AfB3SqR3xz0P0NmtJSmmxMVNqP\nOSokoLv0zzD7ZbkhMWd0qsAKOP6+NXYmOP2T1l3vLFvLTZYi+eTotvCoRxZKr8EK\ntdVbVl1hfLswZEYYafuHFISXay6NPuLGusFWgPC/He0gyNI8sznW6qk/3C/dOOhE\niw6wFpOVeRxLRPkxaxQ9eucBSHAASS1x78RW0RIBBXXUAsCsOekQO9yjYgoPVDN3\nwRbIGbIFSkyO2l7a56feo7M5z17jO/yPnrnti0xdYxbu83pyj9k9U4ERoBpk0/n9\noO3MXsGxAgMBAAECggEAaTcqRTkhpYqJ0yh2wq5DI/Tjct1wkilbdXOFAhoD8W+Y\nBtAmUgj+fuHwXy6evvfwWIMjiTMZ5D6rrYKuswHv48CzNYxyny1+dKLu1p/L7mdW\nR55GRm4XDF/pgVMAv7uvUpdhnGZNfn3armfe3LTx9QgzGelMfF/wN6rrK00Cs88W\ncsMpKOKEkFLBYHB1PP8bcC4CUQimiPpeC9/a0hkvBj1of5myJ3yedIORWnZ+Tb28\nE4ag4rF9HUnNv4nHdq6WRMcgwXjKebTnwH5pdm7rVoGcflaTv+cd8OwM71LfW72m\nGPQQNYKwVpBwhB+vja51kVKE9HoIqwOpTlCUvi5EZQKBgQDpCHVzkyJBN/aD4DP9\nDgYR2fr7/TEfOUOiq+OKzsfgM37+2yFbO0TKShOBSxBD7nOECsY8Lkrh6DZOq/Fp\nansv743A77rpG+7OCI6J42sLzSrinC+R3RcG0ENc0OXZnhsuVObEap/Y9SQuZvPO\nLuc/lVEcDv1x67pEUPBLRaZTmwKBgQDLeSb5AT0a9VowMN66c2c6PifKlno+7YPj\nLF26HwQOln0hz7SX0BOj/SsNIVxtCTDWLhcpi1P4nPPoJygL7FHUV37nu6VzhMfE\nKs+Zj4QQyT+mddHLxWNyhggremZsyvg1azPj+shCNkUW8VtfExrChGHgt04QanAR\nUqbV7b3yowKBgEp9RrYEAT4hum4bO+MXGX+ZUy47l/koH+Oe2GRlhuS28VBcEYSN\nJIcZOLTqnq9oSIqbuxQ/o/YkeT+anNeajvgathBHUVL0d9hqSc3v4SbrlVrMnDQf\nHR4zcmT37ZErhfrAbue4QZJjggZHKIXu3kKn4z552DATLv5pdPZKtEkjAoGAaTGX\nfoCvcLKMEAIUBF0Jb0kXFVu6k7IDz3zub/z9AfW3d7WEbkA7Bzsp+L3YpN5tiy2E\n+At6PDwYtVsZDyD8JUWe7HtMzG5HQRnI/mD+LBd/erXK4wiHo3u72Y6MSY6dyDBG\nQYUz51dbXMMnM/4ShaIfYCgkicQdcDdE3bDt1PUCgYBGFVBA77Hpo6NPFmwzinAp\n8iOnA1nOs2ezuH1EUt3z4Qok5386ExktXVunwvWbRCdY7RxfkvphswNxXSnKjKqN\nhuPMtpar5P13u6Rnv8/lP+UlZCi4pUfuiNv86JLD+OAsJFlfIVGICTosbGZaSm52\nOXY/An7pqtA5/xz7YQgTHA==\n-----END PRIVATE KEY-----\n",
            "public_key_fingerprint_md5": "98:8d:a6:38:3c:fa:ba:55:17:1d:96:95:db:1c:1b:90",
            "public_key_fingerprint_sha256": "SHA256:MGm+9onGK4Pcq4cfObolKpUkFcBGKQRbXvIfvnu7gYs",
            "public_key_openssh": "ssh-rsa AAAAB3NzaC1yc2EAAAADAQABAAABAQC5N/2cFRbCLQkqAnmU+Di7QdnOl7POpBhHc706WlsNkFoKtu7Gp0AfB3SqR3xz0P0NmtJSmmxMVNqPOSokoLv0zzD7ZbkhMWd0qsAKOP6+NXYmOP2T1l3vLFvLTZYi+eTotvCoRxZKr8EKtdVbVl1hfLswZEYYafuHFISXay6NPuLGusFWgPC/He0gyNI8sznW6qk/3C/dOOhEiw6wFpOVeRxLRPkxaxQ9eucBSHAASS1x78RW0RIBBXXUAsCsOekQO9yjYgoPVDN3wRbIGbIFSkyO2l7a56feo7M5z17jO/yPnrnti0xdYxbu83pyj9k9U4ERoBpk0/n9oO3MXsGx\n",
            "public_key_pem": "-----BEGIN PUBLIC KEY-----\nMIIBIjANBgkqhkiG9w0BAQEFAAOCAQ8AMIIBCgKCAQEAuTf9nBUWwi0JKgJ5lPg4\nu0HZzpezzqQYR3O9OlpbDZBaCrbuxqdAHwd0qkd8c9D9DZrSUppsTFTajzkqJKC7\n9M8w+2W5ITFndKrACjj+vjV2Jjj9k9Zd7yxby02WIvnk6LbwqEcWSq/BCrXVW1Zd\nYXy7MGRGGGn7hxSEl2sujT7ixrrBVoDwvx3tIMjSPLM51uqpP9wv3TjoRIsOsBaT\nlXkcS0T5MWsUPXrnAUhwAEktce/EVtESAQV11ALArDnpEDvco2IKD1Qzd8EWyBmy\nBUpMjtpe2uen3qOzOc9e4zv8j5657YtMXWMW7vN6co/ZPVOBEaAaZNP5/aDtzF7B\nsQIDAQAB\n-----END PUBLIC KEY-----\n",
            "rsa_bits": 2048
          },
          "sensitive_attributes": []
        }
      ]
    },
    {
      "module": "module.application_lb",
      "mode": "managed",
      "type": "aws_lb",
      "name": "huyn_lb",
      "provider": "provider[\"registry.terraform.io/hashicorp/aws\"]",
      "instances": [
        {
          "schema_version": 0,
          "attributes": {
            "access_logs": [
              {
                "bucket": "",
                "enabled": false,
                "prefix": ""
              }
            ],
            "arn": "arn:aws:elasticloadbalancing:us-east-1:772951946295:loadbalancer/app/huyn-lb/4084087016ddea52",
            "arn_suffix": "app/huyn-lb/4084087016ddea52",
            "customer_owned_ipv4_pool": "",
            "desync_mitigation_mode": "defensive",
            "dns_name": "huyn-lb-654978412.us-east-1.elb.amazonaws.com",
            "drop_invalid_header_fields": false,
            "enable_cross_zone_load_balancing": true,
            "enable_deletion_protection": false,
            "enable_http2": true,
            "enable_waf_fail_open": false,
            "id": "arn:aws:elasticloadbalancing:us-east-1:772951946295:loadbalancer/app/huyn-lb/4084087016ddea52",
            "idle_timeout": 60,
            "internal": false,
            "ip_address_type": "ipv4",
            "load_balancer_type": "application",
            "name": "huyn-lb",
            "name_prefix": null,
            "preserve_host_header": false,
            "security_groups": [
              "sg-0bd7b7f8aba738cf7"
            ],
            "subnet_mapping": [
              {
                "allocation_id": "",
                "ipv6_address": "",
                "outpost_id": "",
                "private_ipv4_address": "",
                "subnet_id": "subnet-0572583b3edfc3707"
              },
              {
                "allocation_id": "",
                "ipv6_address": "",
                "outpost_id": "",
                "private_ipv4_address": "",
                "subnet_id": "subnet-08c33e92f3b2026f9"
              },
              {
                "allocation_id": "",
                "ipv6_address": "",
                "outpost_id": "",
                "private_ipv4_address": "",
                "subnet_id": "subnet-0c57946809730d5e4"
              }
            ],
            "subnets": [
              "subnet-0572583b3edfc3707",
              "subnet-08c33e92f3b2026f9",
              "subnet-0c57946809730d5e4"
            ],
            "tags": {
              "Name": "huyn-lb"
            },
            "tags_all": {
              "Name": "huyn-lb"
            },
            "timeouts": null,
            "vpc_id": "vpc-041470cb6e9bfc9e9",
            "zone_id": "Z35SXDOTRQ7X7K"
          },
          "sensitive_attributes": [],
          "private": "eyJlMmJmYjczMC1lY2FhLTExZTYtOGY4OC0zNDM2M2JjN2M0YzAiOnsiY3JlYXRlIjo2MDAwMDAwMDAwMDAsImRlbGV0ZSI6NjAwMDAwMDAwMDAwLCJ1cGRhdGUiOjYwMDAwMDAwMDAwMH19",
          "dependencies": [
            "module.huyn_vpc.aws_security_group.huyn_sg",
            "module.huyn_vpc.aws_subnet.public_subnet",
            "module.huyn_vpc.aws_vpc.huyn_vpc"
          ],
          "create_before_destroy": true
        }
      ]
    },
    {
      "module": "module.application_lb",
      "mode": "managed",
      "type": "aws_lb_listener",
      "name": "lb_http_listener",
      "provider": "provider[\"registry.terraform.io/hashicorp/aws\"]",
      "instances": [
        {
          "schema_version": 0,
          "attributes": {
            "alpn_policy": null,
            "arn": "arn:aws:elasticloadbalancing:us-east-1:772951946295:listener/app/huyn-lb/4084087016ddea52/98202726ee1051a0",
            "certificate_arn": null,
            "default_action": [
              {
                "authenticate_cognito": [],
                "authenticate_oidc": [],
                "fixed_response": [],
                "forward": [],
                "order": 1,
                "redirect": [
                  {
                    "host": "#{host}",
                    "path": "/#{path}",
                    "port": "443",
                    "protocol": "HTTPS",
                    "query": "#{query}",
                    "status_code": "HTTP_301"
                  }
                ],
                "target_group_arn": "",
                "type": "redirect"
              }
            ],
            "id": "arn:aws:elasticloadbalancing:us-east-1:772951946295:listener/app/huyn-lb/4084087016ddea52/98202726ee1051a0",
            "load_balancer_arn": "arn:aws:elasticloadbalancing:us-east-1:772951946295:loadbalancer/app/huyn-lb/4084087016ddea52",
            "port": 80,
            "protocol": "HTTP",
            "ssl_policy": "",
            "tags": null,
            "tags_all": {},
            "timeouts": null
          },
          "sensitive_attributes": [],
          "private": "eyJlMmJmYjczMC1lY2FhLTExZTYtOGY4OC0zNDM2M2JjN2M0YzAiOnsicmVhZCI6NjAwMDAwMDAwMDAwfX0=",
          "dependencies": [
            "module.application_lb.aws_lb.huyn_lb",
            "module.huyn_vpc.aws_security_group.huyn_sg",
            "module.huyn_vpc.aws_subnet.public_subnet",
            "module.huyn_vpc.aws_vpc.huyn_vpc"
          ]
        }
      ]
    },
    {
      "module": "module.application_lb",
      "mode": "managed",
      "type": "aws_lb_target_group",
      "name": "lb_target_group",
      "provider": "provider[\"registry.terraform.io/hashicorp/aws\"]",
      "instances": [
        {
          "schema_version": 0,
          "attributes": {
            "arn": "arn:aws:elasticloadbalancing:us-east-1:772951946295:targetgroup/tg-huyn-lb/af129394c7760458",
            "arn_suffix": "targetgroup/tg-huyn-lb/af129394c7760458",
            "connection_termination": false,
            "deregistration_delay": "300",
            "health_check": [
              {
                "enabled": true,
                "healthy_threshold": 5,
                "interval": 300,
                "matcher": "200",
                "path": "/",
                "port": "traffic-port",
                "protocol": "HTTP",
                "timeout": 60,
                "unhealthy_threshold": 5
              }
            ],
            "id": "arn:aws:elasticloadbalancing:us-east-1:772951946295:targetgroup/tg-huyn-lb/af129394c7760458",
            "ip_address_type": null,
            "lambda_multi_value_headers_enabled": false,
            "load_balancing_algorithm_type": "round_robin",
            "name": "tg-huyn-lb",
            "name_prefix": null,
            "port": 80,
            "preserve_client_ip": null,
            "protocol": "HTTP",
            "protocol_version": "HTTP1",
            "proxy_protocol_v2": false,
            "slow_start": 0,
            "stickiness": [
              {
                "cookie_duration": 86400,
                "cookie_name": "",
                "enabled": false,
                "type": "lb_cookie"
              }
            ],
            "tags": {
              "Name": "tg-huyn_lb"
            },
            "tags_all": {
              "Name": "tg-huyn_lb"
            },
            "target_type": "ip",
            "vpc_id": "vpc-041470cb6e9bfc9e9"
          },
          "sensitive_attributes": [],
          "private": "bnVsbA==",
          "dependencies": [
            "module.application_lb.aws_lb.huyn_lb",
            "module.huyn_vpc.aws_security_group.huyn_sg",
            "module.huyn_vpc.aws_subnet.public_subnet",
            "module.huyn_vpc.aws_vpc.huyn_vpc"
          ],
          "create_before_destroy": true
        }
      ]
    },
    {
      "module": "module.huyn_vpc",
      "mode": "managed",
      "type": "aws_eip",
      "name": "nat",
      "provider": "provider[\"registry.terraform.io/hashicorp/aws\"]",
      "instances": [
        {
          "schema_version": 0,
          "attributes": {
            "address": null,
            "allocation_id": "eipalloc-022133bb432396977",
            "associate_with_private_ip": null,
            "association_id": "",
            "carrier_ip": "",
            "customer_owned_ip": "",
            "customer_owned_ipv4_pool": "",
            "domain": "vpc",
            "id": "eipalloc-022133bb432396977",
            "instance": "",
            "network_border_group": "us-east-1",
            "network_interface": "",
            "private_dns": null,
            "private_ip": "",
            "public_dns": "ec2-18-210-206-157.compute-1.amazonaws.com",
            "public_ip": "18.210.206.157",
            "public_ipv4_pool": "amazon",
            "tags": null,
            "tags_all": {},
            "timeouts": null,
            "vpc": true
          },
          "sensitive_attributes": [],
          "private": "eyJlMmJmYjczMC1lY2FhLTExZTYtOGY4OC0zNDM2M2JjN2M0YzAiOnsiZGVsZXRlIjoxODAwMDAwMDAwMDAsInJlYWQiOjkwMDAwMDAwMDAwMCwidXBkYXRlIjozMDAwMDAwMDAwMDB9fQ=="
        }
      ]
    },
    {
      "module": "module.huyn_vpc",
      "mode": "managed",
      "type": "aws_internet_gateway",
      "name": "huyn_igw",
      "provider": "provider[\"registry.terraform.io/hashicorp/aws\"]",
      "instances": [
        {
          "schema_version": 0,
          "attributes": {
            "arn": "arn:aws:ec2:us-east-1:772951946295:internet-gateway/igw-0bae4139c269cebe9",
            "id": "igw-0bae4139c269cebe9",
            "owner_id": "772951946295",
            "tags": {
              "Name": "huyn_igw"
            },
            "tags_all": {
              "Name": "huyn_igw"
            },
            "timeouts": null,
            "vpc_id": "vpc-041470cb6e9bfc9e9"
          },
          "sensitive_attributes": [],
          "private": "eyJlMmJmYjczMC1lY2FhLTExZTYtOGY4OC0zNDM2M2JjN2M0YzAiOnsiY3JlYXRlIjoxMjAwMDAwMDAwMDAwLCJkZWxldGUiOjEyMDAwMDAwMDAwMDAsInVwZGF0ZSI6MTIwMDAwMDAwMDAwMH19",
          "dependencies": [
            "module.huyn_vpc.aws_vpc.huyn_vpc"
          ]
        }
      ]
    },
    {
      "module": "module.huyn_vpc",
      "mode": "managed",
      "type": "aws_nat_gateway",
      "name": "huyn_NAT_gw",
      "provider": "provider[\"registry.terraform.io/hashicorp/aws\"]",
      "instances": [
        {
          "schema_version": 0,
          "attributes": {
            "allocation_id": "eipalloc-022133bb432396977",
            "connectivity_type": "public",
            "id": "nat-0bc7f76857579488e",
            "network_interface_id": "eni-0d326eacc9cc9144e",
            "private_ip": "10.0.1.211",
            "public_ip": "18.210.206.157",
            "subnet_id": "subnet-08c33e92f3b2026f9",
            "tags": {
              "Name": "huyn_NAT_gw"
            },
            "tags_all": {
              "Name": "huyn_NAT_gw"
            }
          },
          "sensitive_attributes": [],
          "private": "bnVsbA==",
          "dependencies": [
            "module.huyn_vpc.aws_eip.nat",
            "module.huyn_vpc.aws_internet_gateway.huyn_igw",
            "module.huyn_vpc.aws_subnet.public_subnet",
            "module.huyn_vpc.aws_vpc.huyn_vpc"
          ]
        }
      ]
    },
    {
      "module": "module.huyn_vpc",
      "mode": "managed",
      "type": "aws_route_table",
      "name": "huyn_rtb_private",
      "provider": "provider[\"registry.terraform.io/hashicorp/aws\"]",
      "instances": [
        {
          "schema_version": 0,
          "attributes": {
            "arn": "arn:aws:ec2:us-east-1:772951946295:route-table/rtb-03d1e8d0bbae212e0",
            "id": "rtb-03d1e8d0bbae212e0",
            "owner_id": "772951946295",
            "propagating_vgws": [],
            "route": [
              {
                "carrier_gateway_id": "",
                "cidr_block": "0.0.0.0/0",
                "core_network_arn": "",
                "destination_prefix_list_id": "",
                "egress_only_gateway_id": "",
                "gateway_id": "nat-0bc7f76857579488e",
                "instance_id": "",
                "ipv6_cidr_block": "",
                "local_gateway_id": "",
                "nat_gateway_id": "",
                "network_interface_id": "",
                "transit_gateway_id": "",
                "vpc_endpoint_id": "",
                "vpc_peering_connection_id": ""
              }
            ],
            "tags": {
              "Name": "huyn_rtb_private"
            },
            "tags_all": {
              "Name": "huyn_rtb_private"
            },
            "timeouts": null,
            "vpc_id": "vpc-041470cb6e9bfc9e9"
          },
          "sensitive_attributes": [],
          "private": "eyJlMmJmYjczMC1lY2FhLTExZTYtOGY4OC0zNDM2M2JjN2M0YzAiOnsiY3JlYXRlIjozMDAwMDAwMDAwMDAsImRlbGV0ZSI6MzAwMDAwMDAwMDAwLCJ1cGRhdGUiOjEyMDAwMDAwMDAwMH19",
          "dependencies": [
            "module.huyn_vpc.aws_eip.nat",
            "module.huyn_vpc.aws_internet_gateway.huyn_igw",
            "module.huyn_vpc.aws_nat_gateway.huyn_NAT_gw",
            "module.huyn_vpc.aws_subnet.public_subnet",
            "module.huyn_vpc.aws_vpc.huyn_vpc"
          ]
        }
      ]
    },
    {
      "module": "module.huyn_vpc",
      "mode": "managed",
      "type": "aws_route_table",
      "name": "huyn_rtb_public",
      "provider": "provider[\"registry.terraform.io/hashicorp/aws\"]",
      "instances": [
        {
          "schema_version": 0,
          "attributes": {
            "arn": "arn:aws:ec2:us-east-1:772951946295:route-table/rtb-0a451664bad555bb6",
            "id": "rtb-0a451664bad555bb6",
            "owner_id": "772951946295",
            "propagating_vgws": [],
            "route": [
              {
                "carrier_gateway_id": "",
                "cidr_block": "",
                "core_network_arn": "",
                "destination_prefix_list_id": "",
                "egress_only_gateway_id": "",
                "gateway_id": "igw-0bae4139c269cebe9",
                "instance_id": "",
                "ipv6_cidr_block": "::/0",
                "local_gateway_id": "",
                "nat_gateway_id": "",
                "network_interface_id": "",
                "transit_gateway_id": "",
                "vpc_endpoint_id": "",
                "vpc_peering_connection_id": ""
              },
              {
                "carrier_gateway_id": "",
                "cidr_block": "0.0.0.0/0",
                "core_network_arn": "",
                "destination_prefix_list_id": "",
                "egress_only_gateway_id": "",
                "gateway_id": "igw-0bae4139c269cebe9",
                "instance_id": "",
                "ipv6_cidr_block": "",
                "local_gateway_id": "",
                "nat_gateway_id": "",
                "network_interface_id": "",
                "transit_gateway_id": "",
                "vpc_endpoint_id": "",
                "vpc_peering_connection_id": ""
              }
            ],
            "tags": {
              "Name": "huyn_rtb_public"
            },
            "tags_all": {
              "Name": "huyn_rtb_public"
            },
            "timeouts": null,
            "vpc_id": "vpc-041470cb6e9bfc9e9"
          },
          "sensitive_attributes": [],
          "private": "eyJlMmJmYjczMC1lY2FhLTExZTYtOGY4OC0zNDM2M2JjN2M0YzAiOnsiY3JlYXRlIjozMDAwMDAwMDAwMDAsImRlbGV0ZSI6MzAwMDAwMDAwMDAwLCJ1cGRhdGUiOjEyMDAwMDAwMDAwMH19",
          "dependencies": [
            "module.huyn_vpc.aws_internet_gateway.huyn_igw",
            "module.huyn_vpc.aws_vpc.huyn_vpc"
          ]
        }
      ]
    },
    {
      "module": "module.huyn_vpc",
      "mode": "managed",
      "type": "aws_route_table_association",
      "name": "private_association",
      "provider": "provider[\"registry.terraform.io/hashicorp/aws\"]",
      "instances": [
        {
          "index_key": "0",
          "schema_version": 0,
          "attributes": {
            "gateway_id": "",
            "id": "rtbassoc-0180a5c7325e467fa",
            "route_table_id": "rtb-03d1e8d0bbae212e0",
            "subnet_id": "subnet-0412e38fdd8116b4f"
          },
          "sensitive_attributes": [],
          "private": "bnVsbA==",
          "dependencies": [
            "module.huyn_vpc.aws_eip.nat",
            "module.huyn_vpc.aws_internet_gateway.huyn_igw",
            "module.huyn_vpc.aws_nat_gateway.huyn_NAT_gw",
            "module.huyn_vpc.aws_route_table.huyn_rtb_private",
            "module.huyn_vpc.aws_subnet.private_subnet",
            "module.huyn_vpc.aws_subnet.public_subnet",
            "module.huyn_vpc.aws_vpc.huyn_vpc"
          ]
        },
        {
          "index_key": "1",
          "schema_version": 0,
          "attributes": {
            "gateway_id": "",
            "id": "rtbassoc-01eb5033d993e1d44",
            "route_table_id": "rtb-03d1e8d0bbae212e0",
            "subnet_id": "subnet-0a11471e6cb1ab1cf"
          },
          "sensitive_attributes": [],
          "private": "bnVsbA==",
          "dependencies": [
            "module.huyn_vpc.aws_eip.nat",
            "module.huyn_vpc.aws_internet_gateway.huyn_igw",
            "module.huyn_vpc.aws_nat_gateway.huyn_NAT_gw",
            "module.huyn_vpc.aws_route_table.huyn_rtb_private",
            "module.huyn_vpc.aws_subnet.private_subnet",
            "module.huyn_vpc.aws_subnet.public_subnet",
            "module.huyn_vpc.aws_vpc.huyn_vpc"
          ]
        },
        {
          "index_key": "2",
          "schema_version": 0,
          "attributes": {
            "gateway_id": "",
            "id": "rtbassoc-075660dd2aaab319d",
            "route_table_id": "rtb-03d1e8d0bbae212e0",
            "subnet_id": "subnet-07ee53902e5608205"
          },
          "sensitive_attributes": [],
          "private": "bnVsbA==",
          "dependencies": [
            "module.huyn_vpc.aws_eip.nat",
            "module.huyn_vpc.aws_internet_gateway.huyn_igw",
            "module.huyn_vpc.aws_nat_gateway.huyn_NAT_gw",
            "module.huyn_vpc.aws_route_table.huyn_rtb_private",
            "module.huyn_vpc.aws_subnet.private_subnet",
            "module.huyn_vpc.aws_subnet.public_subnet",
            "module.huyn_vpc.aws_vpc.huyn_vpc"
          ]
        }
      ]
    },
    {
      "module": "module.huyn_vpc",
      "mode": "managed",
      "type": "aws_route_table_association",
      "name": "public_association",
      "provider": "provider[\"registry.terraform.io/hashicorp/aws\"]",
      "instances": [
        {
          "index_key": "0",
          "schema_version": 0,
          "attributes": {
            "gateway_id": "",
            "id": "rtbassoc-039e6bfc05377e6b4",
            "route_table_id": "rtb-0a451664bad555bb6",
            "subnet_id": "subnet-08c33e92f3b2026f9"
          },
          "sensitive_attributes": [],
          "private": "bnVsbA==",
          "dependencies": [
            "module.huyn_vpc.aws_internet_gateway.huyn_igw",
            "module.huyn_vpc.aws_route_table.huyn_rtb_public",
            "module.huyn_vpc.aws_subnet.public_subnet",
            "module.huyn_vpc.aws_vpc.huyn_vpc"
          ]
        },
        {
          "index_key": "1",
          "schema_version": 0,
          "attributes": {
            "gateway_id": "",
            "id": "rtbassoc-059d126ce35ef1dd8",
            "route_table_id": "rtb-0a451664bad555bb6",
            "subnet_id": "subnet-0c57946809730d5e4"
          },
          "sensitive_attributes": [],
          "private": "bnVsbA==",
          "dependencies": [
            "module.huyn_vpc.aws_internet_gateway.huyn_igw",
            "module.huyn_vpc.aws_route_table.huyn_rtb_public",
            "module.huyn_vpc.aws_subnet.public_subnet",
            "module.huyn_vpc.aws_vpc.huyn_vpc"
          ]
        },
        {
          "index_key": "2",
          "schema_version": 0,
          "attributes": {
            "gateway_id": "",
            "id": "rtbassoc-072caeaaf4fbe02c0",
            "route_table_id": "rtb-0a451664bad555bb6",
            "subnet_id": "subnet-0572583b3edfc3707"
          },
          "sensitive_attributes": [],
          "private": "bnVsbA==",
          "dependencies": [
            "module.huyn_vpc.aws_internet_gateway.huyn_igw",
            "module.huyn_vpc.aws_route_table.huyn_rtb_public",
            "module.huyn_vpc.aws_subnet.public_subnet",
            "module.huyn_vpc.aws_vpc.huyn_vpc"
          ]
        }
      ]
    },
    {
      "module": "module.huyn_vpc",
      "mode": "managed",
      "type": "aws_security_group",
      "name": "huyn_sg",
      "provider": "provider[\"registry.terraform.io/hashicorp/aws\"]",
      "instances": [
        {
          "schema_version": 1,
          "attributes": {
            "arn": "arn:aws:ec2:us-east-1:772951946295:security-group/sg-0bd7b7f8aba738cf7",
            "description": "Managed by Terraform",
            "egress": [
              {
                "cidr_blocks": [
                  "0.0.0.0/0"
                ],
                "description": "",
                "from_port": 0,
                "ipv6_cidr_blocks": [],
                "prefix_list_ids": [],
                "protocol": "-1",
                "security_groups": [],
                "self": false,
                "to_port": 0
              }
            ],
            "id": "sg-0bd7b7f8aba738cf7",
            "ingress": [
              {
                "cidr_blocks": [
                  "0.0.0.0/0"
                ],
                "description": "",
                "from_port": 22,
                "ipv6_cidr_blocks": [],
                "prefix_list_ids": [],
                "protocol": "tcp",
                "security_groups": [],
                "self": false,
                "to_port": 22
              },
              {
                "cidr_blocks": [
                  "0.0.0.0/0"
                ],
                "description": "",
                "from_port": 8080,
                "ipv6_cidr_blocks": [],
                "prefix_list_ids": [],
                "protocol": "tcp",
                "security_groups": [],
                "self": false,
                "to_port": 8080
              },
              {
                "cidr_blocks": [
                  "0.0.0.0/0"
                ],
                "description": "",
                "from_port": 80,
                "ipv6_cidr_blocks": [],
                "prefix_list_ids": [],
                "protocol": "tcp",
                "security_groups": [],
                "self": false,
                "to_port": 80
              }
            ],
            "name": "huyn sg",
            "name_prefix": "",
            "owner_id": "772951946295",
            "revoke_rules_on_delete": false,
            "tags": {
              "Name": "Huyn_sg"
            },
            "tags_all": {
              "Name": "Huyn_sg"
            },
            "timeouts": null,
            "vpc_id": "vpc-041470cb6e9bfc9e9"
          },
          "sensitive_attributes": [],
          "private": "eyJlMmJmYjczMC1lY2FhLTExZTYtOGY4OC0zNDM2M2JjN2M0YzAiOnsiY3JlYXRlIjo2MDAwMDAwMDAwMDAsImRlbGV0ZSI6OTAwMDAwMDAwMDAwfSwic2NoZW1hX3ZlcnNpb24iOiIxIn0=",
          "dependencies": [
            "module.huyn_vpc.aws_vpc.huyn_vpc"
          ],
          "create_before_destroy": true
        }
      ]
    },
    {
      "module": "module.huyn_vpc",
      "mode": "managed",
      "type": "aws_subnet",
      "name": "private_subnet",
      "provider": "provider[\"registry.terraform.io/hashicorp/aws\"]",
      "instances": [
        {
          "index_key": 0,
          "schema_version": 1,
          "attributes": {
            "arn": "arn:aws:ec2:us-east-1:772951946295:subnet/subnet-0412e38fdd8116b4f",
            "assign_ipv6_address_on_creation": false,
            "availability_zone": "us-east-1a",
            "availability_zone_id": "use1-az1",
            "cidr_block": "10.0.4.0/24",
            "customer_owned_ipv4_pool": "",
            "enable_dns64": false,
            "enable_resource_name_dns_a_record_on_launch": false,
            "enable_resource_name_dns_aaaa_record_on_launch": false,
            "id": "subnet-0412e38fdd8116b4f",
            "ipv6_cidr_block": "",
            "ipv6_cidr_block_association_id": "",
            "ipv6_native": false,
            "map_customer_owned_ip_on_launch": false,
            "map_public_ip_on_launch": false,
            "outpost_arn": "",
            "owner_id": "772951946295",
            "private_dns_hostname_type_on_launch": "ip-name",
            "tags": {
              "Name": "Private_subnet 0"
            },
            "tags_all": {
              "Name": "Private_subnet 0"
            },
            "timeouts": null,
            "vpc_id": "vpc-041470cb6e9bfc9e9"
          },
          "sensitive_attributes": [],
          "private": "eyJlMmJmYjczMC1lY2FhLTExZTYtOGY4OC0zNDM2M2JjN2M0YzAiOnsiY3JlYXRlIjo2MDAwMDAwMDAwMDAsImRlbGV0ZSI6MTIwMDAwMDAwMDAwMH0sInNjaGVtYV92ZXJzaW9uIjoiMSJ9",
          "dependencies": [
            "module.huyn_vpc.aws_vpc.huyn_vpc"
          ]
        },
        {
          "index_key": 1,
          "schema_version": 1,
          "attributes": {
            "arn": "arn:aws:ec2:us-east-1:772951946295:subnet/subnet-0a11471e6cb1ab1cf",
            "assign_ipv6_address_on_creation": false,
            "availability_zone": "us-east-1b",
            "availability_zone_id": "use1-az2",
            "cidr_block": "10.0.5.0/24",
            "customer_owned_ipv4_pool": "",
            "enable_dns64": false,
            "enable_resource_name_dns_a_record_on_launch": false,
            "enable_resource_name_dns_aaaa_record_on_launch": false,
            "id": "subnet-0a11471e6cb1ab1cf",
            "ipv6_cidr_block": "",
            "ipv6_cidr_block_association_id": "",
            "ipv6_native": false,
            "map_customer_owned_ip_on_launch": false,
            "map_public_ip_on_launch": false,
            "outpost_arn": "",
            "owner_id": "772951946295",
            "private_dns_hostname_type_on_launch": "ip-name",
            "tags": {
              "Name": "Private_subnet 1"
            },
            "tags_all": {
              "Name": "Private_subnet 1"
            },
            "timeouts": null,
            "vpc_id": "vpc-041470cb6e9bfc9e9"
          },
          "sensitive_attributes": [],
          "private": "eyJlMmJmYjczMC1lY2FhLTExZTYtOGY4OC0zNDM2M2JjN2M0YzAiOnsiY3JlYXRlIjo2MDAwMDAwMDAwMDAsImRlbGV0ZSI6MTIwMDAwMDAwMDAwMH0sInNjaGVtYV92ZXJzaW9uIjoiMSJ9",
          "dependencies": [
            "module.huyn_vpc.aws_vpc.huyn_vpc"
          ]
        },
        {
          "index_key": 2,
          "schema_version": 1,
          "attributes": {
            "arn": "arn:aws:ec2:us-east-1:772951946295:subnet/subnet-07ee53902e5608205",
            "assign_ipv6_address_on_creation": false,
            "availability_zone": "us-east-1c",
            "availability_zone_id": "use1-az4",
            "cidr_block": "10.0.6.0/24",
            "customer_owned_ipv4_pool": "",
            "enable_dns64": false,
            "enable_resource_name_dns_a_record_on_launch": false,
            "enable_resource_name_dns_aaaa_record_on_launch": false,
            "id": "subnet-07ee53902e5608205",
            "ipv6_cidr_block": "",
            "ipv6_cidr_block_association_id": "",
            "ipv6_native": false,
            "map_customer_owned_ip_on_launch": false,
            "map_public_ip_on_launch": false,
            "outpost_arn": "",
            "owner_id": "772951946295",
            "private_dns_hostname_type_on_launch": "ip-name",
            "tags": {
              "Name": "Private_subnet 2"
            },
            "tags_all": {
              "Name": "Private_subnet 2"
            },
            "timeouts": null,
            "vpc_id": "vpc-041470cb6e9bfc9e9"
          },
          "sensitive_attributes": [],
          "private": "eyJlMmJmYjczMC1lY2FhLTExZTYtOGY4OC0zNDM2M2JjN2M0YzAiOnsiY3JlYXRlIjo2MDAwMDAwMDAwMDAsImRlbGV0ZSI6MTIwMDAwMDAwMDAwMH0sInNjaGVtYV92ZXJzaW9uIjoiMSJ9",
          "dependencies": [
            "module.huyn_vpc.aws_vpc.huyn_vpc"
          ]
        }
      ]
    },
    {
      "module": "module.huyn_vpc",
      "mode": "managed",
      "type": "aws_subnet",
      "name": "public_subnet",
      "provider": "provider[\"registry.terraform.io/hashicorp/aws\"]",
      "instances": [
        {
          "index_key": 0,
          "schema_version": 1,
          "attributes": {
            "arn": "arn:aws:ec2:us-east-1:772951946295:subnet/subnet-08c33e92f3b2026f9",
            "assign_ipv6_address_on_creation": false,
            "availability_zone": "us-east-1a",
            "availability_zone_id": "use1-az1",
            "cidr_block": "10.0.1.0/24",
            "customer_owned_ipv4_pool": "",
            "enable_dns64": false,
            "enable_resource_name_dns_a_record_on_launch": false,
            "enable_resource_name_dns_aaaa_record_on_launch": false,
            "id": "subnet-08c33e92f3b2026f9",
            "ipv6_cidr_block": "",
            "ipv6_cidr_block_association_id": "",
            "ipv6_native": false,
            "map_customer_owned_ip_on_launch": false,
            "map_public_ip_on_launch": false,
            "outpost_arn": "",
            "owner_id": "772951946295",
            "private_dns_hostname_type_on_launch": "ip-name",
            "tags": {
              "Name": "Public_subnet 0"
            },
            "tags_all": {
              "Name": "Public_subnet 0"
            },
            "timeouts": null,
            "vpc_id": "vpc-041470cb6e9bfc9e9"
          },
          "sensitive_attributes": [],
          "private": "eyJlMmJmYjczMC1lY2FhLTExZTYtOGY4OC0zNDM2M2JjN2M0YzAiOnsiY3JlYXRlIjo2MDAwMDAwMDAwMDAsImRlbGV0ZSI6MTIwMDAwMDAwMDAwMH0sInNjaGVtYV92ZXJzaW9uIjoiMSJ9",
          "dependencies": [
            "module.huyn_vpc.aws_vpc.huyn_vpc"
          ],
          "create_before_destroy": true
        },
        {
          "index_key": 1,
          "schema_version": 1,
          "attributes": {
            "arn": "arn:aws:ec2:us-east-1:772951946295:subnet/subnet-0c57946809730d5e4",
            "assign_ipv6_address_on_creation": false,
            "availability_zone": "us-east-1b",
            "availability_zone_id": "use1-az2",
            "cidr_block": "10.0.2.0/24",
            "customer_owned_ipv4_pool": "",
            "enable_dns64": false,
            "enable_resource_name_dns_a_record_on_launch": false,
            "enable_resource_name_dns_aaaa_record_on_launch": false,
            "id": "subnet-0c57946809730d5e4",
            "ipv6_cidr_block": "",
            "ipv6_cidr_block_association_id": "",
            "ipv6_native": false,
            "map_customer_owned_ip_on_launch": false,
            "map_public_ip_on_launch": false,
            "outpost_arn": "",
            "owner_id": "772951946295",
            "private_dns_hostname_type_on_launch": "ip-name",
            "tags": {
              "Name": "Public_subnet 1"
            },
            "tags_all": {
              "Name": "Public_subnet 1"
            },
            "timeouts": null,
            "vpc_id": "vpc-041470cb6e9bfc9e9"
          },
          "sensitive_attributes": [],
          "private": "eyJlMmJmYjczMC1lY2FhLTExZTYtOGY4OC0zNDM2M2JjN2M0YzAiOnsiY3JlYXRlIjo2MDAwMDAwMDAwMDAsImRlbGV0ZSI6MTIwMDAwMDAwMDAwMH0sInNjaGVtYV92ZXJzaW9uIjoiMSJ9",
          "dependencies": [
            "module.huyn_vpc.aws_vpc.huyn_vpc"
          ],
          "create_before_destroy": true
        },
        {
          "index_key": 2,
          "schema_version": 1,
          "attributes": {
            "arn": "arn:aws:ec2:us-east-1:772951946295:subnet/subnet-0572583b3edfc3707",
            "assign_ipv6_address_on_creation": false,
            "availability_zone": "us-east-1c",
            "availability_zone_id": "use1-az4",
            "cidr_block": "10.0.3.0/24",
            "customer_owned_ipv4_pool": "",
            "enable_dns64": false,
            "enable_resource_name_dns_a_record_on_launch": false,
            "enable_resource_name_dns_aaaa_record_on_launch": false,
            "id": "subnet-0572583b3edfc3707",
            "ipv6_cidr_block": "",
            "ipv6_cidr_block_association_id": "",
            "ipv6_native": false,
            "map_customer_owned_ip_on_launch": false,
            "map_public_ip_on_launch": false,
            "outpost_arn": "",
            "owner_id": "772951946295",
            "private_dns_hostname_type_on_launch": "ip-name",
            "tags": {
              "Name": "Public_subnet 2"
            },
            "tags_all": {
              "Name": "Public_subnet 2"
            },
            "timeouts": null,
            "vpc_id": "vpc-041470cb6e9bfc9e9"
          },
          "sensitive_attributes": [],
          "private": "eyJlMmJmYjczMC1lY2FhLTExZTYtOGY4OC0zNDM2M2JjN2M0YzAiOnsiY3JlYXRlIjo2MDAwMDAwMDAwMDAsImRlbGV0ZSI6MTIwMDAwMDAwMDAwMH0sInNjaGVtYV92ZXJzaW9uIjoiMSJ9",
          "dependencies": [
            "module.huyn_vpc.aws_vpc.huyn_vpc"
          ],
          "create_before_destroy": true
        }
      ]
    },
    {
      "module": "module.huyn_vpc",
      "mode": "managed",
      "type": "aws_vpc",
      "name": "huyn_vpc",
      "provider": "provider[\"registry.terraform.io/hashicorp/aws\"]",
      "instances": [
        {
          "schema_version": 1,
          "attributes": {
            "arn": "arn:aws:ec2:us-east-1:772951946295:vpc/vpc-041470cb6e9bfc9e9",
            "assign_generated_ipv6_cidr_block": false,
            "cidr_block": "10.0.0.0/16",
            "default_network_acl_id": "acl-0f31561d1ffe45239",
            "default_route_table_id": "rtb-0b537d4a7b3ea7b3f",
            "default_security_group_id": "sg-06cb453d5c3508544",
            "dhcp_options_id": "dopt-030f1844e5bb38564",
            "enable_classiclink": false,
            "enable_classiclink_dns_support": false,
            "enable_dns_hostnames": true,
            "enable_dns_support": true,
            "enable_network_address_usage_metrics": false,
            "id": "vpc-041470cb6e9bfc9e9",
            "instance_tenancy": "default",
            "ipv4_ipam_pool_id": null,
            "ipv4_netmask_length": null,
            "ipv6_association_id": "",
            "ipv6_cidr_block": "",
            "ipv6_cidr_block_network_border_group": "",
            "ipv6_ipam_pool_id": "",
            "ipv6_netmask_length": 0,
            "main_route_table_id": "rtb-0b537d4a7b3ea7b3f",
            "owner_id": "772951946295",
            "tags": {
              "Name": "huyn_vpc"
            },
            "tags_all": {
              "Name": "huyn_vpc"
            }
          },
          "sensitive_attributes": [],
          "private": "eyJzY2hlbWFfdmVyc2lvbiI6IjEifQ==",
          "create_before_destroy": true
        }
      ]
    }
  ],
  "check_results": null
}
