{
  "version": 4,
  "terraform_version": "1.3.7",
  "serial": 258,
  "lineage": "80143a0e-4284-1344-f540-4da23ca9d943",
  "outputs": {},
  "resources": [
    {
      "mode": "data",
      "type": "aws_ami",
      "name": "ami_linux",
      "provider": "provider[\"registry.terraform.io/hashicorp/aws\"]",
      "instances": [
        {
          "schema_version": 0,
          "attributes": {
            "architecture": "x86_64",
            "arn": "arn:aws:ec2:us-east-1::image/ami-0b5eea76982371e91",
            "block_device_mappings": [
              {
                "device_name": "/dev/xvda",
                "ebs": {
                  "delete_on_termination": "true",
                  "encrypted": "false",
                  "iops": "0",
                  "snapshot_id": "snap-097c82c1f068b49cb",
                  "throughput": "0",
                  "volume_size": "8",
                  "volume_type": "gp2"
                },
                "no_device": "",
                "virtual_name": ""
              }
            ],
            "boot_mode": "",
            "creation_date": "2022-12-16T02:08:09.000Z",
            "deprecation_time": "2024-12-16T02:08:09.000Z",
            "description": "Amazon Linux 2 Kernel 5.10 AMI 2.0.20221210.1 x86_64 HVM gp2",
            "ena_support": true,
            "executable_users": null,
            "filter": [
              {
                "name": "name",
                "values": [
                  "amzn2-ami-kernel-5.10-hvm-*-x86_64-gp2"
                ]
              },
              {
                "name": "virtualization-type",
                "values": [
                  "hvm"
                ]
              }
            ],
            "hypervisor": "xen",
            "id": "ami-0b5eea76982371e91",
            "image_id": "ami-0b5eea76982371e91",
            "image_location": "amazon/amzn2-ami-kernel-5.10-hvm-2.0.20221210.1-x86_64-gp2",
            "image_owner_alias": "amazon",
            "image_type": "machine",
            "imds_support": "",
            "include_deprecated": false,
            "kernel_id": "",
            "most_recent": true,
            "name": "amzn2-ami-kernel-5.10-hvm-2.0.20221210.1-x86_64-gp2",
            "name_regex": null,
            "owner_id": "137112412989",
            "owners": [
              "amazon"
            ],
            "platform": "",
            "platform_details": "Linux/UNIX",
            "product_codes": [],
            "public": true,
            "ramdisk_id": "",
            "root_device_name": "/dev/xvda",
            "root_device_type": "ebs",
            "root_snapshot_id": "snap-097c82c1f068b49cb",
            "sriov_net_support": "simple",
            "state": "available",
            "state_reason": {
              "code": "UNSET",
              "message": "UNSET"
            },
            "tags": {},
            "timeouts": null,
            "tpm_support": "",
            "usage_operation": "RunInstances",
            "virtualization_type": "hvm"
          },
          "sensitive_attributes": []
        }
      ]
    },
    {
      "mode": "managed",
      "type": "aws_instance",
      "name": "instance1",
      "provider": "provider[\"registry.terraform.io/hashicorp/aws\"]",
      "instances": [
        {
          "schema_version": 1,
          "attributes": {
            "ami": "ami-0b5eea76982371e91",
            "arn": "arn:aws:ec2:us-east-1:772951946295:instance/i-0d832cbe9cef8ca9b",
            "associate_public_ip_address": true,
            "availability_zone": "us-east-1b",
            "capacity_reservation_specification": [
              {
                "capacity_reservation_preference": "open",
                "capacity_reservation_target": []
              }
            ],
            "cpu_core_count": 1,
            "cpu_threads_per_core": 1,
            "credit_specification": [
              {
                "cpu_credits": "standard"
              }
            ],
            "disable_api_stop": false,
            "disable_api_termination": false,
            "ebs_block_device": [],
            "ebs_optimized": false,
            "enclave_options": [
              {
                "enabled": false
              }
            ],
            "ephemeral_block_device": [],
            "get_password_data": false,
            "hibernation": false,
            "host_id": null,
            "host_resource_group_arn": null,
            "iam_instance_profile": "",
            "id": "i-0d832cbe9cef8ca9b",
            "instance_initiated_shutdown_behavior": "stop",
            "instance_state": "running",
            "instance_type": "t2.micro",
            "ipv6_address_count": 0,
            "ipv6_addresses": [],
            "key_name": "huyn",
            "launch_template": [],
            "maintenance_options": [
              {
                "auto_recovery": "default"
              }
            ],
            "metadata_options": [
              {
                "http_endpoint": "enabled",
                "http_put_response_hop_limit": 1,
                "http_tokens": "optional",
                "instance_metadata_tags": "disabled"
              }
            ],
            "monitoring": false,
            "network_interface": [],
            "outpost_arn": "",
            "password_data": "",
            "placement_group": "",
            "placement_partition_number": null,
            "primary_network_interface_id": "eni-07457f1293febe7d6",
            "private_dns": "ip-10-0-5-253.ec2.internal",
            "private_dns_name_options": [
              {
                "enable_resource_name_dns_a_record": false,
                "enable_resource_name_dns_aaaa_record": false,
                "hostname_type": "ip-name"
              }
            ],
            "private_ip": "10.0.5.253",
            "public_dns": "ec2-44-201-196-118.compute-1.amazonaws.com",
            "public_ip": "44.201.196.118",
            "root_block_device": [
              {
                "delete_on_termination": true,
                "device_name": "/dev/xvda",
                "encrypted": false,
                "iops": 100,
                "kms_key_id": "",
                "tags": {},
                "throughput": 0,
                "volume_id": "vol-04f246dbb08b528bb",
                "volume_size": 8,
                "volume_type": "gp2"
              }
            ],
            "secondary_private_ips": [],
            "security_groups": [
              "sg-0c668addb8980eb82"
            ],
            "source_dest_check": true,
            "subnet_id": "subnet-04bfcae9356e03b80",
            "tags": {
              "Name": "huyn"
            },
            "tags_all": {
              "Name": "huyn"
            },
            "tenancy": "default",
            "timeouts": null,
            "user_data": "7a9f6279e56cfbe3fa6487fd70528721e2bff3ec",
            "user_data_base64": null,
            "user_data_replace_on_change": false,
            "volume_tags": null,
            "vpc_security_group_ids": [
              "sg-0c668addb8980eb82"
            ]
          },
          "sensitive_attributes": [],
          "private": "eyJlMmJmYjczMC1lY2FhLTExZTYtOGY4OC0zNDM2M2JjN2M0YzAiOnsiY3JlYXRlIjo2MDAwMDAwMDAwMDAsImRlbGV0ZSI6MTIwMDAwMDAwMDAwMCwidXBkYXRlIjo2MDAwMDAwMDAwMDB9LCJzY2hlbWFfdmVyc2lvbiI6IjEifQ==",
          "dependencies": [
            "aws_key_pair.auth",
            "data.aws_ami.ami_linux",
            "module.huyn_vpc.aws_security_group.huyn_sg",
            "module.huyn_vpc.aws_subnet.private_subnet"
          ]
        }
      ]
    },
    {
      "mode": "managed",
      "type": "aws_key_pair",
      "name": "auth",
      "provider": "provider[\"registry.terraform.io/hashicorp/aws\"]",
      "instances": [
        {
          "schema_version": 1,
          "attributes": {
            "arn": "arn:aws:ec2:us-east-1:772951946295:key-pair/huyn",
            "fingerprint": "4e:91:28:2e:ad:32:64:14:e3:1b:01:d9:bf:bb:09:ea",
            "id": "huyn",
            "key_name": "huyn",
            "key_name_prefix": "",
            "key_pair_id": "key-0980f87219a06f7e9",
            "key_type": "rsa",
            "public_key": "ssh-rsa AAAAB3NzaC1yc2EAAAADAQABAAABAQD5xkVFMaj2IQKYx+VrSH7GU+0w3wE9o8hpAeOr8+xM7gbCksiIV0KNzVHLCWcEdxe9cukkdnimzgJHYTfxU5rC2+ITGmCLgsOHZJnt4zAwGYZKgVDiYxZM0F8RYvUzyStPoMAylzljf1lsSaXJ3hTcl1qQcPXEW8+nXBGey/aRb6SXbHO/z7Bo/O9fBIlKEYoh4Bo/dHEVz3EXXxvhhkqFgxxbCTBzvYVwLPKMMjiYrwVqP5rLoc7ApZfwE16sr5yrEnVaArv9VKwCyvMkZJcmBNRXZgVjDsYqw+bdDbWCxEDCW+BP4Umm1qG0lrGfoaLeHQ3fBndApnSO3Qi22tID",
            "tags": {},
            "tags_all": {}
          },
          "sensitive_attributes": [],
          "private": "eyJzY2hlbWFfdmVyc2lvbiI6IjEifQ==",
          "dependencies": [
            "tls_private_key.huyn_key"
          ]
        }
      ]
    },
    {
      "mode": "managed",
      "type": "local_file",
      "name": "save_key",
      "provider": "provider[\"registry.terraform.io/hashicorp/local\"]",
      "instances": [
        {
          "schema_version": 0,
          "attributes": {
            "content": "-----BEGIN RSA PRIVATE KEY-----\nMIIEpAIBAAKCAQEA+cZFRTGo9iECmMfla0h+xlPtMN8BPaPIaQHjq/PsTO4GwpLI\niFdCjc1RywlnBHcXvXLpJHZ4ps4CR2E38VOawtviExpgi4LDh2SZ7eMwMBmGSoFQ\n4mMWTNBfEWL1M8krT6DAMpc5Y39ZbEmlyd4U3JdakHD1xFvPp1wRnsv2kW+kl2xz\nv8+waPzvXwSJShGKIeAaP3RxFc9xF18b4YZKhYMcWwkwc72FcCzyjDI4mK8Faj+a\ny6HOwKWX8BNerK+cqxJ1WgK7/VSsAsrzJGSXJgTUV2YFYw7GKsPm3Q21gsRAwlvg\nT+FJptahtJaxn6Gi3h0N3wZ3QKZ0jt0IttrSAwIDAQABAoIBAQDZlcoUS/13ZCxB\n8ak+eynNFaGDuFD5ZGsaZsXxro0EOzpyV7IPa4yTwO/m4qr2bdSleav10qqqDL5Z\ndixosz8XTrszjv/ZqLEyigW6APaigCnHT72paU4s3jxjBgS69x0ewdeMesZIkdDR\nj5q4LxmXTNZdC7pdMunDTmYfImkKKTHuYJMO+7z14gTiemKI7lLS6JJoCUhSobrJ\nQIiAyiXlSB7kVzQuGgBwGeVsLBVouAFXefngL/S/zagw1lQUFupUkSFhcrwapIaP\nhe86IC7RmW4eiT06ReZG2gY4m372Wnxwy4JGlWm03JQOJ6aHdh8Tp7HhgGpfOL0L\nJXym+IupAoGBAPo82EA7UloGKH3XEFyda1cF62wUyn46593M67klaqzgOmAFjWoB\nUz4B5DiQI4zuZdviVJ5skd6SX/cu2r1/3jEZhGaUdYJA52i6Ijt4sh/uEjzasaWd\ngCOh+vlGTycw4Ag+rrtcfeaHfy1GZEBURxeG+ygWzktmaNfKhNFQGu83AoGBAP+G\nsgXYRDFV/NGvarlqGzQc0uxAFxNqEBCLXqFJPtpgPip7psZrLVMcgIvcdK9djE1L\nMFEiChB54WsBqfb+aZXPkm80F6jj01QLiNPwIG3EYOtGzxdcVDWhfsd4rzagKK4S\nav66ZajJI3r3BnbXNFQiLTQ5vJ4pemkiKG0VJKGVAoGBAN2qZE2RvwNsDRZcGmxQ\nLjOqVL8rM6zZ9WcvDWi20mZNQqiognpyrhBxkH7if/tpeuVq+lZUCmtE8ql94dqX\nmHWaCwTrYaR+Zf8JUyWnZvKN663odBEnEcl+xVlnhNpMm0fybsodxpEdWfT7M/cg\nMNGQio8alKeKEjmFdl4MPa/FAoGACgA2lX36ZUftRjOsZKdfezGpm6+Cd7MN/+fE\ng2F/gUKFDFqck2V8d6VE7rRpKLfrltbbhEFlzXFHvk1pXo5kiYV/QLT0PBr2mXJ+\nH3Vlf4ZRGMRDtLFbZmH0uU/i46tvDCkSYPfgpLOCnPxwF1Si6qwPwtyDolkTPmwk\n0ugh7+UCgYA9rSOyml4Qx/h4kF6+UtqK7ANSqE35qAY/2MmkekAlz+uBQImTgNAE\nhJxhAItwcFRXpQkl1ZfBr4klOld1RYV1JgC8G39K81xHVtTzYXpKKZIHvFlHk6We\n/ud5qogW35bdsyUqpjfiqpjCjsihAhVUBiN8EotS+QsVZW4fxYO59g==\n-----END RSA PRIVATE KEY-----\n",
            "content_base64": null,
            "directory_permission": "0777",
            "file_permission": "0400",
            "filename": "huyn.pem",
            "id": "462c8f8be3c17e18a44895901e1ce980bb95df05",
            "sensitive_content": null,
            "source": null
          },
          "sensitive_attributes": [
            [
              {
                "type": "get_attr",
                "value": "content"
              }
            ]
          ],
          "private": "bnVsbA==",
          "dependencies": [
            "tls_private_key.huyn_key"
          ]
        }
      ]
    },
    {
      "mode": "managed",
      "type": "tls_private_key",
      "name": "huyn_key",
      "provider": "provider[\"registry.terraform.io/hashicorp/tls\"]",
      "instances": [
        {
          "schema_version": 1,
          "attributes": {
            "algorithm": "RSA",
            "ecdsa_curve": "P224",
            "id": "ce4a975a41be67bca24e4cee0483cb84900b5749",
            "private_key_openssh": "-----BEGIN OPENSSH PRIVATE KEY-----\nb3BlbnNzaC1rZXktdjEAAAAABG5vbmUAAAAEbm9uZQAAAAAAAAABAAABFwAAAAdz\nc2gtcnNhAAAAAwEAAQAAAQEA+cZFRTGo9iECmMfla0h+xlPtMN8BPaPIaQHjq/Ps\nTO4GwpLIiFdCjc1RywlnBHcXvXLpJHZ4ps4CR2E38VOawtviExpgi4LDh2SZ7eMw\nMBmGSoFQ4mMWTNBfEWL1M8krT6DAMpc5Y39ZbEmlyd4U3JdakHD1xFvPp1wRnsv2\nkW+kl2xzv8+waPzvXwSJShGKIeAaP3RxFc9xF18b4YZKhYMcWwkwc72FcCzyjDI4\nmK8Faj+ay6HOwKWX8BNerK+cqxJ1WgK7/VSsAsrzJGSXJgTUV2YFYw7GKsPm3Q21\ngsRAwlvgT+FJptahtJaxn6Gi3h0N3wZ3QKZ0jt0IttrSAwAAA7jZIWjc2SFo3AAA\nAAdzc2gtcnNhAAABAQD5xkVFMaj2IQKYx+VrSH7GU+0w3wE9o8hpAeOr8+xM7gbC\nksiIV0KNzVHLCWcEdxe9cukkdnimzgJHYTfxU5rC2+ITGmCLgsOHZJnt4zAwGYZK\ngVDiYxZM0F8RYvUzyStPoMAylzljf1lsSaXJ3hTcl1qQcPXEW8+nXBGey/aRb6SX\nbHO/z7Bo/O9fBIlKEYoh4Bo/dHEVz3EXXxvhhkqFgxxbCTBzvYVwLPKMMjiYrwVq\nP5rLoc7ApZfwE16sr5yrEnVaArv9VKwCyvMkZJcmBNRXZgVjDsYqw+bdDbWCxEDC\nW+BP4Umm1qG0lrGfoaLeHQ3fBndApnSO3Qi22tIDAAAAAwEAAQAAAQEA2ZXKFEv9\nd2QsQfGpPnspzRWhg7hQ+WRrGmbF8a6NBDs6cleyD2uMk8Dv5uKq9m3UpXmr9dKq\nqgy+WXYsaLM/F067M47/2aixMooFugD2ooApx0+9qWlOLN48YwYEuvcdHsHXjHrG\nSJHQ0Y+auC8Zl0zWXQu6XTLpw05mHyJpCikx7mCTDvu89eIE4npiiO5S0uiSaAlI\nUqG6yUCIgMol5Uge5Fc0LhoAcBnlbCwVaLgBV3n54C/0v82oMNZUFBbqVJEhYXK8\nGqSGj4XvOiAu0ZluHok9OkXmRtoGOJt+9lp8cMuCRpVptNyUDiemh3YfE6ex4YBq\nXzi9CyV8pviLqQAAAIA9rSOyml4Qx/h4kF6+UtqK7ANSqE35qAY/2MmkekAlz+uB\nQImTgNAEhJxhAItwcFRXpQkl1ZfBr4klOld1RYV1JgC8G39K81xHVtTzYXpKKZIH\nvFlHk6We/ud5qogW35bdsyUqpjfiqpjCjsihAhVUBiN8EotS+QsVZW4fxYO59gAA\nAIEA+jzYQDtSWgYofdcQXJ1rVwXrbBTKfjrn3czruSVqrOA6YAWNagFTPgHkOJAj\njO5l2+JUnmyR3pJf9y7avX/eMRmEZpR1gkDnaLoiO3iyH+4SPNqxpZ2AI6H6+UZP\nJzDgCD6uu1x95od/LUZkQFRHF4b7KBbOS2Zo18qE0VAa7zcAAACBAP+GsgXYRDFV\n/NGvarlqGzQc0uxAFxNqEBCLXqFJPtpgPip7psZrLVMcgIvcdK9djE1LMFEiChB5\n4WsBqfb+aZXPkm80F6jj01QLiNPwIG3EYOtGzxdcVDWhfsd4rzagKK4Sav66ZajJ\nI3r3BnbXNFQiLTQ5vJ4pemkiKG0VJKGVAAAAAAEC\n-----END OPENSSH PRIVATE KEY-----\n",
            "private_key_pem": "-----BEGIN RSA PRIVATE KEY-----\nMIIEpAIBAAKCAQEA+cZFRTGo9iECmMfla0h+xlPtMN8BPaPIaQHjq/PsTO4GwpLI\niFdCjc1RywlnBHcXvXLpJHZ4ps4CR2E38VOawtviExpgi4LDh2SZ7eMwMBmGSoFQ\n4mMWTNBfEWL1M8krT6DAMpc5Y39ZbEmlyd4U3JdakHD1xFvPp1wRnsv2kW+kl2xz\nv8+waPzvXwSJShGKIeAaP3RxFc9xF18b4YZKhYMcWwkwc72FcCzyjDI4mK8Faj+a\ny6HOwKWX8BNerK+cqxJ1WgK7/VSsAsrzJGSXJgTUV2YFYw7GKsPm3Q21gsRAwlvg\nT+FJptahtJaxn6Gi3h0N3wZ3QKZ0jt0IttrSAwIDAQABAoIBAQDZlcoUS/13ZCxB\n8ak+eynNFaGDuFD5ZGsaZsXxro0EOzpyV7IPa4yTwO/m4qr2bdSleav10qqqDL5Z\ndixosz8XTrszjv/ZqLEyigW6APaigCnHT72paU4s3jxjBgS69x0ewdeMesZIkdDR\nj5q4LxmXTNZdC7pdMunDTmYfImkKKTHuYJMO+7z14gTiemKI7lLS6JJoCUhSobrJ\nQIiAyiXlSB7kVzQuGgBwGeVsLBVouAFXefngL/S/zagw1lQUFupUkSFhcrwapIaP\nhe86IC7RmW4eiT06ReZG2gY4m372Wnxwy4JGlWm03JQOJ6aHdh8Tp7HhgGpfOL0L\nJXym+IupAoGBAPo82EA7UloGKH3XEFyda1cF62wUyn46593M67klaqzgOmAFjWoB\nUz4B5DiQI4zuZdviVJ5skd6SX/cu2r1/3jEZhGaUdYJA52i6Ijt4sh/uEjzasaWd\ngCOh+vlGTycw4Ag+rrtcfeaHfy1GZEBURxeG+ygWzktmaNfKhNFQGu83AoGBAP+G\nsgXYRDFV/NGvarlqGzQc0uxAFxNqEBCLXqFJPtpgPip7psZrLVMcgIvcdK9djE1L\nMFEiChB54WsBqfb+aZXPkm80F6jj01QLiNPwIG3EYOtGzxdcVDWhfsd4rzagKK4S\nav66ZajJI3r3BnbXNFQiLTQ5vJ4pemkiKG0VJKGVAoGBAN2qZE2RvwNsDRZcGmxQ\nLjOqVL8rM6zZ9WcvDWi20mZNQqiognpyrhBxkH7if/tpeuVq+lZUCmtE8ql94dqX\nmHWaCwTrYaR+Zf8JUyWnZvKN663odBEnEcl+xVlnhNpMm0fybsodxpEdWfT7M/cg\nMNGQio8alKeKEjmFdl4MPa/FAoGACgA2lX36ZUftRjOsZKdfezGpm6+Cd7MN/+fE\ng2F/gUKFDFqck2V8d6VE7rRpKLfrltbbhEFlzXFHvk1pXo5kiYV/QLT0PBr2mXJ+\nH3Vlf4ZRGMRDtLFbZmH0uU/i46tvDCkSYPfgpLOCnPxwF1Si6qwPwtyDolkTPmwk\n0ugh7+UCgYA9rSOyml4Qx/h4kF6+UtqK7ANSqE35qAY/2MmkekAlz+uBQImTgNAE\nhJxhAItwcFRXpQkl1ZfBr4klOld1RYV1JgC8G39K81xHVtTzYXpKKZIHvFlHk6We\n/ud5qogW35bdsyUqpjfiqpjCjsihAhVUBiN8EotS+QsVZW4fxYO59g==\n-----END RSA PRIVATE KEY-----\n",
            "private_key_pem_pkcs8": "-----BEGIN PRIVATE KEY-----\nMIIEvgIBADANBgkqhkiG9w0BAQEFAASCBKgwggSkAgEAAoIBAQD5xkVFMaj2IQKY\nx+VrSH7GU+0w3wE9o8hpAeOr8+xM7gbCksiIV0KNzVHLCWcEdxe9cukkdnimzgJH\nYTfxU5rC2+ITGmCLgsOHZJnt4zAwGYZKgVDiYxZM0F8RYvUzyStPoMAylzljf1ls\nSaXJ3hTcl1qQcPXEW8+nXBGey/aRb6SXbHO/z7Bo/O9fBIlKEYoh4Bo/dHEVz3EX\nXxvhhkqFgxxbCTBzvYVwLPKMMjiYrwVqP5rLoc7ApZfwE16sr5yrEnVaArv9VKwC\nyvMkZJcmBNRXZgVjDsYqw+bdDbWCxEDCW+BP4Umm1qG0lrGfoaLeHQ3fBndApnSO\n3Qi22tIDAgMBAAECggEBANmVyhRL/XdkLEHxqT57Kc0VoYO4UPlkaxpmxfGujQQ7\nOnJXsg9rjJPA7+biqvZt1KV5q/XSqqoMvll2LGizPxdOuzOO/9mosTKKBboA9qKA\nKcdPvalpTizePGMGBLr3HR7B14x6xkiR0NGPmrgvGZdM1l0Lul0y6cNOZh8iaQop\nMe5gkw77vPXiBOJ6YojuUtLokmgJSFKhuslAiIDKJeVIHuRXNC4aAHAZ5WwsFWi4\nAVd5+eAv9L/NqDDWVBQW6lSRIWFyvBqkho+F7zogLtGZbh6JPTpF5kbaBjibfvZa\nfHDLgkaVabTclA4npod2HxOnseGAal84vQslfKb4i6kCgYEA+jzYQDtSWgYofdcQ\nXJ1rVwXrbBTKfjrn3czruSVqrOA6YAWNagFTPgHkOJAjjO5l2+JUnmyR3pJf9y7a\nvX/eMRmEZpR1gkDnaLoiO3iyH+4SPNqxpZ2AI6H6+UZPJzDgCD6uu1x95od/LUZk\nQFRHF4b7KBbOS2Zo18qE0VAa7zcCgYEA/4ayBdhEMVX80a9quWobNBzS7EAXE2oQ\nEIteoUk+2mA+KnumxmstUxyAi9x0r12MTUswUSIKEHnhawGp9v5plc+SbzQXqOPT\nVAuI0/AgbcRg60bPF1xUNaF+x3ivNqAorhJq/rplqMkjevcGdtc0VCItNDm8nil6\naSIobRUkoZUCgYEA3apkTZG/A2wNFlwabFAuM6pUvyszrNn1Zy8NaLbSZk1CqKiC\nenKuEHGQfuJ/+2l65Wr6VlQKa0TyqX3h2peYdZoLBOthpH5l/wlTJadm8o3rreh0\nEScRyX7FWWeE2kybR/Juyh3GkR1Z9Psz9yAw0ZCKjxqUp4oSOYV2Xgw9r8UCgYAK\nADaVffplR+1GM6xkp197Mambr4J3sw3/58SDYX+BQoUMWpyTZXx3pUTutGkot+uW\n1tuEQWXNcUe+TWlejmSJhX9AtPQ8GvaZcn4fdWV/hlEYxEO0sVtmYfS5T+Ljq28M\nKRJg9+Cks4Kc/HAXVKLqrA/C3IOiWRM+bCTS6CHv5QKBgD2tI7KaXhDH+HiQXr5S\n2orsA1KoTfmoBj/YyaR6QCXP64FAiZOA0ASEnGEAi3BwVFelCSXVl8GviSU6V3VF\nhXUmALwbf0rzXEdW1PNhekopkge8WUeTpZ7+53mqiBbflt2zJSqmN+KqmMKOyKEC\nFVQGI3wSi1L5CxVlbh/Fg7n2\n-----END PRIVATE KEY-----\n",
            "public_key_fingerprint_md5": "a3:5b:6d:a7:7c:ff:49:72:a6:11:0d:35:88:fe:9a:bd",
            "public_key_fingerprint_sha256": "SHA256:LGr2k1Ue0hjUwX2m7dV3SwiLADJDL1Oc2RQNgHToIoY",
            "public_key_openssh": "ssh-rsa AAAAB3NzaC1yc2EAAAADAQABAAABAQD5xkVFMaj2IQKYx+VrSH7GU+0w3wE9o8hpAeOr8+xM7gbCksiIV0KNzVHLCWcEdxe9cukkdnimzgJHYTfxU5rC2+ITGmCLgsOHZJnt4zAwGYZKgVDiYxZM0F8RYvUzyStPoMAylzljf1lsSaXJ3hTcl1qQcPXEW8+nXBGey/aRb6SXbHO/z7Bo/O9fBIlKEYoh4Bo/dHEVz3EXXxvhhkqFgxxbCTBzvYVwLPKMMjiYrwVqP5rLoc7ApZfwE16sr5yrEnVaArv9VKwCyvMkZJcmBNRXZgVjDsYqw+bdDbWCxEDCW+BP4Umm1qG0lrGfoaLeHQ3fBndApnSO3Qi22tID\n",
            "public_key_pem": "-----BEGIN PUBLIC KEY-----\nMIIBIjANBgkqhkiG9w0BAQEFAAOCAQ8AMIIBCgKCAQEA+cZFRTGo9iECmMfla0h+\nxlPtMN8BPaPIaQHjq/PsTO4GwpLIiFdCjc1RywlnBHcXvXLpJHZ4ps4CR2E38VOa\nwtviExpgi4LDh2SZ7eMwMBmGSoFQ4mMWTNBfEWL1M8krT6DAMpc5Y39ZbEmlyd4U\n3JdakHD1xFvPp1wRnsv2kW+kl2xzv8+waPzvXwSJShGKIeAaP3RxFc9xF18b4YZK\nhYMcWwkwc72FcCzyjDI4mK8Faj+ay6HOwKWX8BNerK+cqxJ1WgK7/VSsAsrzJGSX\nJgTUV2YFYw7GKsPm3Q21gsRAwlvgT+FJptahtJaxn6Gi3h0N3wZ3QKZ0jt0IttrS\nAwIDAQAB\n-----END PUBLIC KEY-----\n",
            "rsa_bits": 2048
          },
          "sensitive_attributes": []
        }
      ]
    },
    {
      "module": "module.application_lb",
      "mode": "managed",
      "type": "aws_lb",
      "name": "huyn_lb",
      "provider": "provider[\"registry.terraform.io/hashicorp/aws\"]",
      "instances": [
        {
          "schema_version": 0,
          "attributes": {
            "access_logs": [
              {
                "bucket": "",
                "enabled": false,
                "prefix": ""
              }
            ],
            "arn": "arn:aws:elasticloadbalancing:us-east-1:772951946295:loadbalancer/app/huyn-lb/64fc7c43bfc98a2b",
            "arn_suffix": "app/huyn-lb/64fc7c43bfc98a2b",
            "customer_owned_ipv4_pool": "",
            "desync_mitigation_mode": "defensive",
            "dns_name": "huyn-lb-1051128771.us-east-1.elb.amazonaws.com",
            "drop_invalid_header_fields": false,
            "enable_cross_zone_load_balancing": true,
            "enable_deletion_protection": false,
            "enable_http2": true,
            "enable_waf_fail_open": false,
            "id": "arn:aws:elasticloadbalancing:us-east-1:772951946295:loadbalancer/app/huyn-lb/64fc7c43bfc98a2b",
            "idle_timeout": 60,
            "internal": false,
            "ip_address_type": "ipv4",
            "load_balancer_type": "application",
            "name": "huyn-lb",
            "name_prefix": null,
            "preserve_host_header": false,
            "security_groups": [
              "sg-0c668addb8980eb82"
            ],
            "subnet_mapping": [
              {
                "allocation_id": "",
                "ipv6_address": "",
                "outpost_id": "",
                "private_ipv4_address": "",
                "subnet_id": "subnet-078fab2e982ba36ef"
              },
              {
                "allocation_id": "",
                "ipv6_address": "",
                "outpost_id": "",
                "private_ipv4_address": "",
                "subnet_id": "subnet-0e082943d7ff41c3d"
              },
              {
                "allocation_id": "",
                "ipv6_address": "",
                "outpost_id": "",
                "private_ipv4_address": "",
                "subnet_id": "subnet-0e57d7890a392e69f"
              }
            ],
            "subnets": [
              "subnet-04bfcae9356e03b80",
              "subnet-0a8ab1e1c422969ac",
              "subnet-0ca078a1bcf40d6f6"
            ],
            "tags": {
              "Name": "huyn-lb"
            },
            "tags_all": {
              "Name": "huyn-lb"
            },
            "timeouts": null,
            "vpc_id": "vpc-0fe3311ec4bbb3a5d",
            "zone_id": "Z35SXDOTRQ7X7K"
          },
          "sensitive_attributes": [],
          "private": "eyJlMmJmYjczMC1lY2FhLTExZTYtOGY4OC0zNDM2M2JjN2M0YzAiOnsiY3JlYXRlIjo2MDAwMDAwMDAwMDAsImRlbGV0ZSI6NjAwMDAwMDAwMDAwLCJ1cGRhdGUiOjYwMDAwMDAwMDAwMH19",
          "dependencies": [
            "module.huyn_vpc.aws_security_group.huyn_sg",
            "module.huyn_vpc.aws_subnet.private_subnet"
          ]
        }
      ]
    },
    {
      "module": "module.application_lb",
      "mode": "managed",
      "type": "aws_lb_listener",
      "name": "huyn_lb",
      "provider": "provider[\"registry.terraform.io/hashicorp/aws\"]",
      "instances": [
        {
          "schema_version": 0,
          "attributes": {
            "alpn_policy": null,
            "arn": "arn:aws:elasticloadbalancing:us-east-1:772951946295:listener/app/huyn-lb/64fc7c43bfc98a2b/98537b38fcb66b9e",
            "certificate_arn": null,
            "default_action": [
              {
                "authenticate_cognito": [],
                "authenticate_oidc": [],
                "fixed_response": [],
                "forward": [],
                "order": 1,
                "redirect": [],
                "target_group_arn": "arn:aws:elasticloadbalancing:us-east-1:772951946295:targetgroup/tg-huyn-lb/2ed66b277e33e552",
                "type": "forward"
              }
            ],
            "id": "arn:aws:elasticloadbalancing:us-east-1:772951946295:listener/app/huyn-lb/64fc7c43bfc98a2b/98537b38fcb66b9e",
            "load_balancer_arn": "arn:aws:elasticloadbalancing:us-east-1:772951946295:loadbalancer/app/huyn-lb/64fc7c43bfc98a2b",
            "port": 80,
            "protocol": "HTTP",
            "ssl_policy": "",
            "tags": {},
            "tags_all": {},
            "timeouts": null
          },
          "sensitive_attributes": [],
          "private": "eyJlMmJmYjczMC1lY2FhLTExZTYtOGY4OC0zNDM2M2JjN2M0YzAiOnsicmVhZCI6NjAwMDAwMDAwMDAwfX0=",
          "dependencies": [
            "module.application_lb.aws_lb.huyn_lb",
            "module.application_lb.aws_lb_target_group.lb_target_group",
            "module.huyn_vpc.aws_security_group.huyn_sg",
            "module.huyn_vpc.aws_subnet.private_subnet",
            "module.huyn_vpc.aws_vpc.huyn_vpc"
          ]
        }
      ]
    },
    {
      "module": "module.application_lb",
      "mode": "managed",
      "type": "aws_lb_target_group",
      "name": "lb_target_group",
      "provider": "provider[\"registry.terraform.io/hashicorp/aws\"]",
      "instances": [
        {
          "schema_version": 0,
          "attributes": {
            "arn": "arn:aws:elasticloadbalancing:us-east-1:772951946295:targetgroup/tg-huyn-lb/2ed66b277e33e552",
            "arn_suffix": "targetgroup/tg-huyn-lb/2ed66b277e33e552",
            "connection_termination": false,
            "deregistration_delay": "300",
            "health_check": [
              {
                "enabled": true,
                "healthy_threshold": 5,
                "interval": 300,
                "matcher": "200",
                "path": "/",
                "port": "traffic-port",
                "protocol": "HTTP",
                "timeout": 60,
                "unhealthy_threshold": 5
              }
            ],
            "id": "arn:aws:elasticloadbalancing:us-east-1:772951946295:targetgroup/tg-huyn-lb/2ed66b277e33e552",
            "ip_address_type": null,
            "lambda_multi_value_headers_enabled": false,
            "load_balancing_algorithm_type": "round_robin",
            "name": "tg-huyn-lb",
            "name_prefix": null,
            "port": 80,
            "preserve_client_ip": null,
            "protocol": "HTTP",
            "protocol_version": "HTTP1",
            "proxy_protocol_v2": false,
            "slow_start": 0,
            "stickiness": [
              {
                "cookie_duration": 86400,
                "cookie_name": "",
                "enabled": false,
                "type": "lb_cookie"
              }
            ],
            "tags": {
              "Name": "tg-huyn_lb"
            },
            "tags_all": {
              "Name": "tg-huyn_lb"
            },
            "target_type": "instance",
            "vpc_id": "vpc-0fe3311ec4bbb3a5d"
          },
          "sensitive_attributes": [],
          "private": "bnVsbA==",
          "dependencies": [
            "module.application_lb.aws_lb.huyn_lb",
            "module.huyn_vpc.aws_security_group.huyn_sg",
            "module.huyn_vpc.aws_subnet.private_subnet",
            "module.huyn_vpc.aws_vpc.huyn_vpc"
          ],
          "create_before_destroy": true
        }
      ]
    },
    {
      "module": "module.application_lb",
      "mode": "managed",
      "type": "aws_lb_target_group_attachment",
      "name": "this",
      "provider": "provider[\"registry.terraform.io/hashicorp/aws\"]",
      "instances": [
        {
          "schema_version": 0,
          "attributes": {
            "availability_zone": null,
            "id": "arn:aws:elasticloadbalancing:us-east-1:772951946295:targetgroup/tg-huyn-lb/2ed66b277e33e552-20230109054638774600000001",
            "port": 80,
            "target_group_arn": "arn:aws:elasticloadbalancing:us-east-1:772951946295:targetgroup/tg-huyn-lb/2ed66b277e33e552",
            "target_id": "i-0d832cbe9cef8ca9b"
          },
          "sensitive_attributes": [],
          "private": "bnVsbA==",
          "dependencies": [
            "aws_instance.instance1",
            "aws_key_pair.auth",
            "data.aws_ami.ami_linux",
            "module.application_lb.aws_lb_target_group.lb_target_group",
            "module.huyn_vpc.aws_security_group.huyn_sg",
            "module.huyn_vpc.aws_subnet.private_subnet"
          ]
        }
      ]
    },
    {
      "module": "module.huyn_vpc",
      "mode": "managed",
      "type": "aws_eip",
      "name": "nat",
      "provider": "provider[\"registry.terraform.io/hashicorp/aws\"]",
      "instances": [
        {
          "schema_version": 0,
          "attributes": {
            "address": null,
            "allocation_id": "eipalloc-05f6ade9424ca3654",
            "associate_with_private_ip": null,
            "association_id": "eipassoc-0a22946c2165ec10e",
            "carrier_ip": "",
            "customer_owned_ip": "",
            "customer_owned_ipv4_pool": "",
            "domain": "vpc",
            "id": "eipalloc-05f6ade9424ca3654",
            "instance": "",
            "network_border_group": "us-east-1",
            "network_interface": "eni-0d371b11c9587cb7b",
            "private_dns": "ip-10-0-1-186.ec2.internal",
            "private_ip": "10.0.1.186",
            "public_dns": "ec2-34-198-189-133.compute-1.amazonaws.com",
            "public_ip": "34.198.189.133",
            "public_ipv4_pool": "amazon",
            "tags": {},
            "tags_all": {},
            "timeouts": null,
            "vpc": true
          },
          "sensitive_attributes": [],
          "private": "eyJlMmJmYjczMC1lY2FhLTExZTYtOGY4OC0zNDM2M2JjN2M0YzAiOnsiZGVsZXRlIjoxODAwMDAwMDAwMDAsInJlYWQiOjkwMDAwMDAwMDAwMCwidXBkYXRlIjozMDAwMDAwMDAwMDB9fQ=="
        }
      ]
    },
    {
      "module": "module.huyn_vpc",
      "mode": "managed",
      "type": "aws_internet_gateway",
      "name": "huyn_igw",
      "provider": "provider[\"registry.terraform.io/hashicorp/aws\"]",
      "instances": [
        {
          "schema_version": 0,
          "attributes": {
            "arn": "arn:aws:ec2:us-east-1:772951946295:internet-gateway/igw-004f2b1ef1b315c8f",
            "id": "igw-004f2b1ef1b315c8f",
            "owner_id": "772951946295",
            "tags": {
              "Name": "huyn_igw"
            },
            "tags_all": {
              "Name": "huyn_igw"
            },
            "timeouts": null,
            "vpc_id": "vpc-0fe3311ec4bbb3a5d"
          },
          "sensitive_attributes": [],
          "private": "eyJlMmJmYjczMC1lY2FhLTExZTYtOGY4OC0zNDM2M2JjN2M0YzAiOnsiY3JlYXRlIjoxMjAwMDAwMDAwMDAwLCJkZWxldGUiOjEyMDAwMDAwMDAwMDAsInVwZGF0ZSI6MTIwMDAwMDAwMDAwMH19",
          "dependencies": [
            "module.huyn_vpc.aws_vpc.huyn_vpc"
          ]
        }
      ]
    },
    {
      "module": "module.huyn_vpc",
      "mode": "managed",
      "type": "aws_nat_gateway",
      "name": "huyn_NAT_gw",
      "provider": "provider[\"registry.terraform.io/hashicorp/aws\"]",
      "instances": [
        {
          "schema_version": 0,
          "attributes": {
            "allocation_id": "eipalloc-05f6ade9424ca3654",
            "connectivity_type": "public",
            "id": "nat-0f16a67f2e7a3614f",
            "network_interface_id": "eni-0d371b11c9587cb7b",
            "private_ip": "10.0.1.186",
            "public_ip": "34.198.189.133",
            "subnet_id": "subnet-078fab2e982ba36ef",
            "tags": {
              "Name": "huyn_NAT_gw"
            },
            "tags_all": {
              "Name": "huyn_NAT_gw"
            }
          },
          "sensitive_attributes": [],
          "private": "bnVsbA==",
          "dependencies": [
            "module.huyn_vpc.aws_eip.nat",
            "module.huyn_vpc.aws_internet_gateway.huyn_igw",
            "module.huyn_vpc.aws_subnet.public_subnet",
            "module.huyn_vpc.aws_vpc.huyn_vpc"
          ]
        }
      ]
    },
    {
      "module": "module.huyn_vpc",
      "mode": "managed",
      "type": "aws_route_table",
      "name": "huyn_rtb_private",
      "provider": "provider[\"registry.terraform.io/hashicorp/aws\"]",
      "instances": [
        {
          "schema_version": 0,
          "attributes": {
            "arn": "arn:aws:ec2:us-east-1:772951946295:route-table/rtb-0e7c359fa5383af53",
            "id": "rtb-0e7c359fa5383af53",
            "owner_id": "772951946295",
            "propagating_vgws": [],
            "route": [
              {
                "carrier_gateway_id": "",
                "cidr_block": "0.0.0.0/0",
                "core_network_arn": "",
                "destination_prefix_list_id": "",
                "egress_only_gateway_id": "",
                "gateway_id": "nat-0f16a67f2e7a3614f",
                "instance_id": "",
                "ipv6_cidr_block": "",
                "local_gateway_id": "",
                "nat_gateway_id": "",
                "network_interface_id": "",
                "transit_gateway_id": "",
                "vpc_endpoint_id": "",
                "vpc_peering_connection_id": ""
              }
            ],
            "tags": {
              "Name": "huyn_rtb_private"
            },
            "tags_all": {
              "Name": "huyn_rtb_private"
            },
            "timeouts": null,
            "vpc_id": "vpc-0fe3311ec4bbb3a5d"
          },
          "sensitive_attributes": [],
          "private": "eyJlMmJmYjczMC1lY2FhLTExZTYtOGY4OC0zNDM2M2JjN2M0YzAiOnsiY3JlYXRlIjozMDAwMDAwMDAwMDAsImRlbGV0ZSI6MzAwMDAwMDAwMDAwLCJ1cGRhdGUiOjEyMDAwMDAwMDAwMH19",
          "dependencies": [
            "module.huyn_vpc.aws_nat_gateway.huyn_NAT_gw",
            "module.huyn_vpc.aws_vpc.huyn_vpc"
          ]
        }
      ]
    },
    {
      "module": "module.huyn_vpc",
      "mode": "managed",
      "type": "aws_route_table",
      "name": "huyn_rtb_public",
      "provider": "provider[\"registry.terraform.io/hashicorp/aws\"]",
      "instances": [
        {
          "schema_version": 0,
          "attributes": {
            "arn": "arn:aws:ec2:us-east-1:772951946295:route-table/rtb-08376264cf515acdb",
            "id": "rtb-08376264cf515acdb",
            "owner_id": "772951946295",
            "propagating_vgws": [],
            "route": [
              {
                "carrier_gateway_id": "",
                "cidr_block": "",
                "core_network_arn": "",
                "destination_prefix_list_id": "",
                "egress_only_gateway_id": "",
                "gateway_id": "igw-004f2b1ef1b315c8f",
                "instance_id": "",
                "ipv6_cidr_block": "::/0",
                "local_gateway_id": "",
                "nat_gateway_id": "",
                "network_interface_id": "",
                "transit_gateway_id": "",
                "vpc_endpoint_id": "",
                "vpc_peering_connection_id": ""
              },
              {
                "carrier_gateway_id": "",
                "cidr_block": "0.0.0.0/0",
                "core_network_arn": "",
                "destination_prefix_list_id": "",
                "egress_only_gateway_id": "",
                "gateway_id": "igw-004f2b1ef1b315c8f",
                "instance_id": "",
                "ipv6_cidr_block": "",
                "local_gateway_id": "",
                "nat_gateway_id": "",
                "network_interface_id": "",
                "transit_gateway_id": "",
                "vpc_endpoint_id": "",
                "vpc_peering_connection_id": ""
              }
            ],
            "tags": {
              "Name": "huyn_rtb_public"
            },
            "tags_all": {
              "Name": "huyn_rtb_public"
            },
            "timeouts": null,
            "vpc_id": "vpc-0fe3311ec4bbb3a5d"
          },
          "sensitive_attributes": [],
          "private": "eyJlMmJmYjczMC1lY2FhLTExZTYtOGY4OC0zNDM2M2JjN2M0YzAiOnsiY3JlYXRlIjozMDAwMDAwMDAwMDAsImRlbGV0ZSI6MzAwMDAwMDAwMDAwLCJ1cGRhdGUiOjEyMDAwMDAwMDAwMH19",
          "dependencies": [
            "module.huyn_vpc.aws_internet_gateway.huyn_igw",
            "module.huyn_vpc.aws_vpc.huyn_vpc"
          ]
        }
      ]
    },
    {
      "module": "module.huyn_vpc",
      "mode": "managed",
      "type": "aws_route_table_association",
      "name": "private_association",
      "provider": "provider[\"registry.terraform.io/hashicorp/aws\"]",
      "instances": [
        {
          "index_key": "0",
          "schema_version": 0,
          "attributes": {
            "gateway_id": "",
            "id": "rtbassoc-08a8f561ede5337bb",
            "route_table_id": "rtb-0e7c359fa5383af53",
            "subnet_id": "subnet-0ca078a1bcf40d6f6"
          },
          "sensitive_attributes": [],
          "private": "bnVsbA==",
          "dependencies": [
            "module.huyn_vpc.aws_eip.nat",
            "module.huyn_vpc.aws_internet_gateway.huyn_igw",
            "module.huyn_vpc.aws_nat_gateway.huyn_NAT_gw",
            "module.huyn_vpc.aws_route_table.huyn_rtb_private",
            "module.huyn_vpc.aws_subnet.private_subnet",
            "module.huyn_vpc.aws_subnet.public_subnet",
            "module.huyn_vpc.aws_vpc.huyn_vpc"
          ]
        },
        {
          "index_key": "1",
          "schema_version": 0,
          "attributes": {
            "gateway_id": "",
            "id": "rtbassoc-02889d5189d6dc13c",
            "route_table_id": "rtb-0e7c359fa5383af53",
            "subnet_id": "subnet-04bfcae9356e03b80"
          },
          "sensitive_attributes": [],
          "private": "bnVsbA==",
          "dependencies": [
            "module.huyn_vpc.aws_eip.nat",
            "module.huyn_vpc.aws_internet_gateway.huyn_igw",
            "module.huyn_vpc.aws_nat_gateway.huyn_NAT_gw",
            "module.huyn_vpc.aws_route_table.huyn_rtb_private",
            "module.huyn_vpc.aws_subnet.private_subnet",
            "module.huyn_vpc.aws_subnet.public_subnet",
            "module.huyn_vpc.aws_vpc.huyn_vpc"
          ]
        },
        {
          "index_key": "2",
          "schema_version": 0,
          "attributes": {
            "gateway_id": "",
            "id": "rtbassoc-0c5143aee000474f1",
            "route_table_id": "rtb-0e7c359fa5383af53",
            "subnet_id": "subnet-0a8ab1e1c422969ac"
          },
          "sensitive_attributes": [],
          "private": "bnVsbA==",
          "dependencies": [
            "module.huyn_vpc.aws_eip.nat",
            "module.huyn_vpc.aws_internet_gateway.huyn_igw",
            "module.huyn_vpc.aws_nat_gateway.huyn_NAT_gw",
            "module.huyn_vpc.aws_route_table.huyn_rtb_private",
            "module.huyn_vpc.aws_subnet.private_subnet",
            "module.huyn_vpc.aws_subnet.public_subnet",
            "module.huyn_vpc.aws_vpc.huyn_vpc"
          ]
        }
      ]
    },
    {
      "module": "module.huyn_vpc",
      "mode": "managed",
      "type": "aws_route_table_association",
      "name": "public_association",
      "provider": "provider[\"registry.terraform.io/hashicorp/aws\"]",
      "instances": [
        {
          "index_key": "0",
          "schema_version": 0,
          "attributes": {
            "gateway_id": "",
            "id": "rtbassoc-0898894f72d92110c",
            "route_table_id": "rtb-08376264cf515acdb",
            "subnet_id": "subnet-078fab2e982ba36ef"
          },
          "sensitive_attributes": [],
          "private": "bnVsbA==",
          "dependencies": [
            "module.huyn_vpc.aws_internet_gateway.huyn_igw",
            "module.huyn_vpc.aws_route_table.huyn_rtb_public",
            "module.huyn_vpc.aws_subnet.public_subnet",
            "module.huyn_vpc.aws_vpc.huyn_vpc"
          ]
        },
        {
          "index_key": "1",
          "schema_version": 0,
          "attributes": {
            "gateway_id": "",
            "id": "rtbassoc-0871ee2fe932e0711",
            "route_table_id": "rtb-08376264cf515acdb",
            "subnet_id": "subnet-0e57d7890a392e69f"
          },
          "sensitive_attributes": [],
          "private": "bnVsbA==",
          "dependencies": [
            "module.huyn_vpc.aws_internet_gateway.huyn_igw",
            "module.huyn_vpc.aws_route_table.huyn_rtb_public",
            "module.huyn_vpc.aws_subnet.public_subnet",
            "module.huyn_vpc.aws_vpc.huyn_vpc"
          ]
        },
        {
          "index_key": "2",
          "schema_version": 0,
          "attributes": {
            "gateway_id": "",
            "id": "rtbassoc-047f4c53b7774de6f",
            "route_table_id": "rtb-08376264cf515acdb",
            "subnet_id": "subnet-0e082943d7ff41c3d"
          },
          "sensitive_attributes": [],
          "private": "bnVsbA==",
          "dependencies": [
            "module.huyn_vpc.aws_internet_gateway.huyn_igw",
            "module.huyn_vpc.aws_route_table.huyn_rtb_public",
            "module.huyn_vpc.aws_subnet.public_subnet",
            "module.huyn_vpc.aws_vpc.huyn_vpc"
          ]
        }
      ]
    },
    {
      "module": "module.huyn_vpc",
      "mode": "managed",
      "type": "aws_security_group",
      "name": "huyn_sg",
      "provider": "provider[\"registry.terraform.io/hashicorp/aws\"]",
      "instances": [
        {
          "schema_version": 1,
          "attributes": {
            "arn": "arn:aws:ec2:us-east-1:772951946295:security-group/sg-0c668addb8980eb82",
            "description": "Managed by Terraform",
            "egress": [
              {
                "cidr_blocks": [
                  "0.0.0.0/0"
                ],
                "description": "",
                "from_port": 0,
                "ipv6_cidr_blocks": [],
                "prefix_list_ids": [],
                "protocol": "-1",
                "security_groups": [],
                "self": false,
                "to_port": 0
              }
            ],
            "id": "sg-0c668addb8980eb82",
            "ingress": [
              {
                "cidr_blocks": [
                  "0.0.0.0/0"
                ],
                "description": "",
                "from_port": 22,
                "ipv6_cidr_blocks": [],
                "prefix_list_ids": [],
                "protocol": "tcp",
                "security_groups": [],
                "self": false,
                "to_port": 22
              },
              {
                "cidr_blocks": [
                  "0.0.0.0/0"
                ],
                "description": "",
                "from_port": 8080,
                "ipv6_cidr_blocks": [],
                "prefix_list_ids": [],
                "protocol": "tcp",
                "security_groups": [],
                "self": false,
                "to_port": 8080
              },
              {
                "cidr_blocks": [
                  "0.0.0.0/0"
                ],
                "description": "",
                "from_port": 80,
                "ipv6_cidr_blocks": [],
                "prefix_list_ids": [],
                "protocol": "tcp",
                "security_groups": [],
                "self": false,
                "to_port": 80
              }
            ],
            "name": "huyn sg",
            "name_prefix": "",
            "owner_id": "772951946295",
            "revoke_rules_on_delete": false,
            "tags": {
              "Name": "Huyn_sg"
            },
            "tags_all": {
              "Name": "Huyn_sg"
            },
            "timeouts": null,
            "vpc_id": "vpc-0fe3311ec4bbb3a5d"
          },
          "sensitive_attributes": [],
          "private": "eyJlMmJmYjczMC1lY2FhLTExZTYtOGY4OC0zNDM2M2JjN2M0YzAiOnsiY3JlYXRlIjo2MDAwMDAwMDAwMDAsImRlbGV0ZSI6OTAwMDAwMDAwMDAwfSwic2NoZW1hX3ZlcnNpb24iOiIxIn0=",
          "dependencies": [
            "module.huyn_vpc.aws_vpc.huyn_vpc"
          ],
          "create_before_destroy": true
        }
      ]
    },
    {
      "module": "module.huyn_vpc",
      "mode": "managed",
      "type": "aws_subnet",
      "name": "private_subnet",
      "provider": "provider[\"registry.terraform.io/hashicorp/aws\"]",
      "instances": [
        {
          "index_key": 0,
          "schema_version": 1,
          "attributes": {
            "arn": "arn:aws:ec2:us-east-1:772951946295:subnet/subnet-0ca078a1bcf40d6f6",
            "assign_ipv6_address_on_creation": false,
            "availability_zone": "us-east-1a",
            "availability_zone_id": "use1-az1",
            "cidr_block": "10.0.4.0/24",
            "customer_owned_ipv4_pool": "",
            "enable_dns64": false,
            "enable_resource_name_dns_a_record_on_launch": false,
            "enable_resource_name_dns_aaaa_record_on_launch": false,
            "id": "subnet-0ca078a1bcf40d6f6",
            "ipv6_cidr_block": "",
            "ipv6_cidr_block_association_id": "",
            "ipv6_native": false,
            "map_customer_owned_ip_on_launch": false,
            "map_public_ip_on_launch": false,
            "outpost_arn": "",
            "owner_id": "772951946295",
            "private_dns_hostname_type_on_launch": "ip-name",
            "tags": {
              "Name": "Private_subnet 0"
            },
            "tags_all": {
              "Name": "Private_subnet 0"
            },
            "timeouts": null,
            "vpc_id": "vpc-0fe3311ec4bbb3a5d"
          },
          "sensitive_attributes": [],
          "private": "eyJlMmJmYjczMC1lY2FhLTExZTYtOGY4OC0zNDM2M2JjN2M0YzAiOnsiY3JlYXRlIjo2MDAwMDAwMDAwMDAsImRlbGV0ZSI6MTIwMDAwMDAwMDAwMH0sInNjaGVtYV92ZXJzaW9uIjoiMSJ9",
          "dependencies": [
            "module.huyn_vpc.aws_vpc.huyn_vpc"
          ],
          "create_before_destroy": true
        },
        {
          "index_key": 1,
          "schema_version": 1,
          "attributes": {
            "arn": "arn:aws:ec2:us-east-1:772951946295:subnet/subnet-04bfcae9356e03b80",
            "assign_ipv6_address_on_creation": false,
            "availability_zone": "us-east-1b",
            "availability_zone_id": "use1-az2",
            "cidr_block": "10.0.5.0/24",
            "customer_owned_ipv4_pool": "",
            "enable_dns64": false,
            "enable_resource_name_dns_a_record_on_launch": false,
            "enable_resource_name_dns_aaaa_record_on_launch": false,
            "id": "subnet-04bfcae9356e03b80",
            "ipv6_cidr_block": "",
            "ipv6_cidr_block_association_id": "",
            "ipv6_native": false,
            "map_customer_owned_ip_on_launch": false,
            "map_public_ip_on_launch": false,
            "outpost_arn": "",
            "owner_id": "772951946295",
            "private_dns_hostname_type_on_launch": "ip-name",
            "tags": {
              "Name": "Private_subnet 1"
            },
            "tags_all": {
              "Name": "Private_subnet 1"
            },
            "timeouts": null,
            "vpc_id": "vpc-0fe3311ec4bbb3a5d"
          },
          "sensitive_attributes": [],
          "private": "eyJlMmJmYjczMC1lY2FhLTExZTYtOGY4OC0zNDM2M2JjN2M0YzAiOnsiY3JlYXRlIjo2MDAwMDAwMDAwMDAsImRlbGV0ZSI6MTIwMDAwMDAwMDAwMH0sInNjaGVtYV92ZXJzaW9uIjoiMSJ9",
          "dependencies": [
            "module.huyn_vpc.aws_vpc.huyn_vpc"
          ],
          "create_before_destroy": true
        },
        {
          "index_key": 2,
          "schema_version": 1,
          "attributes": {
            "arn": "arn:aws:ec2:us-east-1:772951946295:subnet/subnet-0a8ab1e1c422969ac",
            "assign_ipv6_address_on_creation": false,
            "availability_zone": "us-east-1c",
            "availability_zone_id": "use1-az4",
            "cidr_block": "10.0.6.0/24",
            "customer_owned_ipv4_pool": "",
            "enable_dns64": false,
            "enable_resource_name_dns_a_record_on_launch": false,
            "enable_resource_name_dns_aaaa_record_on_launch": false,
            "id": "subnet-0a8ab1e1c422969ac",
            "ipv6_cidr_block": "",
            "ipv6_cidr_block_association_id": "",
            "ipv6_native": false,
            "map_customer_owned_ip_on_launch": false,
            "map_public_ip_on_launch": false,
            "outpost_arn": "",
            "owner_id": "772951946295",
            "private_dns_hostname_type_on_launch": "ip-name",
            "tags": {
              "Name": "Private_subnet 2"
            },
            "tags_all": {
              "Name": "Private_subnet 2"
            },
            "timeouts": null,
            "vpc_id": "vpc-0fe3311ec4bbb3a5d"
          },
          "sensitive_attributes": [],
          "private": "eyJlMmJmYjczMC1lY2FhLTExZTYtOGY4OC0zNDM2M2JjN2M0YzAiOnsiY3JlYXRlIjo2MDAwMDAwMDAwMDAsImRlbGV0ZSI6MTIwMDAwMDAwMDAwMH0sInNjaGVtYV92ZXJzaW9uIjoiMSJ9",
          "dependencies": [
            "module.huyn_vpc.aws_vpc.huyn_vpc"
          ],
          "create_before_destroy": true
        }
      ]
    },
    {
      "module": "module.huyn_vpc",
      "mode": "managed",
      "type": "aws_subnet",
      "name": "public_subnet",
      "provider": "provider[\"registry.terraform.io/hashicorp/aws\"]",
      "instances": [
        {
          "index_key": 0,
          "schema_version": 1,
          "attributes": {
            "arn": "arn:aws:ec2:us-east-1:772951946295:subnet/subnet-078fab2e982ba36ef",
            "assign_ipv6_address_on_creation": false,
            "availability_zone": "us-east-1a",
            "availability_zone_id": "use1-az1",
            "cidr_block": "10.0.1.0/24",
            "customer_owned_ipv4_pool": "",
            "enable_dns64": false,
            "enable_resource_name_dns_a_record_on_launch": false,
            "enable_resource_name_dns_aaaa_record_on_launch": false,
            "id": "subnet-078fab2e982ba36ef",
            "ipv6_cidr_block": "",
            "ipv6_cidr_block_association_id": "",
            "ipv6_native": false,
            "map_customer_owned_ip_on_launch": false,
            "map_public_ip_on_launch": false,
            "outpost_arn": "",
            "owner_id": "772951946295",
            "private_dns_hostname_type_on_launch": "ip-name",
            "tags": {
              "Name": "Public_subnet 0"
            },
            "tags_all": {
              "Name": "Public_subnet 0"
            },
            "timeouts": null,
            "vpc_id": "vpc-0fe3311ec4bbb3a5d"
          },
          "sensitive_attributes": [],
          "private": "eyJlMmJmYjczMC1lY2FhLTExZTYtOGY4OC0zNDM2M2JjN2M0YzAiOnsiY3JlYXRlIjo2MDAwMDAwMDAwMDAsImRlbGV0ZSI6MTIwMDAwMDAwMDAwMH0sInNjaGVtYV92ZXJzaW9uIjoiMSJ9",
          "dependencies": [
            "module.huyn_vpc.aws_vpc.huyn_vpc"
          ]
        },
        {
          "index_key": 1,
          "schema_version": 1,
          "attributes": {
            "arn": "arn:aws:ec2:us-east-1:772951946295:subnet/subnet-0e57d7890a392e69f",
            "assign_ipv6_address_on_creation": false,
            "availability_zone": "us-east-1b",
            "availability_zone_id": "use1-az2",
            "cidr_block": "10.0.2.0/24",
            "customer_owned_ipv4_pool": "",
            "enable_dns64": false,
            "enable_resource_name_dns_a_record_on_launch": false,
            "enable_resource_name_dns_aaaa_record_on_launch": false,
            "id": "subnet-0e57d7890a392e69f",
            "ipv6_cidr_block": "",
            "ipv6_cidr_block_association_id": "",
            "ipv6_native": false,
            "map_customer_owned_ip_on_launch": false,
            "map_public_ip_on_launch": false,
            "outpost_arn": "",
            "owner_id": "772951946295",
            "private_dns_hostname_type_on_launch": "ip-name",
            "tags": {
              "Name": "Public_subnet 1"
            },
            "tags_all": {
              "Name": "Public_subnet 1"
            },
            "timeouts": null,
            "vpc_id": "vpc-0fe3311ec4bbb3a5d"
          },
          "sensitive_attributes": [],
          "private": "eyJlMmJmYjczMC1lY2FhLTExZTYtOGY4OC0zNDM2M2JjN2M0YzAiOnsiY3JlYXRlIjo2MDAwMDAwMDAwMDAsImRlbGV0ZSI6MTIwMDAwMDAwMDAwMH0sInNjaGVtYV92ZXJzaW9uIjoiMSJ9",
          "dependencies": [
            "module.huyn_vpc.aws_vpc.huyn_vpc"
          ]
        },
        {
          "index_key": 2,
          "schema_version": 1,
          "attributes": {
            "arn": "arn:aws:ec2:us-east-1:772951946295:subnet/subnet-0e082943d7ff41c3d",
            "assign_ipv6_address_on_creation": false,
            "availability_zone": "us-east-1c",
            "availability_zone_id": "use1-az4",
            "cidr_block": "10.0.3.0/24",
            "customer_owned_ipv4_pool": "",
            "enable_dns64": false,
            "enable_resource_name_dns_a_record_on_launch": false,
            "enable_resource_name_dns_aaaa_record_on_launch": false,
            "id": "subnet-0e082943d7ff41c3d",
            "ipv6_cidr_block": "",
            "ipv6_cidr_block_association_id": "",
            "ipv6_native": false,
            "map_customer_owned_ip_on_launch": false,
            "map_public_ip_on_launch": false,
            "outpost_arn": "",
            "owner_id": "772951946295",
            "private_dns_hostname_type_on_launch": "ip-name",
            "tags": {
              "Name": "Public_subnet 2"
            },
            "tags_all": {
              "Name": "Public_subnet 2"
            },
            "timeouts": null,
            "vpc_id": "vpc-0fe3311ec4bbb3a5d"
          },
          "sensitive_attributes": [],
          "private": "eyJlMmJmYjczMC1lY2FhLTExZTYtOGY4OC0zNDM2M2JjN2M0YzAiOnsiY3JlYXRlIjo2MDAwMDAwMDAwMDAsImRlbGV0ZSI6MTIwMDAwMDAwMDAwMH0sInNjaGVtYV92ZXJzaW9uIjoiMSJ9",
          "dependencies": [
            "module.huyn_vpc.aws_vpc.huyn_vpc"
          ]
        }
      ]
    },
    {
      "module": "module.huyn_vpc",
      "mode": "managed",
      "type": "aws_vpc",
      "name": "huyn_vpc",
      "provider": "provider[\"registry.terraform.io/hashicorp/aws\"]",
      "instances": [
        {
          "schema_version": 1,
          "attributes": {
            "arn": "arn:aws:ec2:us-east-1:772951946295:vpc/vpc-0fe3311ec4bbb3a5d",
            "assign_generated_ipv6_cidr_block": false,
            "cidr_block": "10.0.0.0/16",
            "default_network_acl_id": "acl-08f0cb60829b46c89",
            "default_route_table_id": "rtb-0a04d961a5f33c989",
            "default_security_group_id": "sg-0c8778312c087ffdc",
            "dhcp_options_id": "dopt-030f1844e5bb38564",
            "enable_classiclink": false,
            "enable_classiclink_dns_support": false,
            "enable_dns_hostnames": true,
            "enable_dns_support": true,
            "enable_network_address_usage_metrics": false,
            "id": "vpc-0fe3311ec4bbb3a5d",
            "instance_tenancy": "default",
            "ipv4_ipam_pool_id": null,
            "ipv4_netmask_length": null,
            "ipv6_association_id": "",
            "ipv6_cidr_block": "",
            "ipv6_cidr_block_network_border_group": "",
            "ipv6_ipam_pool_id": "",
            "ipv6_netmask_length": 0,
            "main_route_table_id": "rtb-0a04d961a5f33c989",
            "owner_id": "772951946295",
            "tags": {
              "Name": "huyn_vpc"
            },
            "tags_all": {
              "Name": "huyn_vpc"
            }
          },
          "sensitive_attributes": [],
          "private": "eyJzY2hlbWFfdmVyc2lvbiI6IjEifQ==",
          "create_before_destroy": true
        }
      ]
    }
  ],
  "check_results": null
}
