{
  "version": 4,
  "terraform_version": "1.3.7",
  "serial": 886,
  "lineage": "80143a0e-4284-1344-f540-4da23ca9d943",
  "outputs": {},
  "resources": [
    {
      "mode": "data",
      "type": "aws_ami",
      "name": "ami_linux",
      "provider": "provider[\"registry.terraform.io/hashicorp/aws\"]",
      "instances": [
        {
          "schema_version": 0,
          "attributes": {
            "architecture": "x86_64",
            "arn": "arn:aws:ec2:us-east-1::image/ami-0b5eea76982371e91",
            "block_device_mappings": [
              {
                "device_name": "/dev/xvda",
                "ebs": {
                  "delete_on_termination": "true",
                  "encrypted": "false",
                  "iops": "0",
                  "snapshot_id": "snap-097c82c1f068b49cb",
                  "throughput": "0",
                  "volume_size": "8",
                  "volume_type": "gp2"
                },
                "no_device": "",
                "virtual_name": ""
              }
            ],
            "boot_mode": "",
            "creation_date": "2022-12-16T02:08:09.000Z",
            "deprecation_time": "2024-12-16T02:08:09.000Z",
            "description": "Amazon Linux 2 Kernel 5.10 AMI 2.0.20221210.1 x86_64 HVM gp2",
            "ena_support": true,
            "executable_users": null,
            "filter": [
              {
                "name": "name",
                "values": [
                  "amzn2-ami-kernel-5.10-hvm-*-x86_64-gp2"
                ]
              },
              {
                "name": "virtualization-type",
                "values": [
                  "hvm"
                ]
              }
            ],
            "hypervisor": "xen",
            "id": "ami-0b5eea76982371e91",
            "image_id": "ami-0b5eea76982371e91",
            "image_location": "amazon/amzn2-ami-kernel-5.10-hvm-2.0.20221210.1-x86_64-gp2",
            "image_owner_alias": "amazon",
            "image_type": "machine",
            "imds_support": "",
            "include_deprecated": false,
            "kernel_id": "",
            "most_recent": true,
            "name": "amzn2-ami-kernel-5.10-hvm-2.0.20221210.1-x86_64-gp2",
            "name_regex": null,
            "owner_id": "137112412989",
            "owners": [
              "amazon"
            ],
            "platform": "",
            "platform_details": "Linux/UNIX",
            "product_codes": [],
            "public": true,
            "ramdisk_id": "",
            "root_device_name": "/dev/xvda",
            "root_device_type": "ebs",
            "root_snapshot_id": "snap-097c82c1f068b49cb",
            "sriov_net_support": "simple",
            "state": "available",
            "state_reason": {
              "code": "UNSET",
              "message": "UNSET"
            },
            "tags": {},
            "timeouts": null,
            "tpm_support": "",
            "usage_operation": "RunInstances",
            "virtualization_type": "hvm"
          },
          "sensitive_attributes": []
        }
      ]
    },
    {
      "mode": "managed",
      "type": "aws_instance",
      "name": "bastion",
      "provider": "provider[\"registry.terraform.io/hashicorp/aws\"]",
      "instances": [
        {
          "schema_version": 1,
          "attributes": {
            "ami": "ami-0b5eea76982371e91",
            "arn": "arn:aws:ec2:us-east-1:772951946295:instance/i-0d423436ae2c4a00a",
            "associate_public_ip_address": true,
            "availability_zone": "us-east-1a",
            "capacity_reservation_specification": [
              {
                "capacity_reservation_preference": "open",
                "capacity_reservation_target": []
              }
            ],
            "cpu_core_count": 1,
            "cpu_threads_per_core": 1,
            "credit_specification": [
              {
                "cpu_credits": "standard"
              }
            ],
            "disable_api_stop": false,
            "disable_api_termination": false,
            "ebs_block_device": [],
            "ebs_optimized": false,
            "enclave_options": [
              {
                "enabled": false
              }
            ],
            "ephemeral_block_device": [],
            "get_password_data": false,
            "hibernation": false,
            "host_id": null,
            "host_resource_group_arn": null,
            "iam_instance_profile": "",
            "id": "i-0d423436ae2c4a00a",
            "instance_initiated_shutdown_behavior": "stop",
            "instance_state": "running",
            "instance_type": "t2.micro",
            "ipv6_address_count": 0,
            "ipv6_addresses": [],
            "key_name": "huyn",
            "launch_template": [],
            "maintenance_options": [
              {
                "auto_recovery": "default"
              }
            ],
            "metadata_options": [
              {
                "http_endpoint": "enabled",
                "http_put_response_hop_limit": 1,
                "http_tokens": "optional",
                "instance_metadata_tags": "disabled"
              }
            ],
            "monitoring": false,
            "network_interface": [],
            "outpost_arn": "",
            "password_data": "",
            "placement_group": "",
            "placement_partition_number": null,
            "primary_network_interface_id": "eni-00a17da5c85aee7a3",
            "private_dns": "ip-10-0-1-67.ec2.internal",
            "private_dns_name_options": [
              {
                "enable_resource_name_dns_a_record": false,
                "enable_resource_name_dns_aaaa_record": false,
                "hostname_type": "ip-name"
              }
            ],
            "private_ip": "10.0.1.67",
            "public_dns": "ec2-44-197-242-101.compute-1.amazonaws.com",
            "public_ip": "44.197.242.101",
            "root_block_device": [
              {
                "delete_on_termination": true,
                "device_name": "/dev/xvda",
                "encrypted": false,
                "iops": 100,
                "kms_key_id": "",
                "tags": {},
                "throughput": 0,
                "volume_id": "vol-050f56508534327bb",
                "volume_size": 8,
                "volume_type": "gp2"
              }
            ],
            "secondary_private_ips": [],
            "security_groups": [
              "sg-011143621a78b44ac"
            ],
            "source_dest_check": true,
            "subnet_id": "subnet-0f0b65b2e574298ab",
            "tags": {
              "Name": "bastion"
            },
            "tags_all": {
              "Name": "bastion"
            },
            "tenancy": "default",
            "timeouts": null,
            "user_data": null,
            "user_data_base64": null,
            "user_data_replace_on_change": false,
            "volume_tags": null,
            "vpc_security_group_ids": [
              "sg-011143621a78b44ac"
            ]
          },
          "sensitive_attributes": [],
          "private": "eyJlMmJmYjczMC1lY2FhLTExZTYtOGY4OC0zNDM2M2JjN2M0YzAiOnsiY3JlYXRlIjo2MDAwMDAwMDAwMDAsImRlbGV0ZSI6MTIwMDAwMDAwMDAwMCwidXBkYXRlIjo2MDAwMDAwMDAwMDB9LCJzY2hlbWFfdmVyc2lvbiI6IjEifQ==",
          "dependencies": [
            "aws_key_pair.auth",
            "data.aws_ami.ami_linux",
            "module.huyn_vpc.aws_security_group.huyn_sg",
            "module.huyn_vpc.aws_subnet.public_subnet"
          ]
        }
      ]
    },
    {
      "mode": "managed",
      "type": "aws_key_pair",
      "name": "auth",
      "provider": "provider[\"registry.terraform.io/hashicorp/aws\"]",
      "instances": [
        {
          "schema_version": 1,
          "attributes": {
            "arn": "arn:aws:ec2:us-east-1:772951946295:key-pair/huyn",
            "fingerprint": "47:0a:d4:1e:e2:21:07:bb:78:36:70:fe:81:cf:6c:cd",
            "id": "huyn",
            "key_name": "huyn",
            "key_name_prefix": "",
            "key_pair_id": "key-0ef71f33690a0c9e6",
            "key_type": "rsa",
            "public_key": "ssh-rsa AAAAB3NzaC1yc2EAAAADAQABAAABAQDi1B2pxdLsPdsOT29IgEv003fJvAkaNt0kdhadfZEJlZIoBR9j7ZCIA+9zek94jrTftDDj4/FoQWaCAdQ16cc+ShSqs1Kb66qgk0sb8RIqIQ7SiifU6eQLKo0EN2hgzZm7+fSqlrwOAxtqSnRDw9Gp+Y/OphFPgi2tJNRIwrYCQdPNntOxpOw6QEcpYm0756xV5llR8IH5wzQ3KeGznRAZDgdB4JrzL2IkJdrjkOgWBra5p+WsqvU5pTzVH52jongUkyMt+9Aiun5dpXMTanYdaKoRCsOr4sBIe5zenh7HEzM9b8weQjNxoB5Gpz+5CmyMCOFKEBZYdtPZs+RfGHnB",
            "tags": {},
            "tags_all": {}
          },
          "sensitive_attributes": [],
          "private": "eyJzY2hlbWFfdmVyc2lvbiI6IjEifQ==",
          "dependencies": [
            "tls_private_key.huyn_key"
          ]
        }
      ]
    },
    {
      "mode": "managed",
      "type": "local_file",
      "name": "ip_intance1",
      "provider": "provider[\"registry.terraform.io/hashicorp/local\"]",
      "instances": [
        {
          "schema_version": 0,
          "attributes": {
            "content": "44.197.242.101",
            "content_base64": null,
            "directory_permission": "0777",
            "file_permission": "0777",
            "filename": "public.txt",
            "id": "18ea0c84351b21f9d39817ad98095b6169116883",
            "sensitive_content": null,
            "source": null
          },
          "sensitive_attributes": [],
          "private": "bnVsbA==",
          "dependencies": [
            "aws_instance.bastion",
            "aws_key_pair.auth",
            "data.aws_ami.ami_linux",
            "module.huyn_vpc.aws_security_group.huyn_sg",
            "module.huyn_vpc.aws_subnet.public_subnet"
          ]
        }
      ]
    },
    {
      "mode": "managed",
      "type": "local_file",
      "name": "save_key",
      "provider": "provider[\"registry.terraform.io/hashicorp/local\"]",
      "instances": [
        {
          "schema_version": 0,
          "attributes": {
            "content": "-----BEGIN RSA PRIVATE KEY-----\nMIIEowIBAAKCAQEA4tQdqcXS7D3bDk9vSIBL9NN3ybwJGjbdJHYWnX2RCZWSKAUf\nY+2QiAPvc3pPeI6037Qw4+PxaEFmggHUNenHPkoUqrNSm+uqoJNLG/ESKiEO0oon\n1OnkCyqNBDdoYM2Zu/n0qpa8DgMbakp0Q8PRqfmPzqYRT4ItrSTUSMK2AkHTzZ7T\nsaTsOkBHKWJtO+esVeZZUfCB+cM0Nynhs50QGQ4HQeCa8y9iJCXa45DoFga2uafl\nrKr1OaU81R+do6J4FJMjLfvQIrp+XaVzE2p2HWiqEQrDq+LASHuc3p4exxMzPW/M\nHkIzcaAeRqc/uQpsjAjhShAWWHbT2bPkXxh5wQIDAQABAoIBAF11np9EFksmlWqJ\nCkYqLqG6vAGQC4QUlPuf+GN9yFPVn/oDWlK3ILUaQgAnpjT7P8VonjhXxDD7uXvZ\nuxFXuLOOnINVDbWW3Z/58Jmbs6tOIahYKl9M25xKNP5GwigYrr5IGCptnyB64UHj\nWZJOTcYmQL2ZqUpETgOoSBuOtqWoqSrEI13zevnXLIG+hZ4fyGUCaubnatV3GJ5P\nnVGE+uAJuduI1JdIegDTJfS34WNXqfCkxLesf7YdBvmN59HnMvPDAWReaFWRZnTo\nWLGSdO0Nw8r4DIScxIJUuJuc1WXgxX0SncX9cHMXvvGOlt5jU1vthWAEgN/CuzK0\n9/grOUECgYEA+JuDmASbQPtWP885p8yt6JNUI+Oy1lJPyyHbUSKEo+QJXaqppNGo\nD99btdYFPylOiLgH6PVvytmYmXquQvf1JxM/M+LJjJjzcKf+pARGLZvcKoZOqF2x\n0fyy0ioAhsGepfxzMCYjXXwG69CxIjHVKqFaxE3VuOopzm8pKnxH0XkCgYEA6ZLQ\nNpWHGuwSoU49+btb8jnAWc3RzgC4HUYcJE75330rBXGvRFMQLZh2YyHMG1eEF3Ck\nvjApUdiMT2h3KYHF+fTN+/wG9cU9xtcoRJHgGtCln2/GIeDqwWyaeJU4wojGzO0G\n71WYb+NWVz3yKt4JlWO1WnhgFq92rbVl1NP8YIkCgYAvU4uNmPLlP/N/WjejlfdV\nWxadbm9RFYJTLTLPEz8k4/hUeHSrB65ytxaCWyfMilSE+mOnGXIar6m5Lf2WihWF\nRsi1W+r6dPOC8rgrCRVDAXS8M60tqAh97RktoQlQnfNRrelPtTLuTPoUUjomRE5M\nO0NIM3kIJqumvMqdZ+NUIQKBgQCJxCV5PILe10U5zUtyxBa8bWHN1j8ccYInChZJ\nOCfbsRkx8db9xrxxGE8js2iO6/SmWrNg1klY1BAWOjimy7t47fKc4Q894SPJ51gB\n8cSsLEq0GppTmzT791G5M9KxszkG3/tKKUNrIzzm4ku3CxW9/nyWKxAJ8V5foPG6\nMXrXeQKBgE3g5vle/sSyKHRloWMRrW/BvZex8/ToO+7pi2UMx2095FK0bjAiWwtJ\n+X2gf+oDHqPax7/ycODVEvRsMdw2RiRdsBpaKMn6BmaEGOOZdnlZyRHeQo+WveHK\nmhZ99q11lkZUL/pUCsds1fKL3+n4kQdIexEXvf2u0g4kSyD+291y\n-----END RSA PRIVATE KEY-----\n",
            "content_base64": null,
            "directory_permission": "0777",
            "file_permission": "0400",
            "filename": "huyn.pem",
            "id": "ff2c117cb39c0ac3b765cf33c6021196240fefc0",
            "sensitive_content": null,
            "source": null
          },
          "sensitive_attributes": [
            [
              {
                "type": "get_attr",
                "value": "content"
              }
            ]
          ],
          "private": "bnVsbA==",
          "dependencies": [
            "tls_private_key.huyn_key"
          ]
        }
      ]
    },
    {
      "mode": "managed",
      "type": "tls_private_key",
      "name": "huyn_key",
      "provider": "provider[\"registry.terraform.io/hashicorp/tls\"]",
      "instances": [
        {
          "schema_version": 1,
          "attributes": {
            "algorithm": "RSA",
            "ecdsa_curve": "P224",
            "id": "66153ed06c847b44c1aa9f0126be3a2bfbd59d02",
            "private_key_openssh": "-----BEGIN OPENSSH PRIVATE KEY-----\nb3BlbnNzaC1rZXktdjEAAAAABG5vbmUAAAAEbm9uZQAAAAAAAAABAAABFwAAAAdz\nc2gtcnNhAAAAAwEAAQAAAQEA4tQdqcXS7D3bDk9vSIBL9NN3ybwJGjbdJHYWnX2R\nCZWSKAUfY+2QiAPvc3pPeI6037Qw4+PxaEFmggHUNenHPkoUqrNSm+uqoJNLG/ES\nKiEO0oon1OnkCyqNBDdoYM2Zu/n0qpa8DgMbakp0Q8PRqfmPzqYRT4ItrSTUSMK2\nAkHTzZ7TsaTsOkBHKWJtO+esVeZZUfCB+cM0Nynhs50QGQ4HQeCa8y9iJCXa45Do\nFga2uaflrKr1OaU81R+do6J4FJMjLfvQIrp+XaVzE2p2HWiqEQrDq+LASHuc3p4e\nxxMzPW/MHkIzcaAeRqc/uQpsjAjhShAWWHbT2bPkXxh5wQAAA7jrF+Fo6xfhaAAA\nAAdzc2gtcnNhAAABAQDi1B2pxdLsPdsOT29IgEv003fJvAkaNt0kdhadfZEJlZIo\nBR9j7ZCIA+9zek94jrTftDDj4/FoQWaCAdQ16cc+ShSqs1Kb66qgk0sb8RIqIQ7S\niifU6eQLKo0EN2hgzZm7+fSqlrwOAxtqSnRDw9Gp+Y/OphFPgi2tJNRIwrYCQdPN\nntOxpOw6QEcpYm0756xV5llR8IH5wzQ3KeGznRAZDgdB4JrzL2IkJdrjkOgWBra5\np+WsqvU5pTzVH52jongUkyMt+9Aiun5dpXMTanYdaKoRCsOr4sBIe5zenh7HEzM9\nb8weQjNxoB5Gpz+5CmyMCOFKEBZYdtPZs+RfGHnBAAAAAwEAAQAAAQBddZ6fRBZL\nJpVqiQpGKi6hurwBkAuEFJT7n/hjfchT1Z/6A1pStyC1GkIAJ6Y0+z/FaJ44V8Qw\n+7l72bsRV7izjpyDVQ21lt2f+fCZm7OrTiGoWCpfTNucSjT+RsIoGK6+SBgqbZ8g\neuFB41mSTk3GJkC9malKRE4DqEgbjralqKkqxCNd83r51yyBvoWeH8hlAmrm52rV\ndxieT51RhPrgCbnbiNSXSHoA0yX0t+FjV6nwpMS3rH+2HQb5jefR5zLzwwFkXmhV\nkWZ06FixknTtDcPK+AyEnMSCVLibnNVl4MV9Ep3F/XBzF77xjpbeY1Nb7YVgBIDf\nwrsytPf4KzlBAAAAgE3g5vle/sSyKHRloWMRrW/BvZex8/ToO+7pi2UMx2095FK0\nbjAiWwtJ+X2gf+oDHqPax7/ycODVEvRsMdw2RiRdsBpaKMn6BmaEGOOZdnlZyRHe\nQo+WveHKmhZ99q11lkZUL/pUCsds1fKL3+n4kQdIexEXvf2u0g4kSyD+291yAAAA\ngQD4m4OYBJtA+1Y/zzmnzK3ok1Qj47LWUk/LIdtRIoSj5Aldqqmk0agP31u11gU/\nKU6IuAfo9W/K2ZiZeq5C9/UnEz8z4smMmPNwp/6kBEYtm9wqhk6oXbHR/LLSKgCG\nwZ6l/HMwJiNdfAbr0LEiMdUqoVrETdW46inObykqfEfReQAAAIEA6ZLQNpWHGuwS\noU49+btb8jnAWc3RzgC4HUYcJE75330rBXGvRFMQLZh2YyHMG1eEF3CkvjApUdiM\nT2h3KYHF+fTN+/wG9cU9xtcoRJHgGtCln2/GIeDqwWyaeJU4wojGzO0G71WYb+NW\nVz3yKt4JlWO1WnhgFq92rbVl1NP8YIkAAAAAAQID\n-----END OPENSSH PRIVATE KEY-----\n",
            "private_key_pem": "-----BEGIN RSA PRIVATE KEY-----\nMIIEowIBAAKCAQEA4tQdqcXS7D3bDk9vSIBL9NN3ybwJGjbdJHYWnX2RCZWSKAUf\nY+2QiAPvc3pPeI6037Qw4+PxaEFmggHUNenHPkoUqrNSm+uqoJNLG/ESKiEO0oon\n1OnkCyqNBDdoYM2Zu/n0qpa8DgMbakp0Q8PRqfmPzqYRT4ItrSTUSMK2AkHTzZ7T\nsaTsOkBHKWJtO+esVeZZUfCB+cM0Nynhs50QGQ4HQeCa8y9iJCXa45DoFga2uafl\nrKr1OaU81R+do6J4FJMjLfvQIrp+XaVzE2p2HWiqEQrDq+LASHuc3p4exxMzPW/M\nHkIzcaAeRqc/uQpsjAjhShAWWHbT2bPkXxh5wQIDAQABAoIBAF11np9EFksmlWqJ\nCkYqLqG6vAGQC4QUlPuf+GN9yFPVn/oDWlK3ILUaQgAnpjT7P8VonjhXxDD7uXvZ\nuxFXuLOOnINVDbWW3Z/58Jmbs6tOIahYKl9M25xKNP5GwigYrr5IGCptnyB64UHj\nWZJOTcYmQL2ZqUpETgOoSBuOtqWoqSrEI13zevnXLIG+hZ4fyGUCaubnatV3GJ5P\nnVGE+uAJuduI1JdIegDTJfS34WNXqfCkxLesf7YdBvmN59HnMvPDAWReaFWRZnTo\nWLGSdO0Nw8r4DIScxIJUuJuc1WXgxX0SncX9cHMXvvGOlt5jU1vthWAEgN/CuzK0\n9/grOUECgYEA+JuDmASbQPtWP885p8yt6JNUI+Oy1lJPyyHbUSKEo+QJXaqppNGo\nD99btdYFPylOiLgH6PVvytmYmXquQvf1JxM/M+LJjJjzcKf+pARGLZvcKoZOqF2x\n0fyy0ioAhsGepfxzMCYjXXwG69CxIjHVKqFaxE3VuOopzm8pKnxH0XkCgYEA6ZLQ\nNpWHGuwSoU49+btb8jnAWc3RzgC4HUYcJE75330rBXGvRFMQLZh2YyHMG1eEF3Ck\nvjApUdiMT2h3KYHF+fTN+/wG9cU9xtcoRJHgGtCln2/GIeDqwWyaeJU4wojGzO0G\n71WYb+NWVz3yKt4JlWO1WnhgFq92rbVl1NP8YIkCgYAvU4uNmPLlP/N/WjejlfdV\nWxadbm9RFYJTLTLPEz8k4/hUeHSrB65ytxaCWyfMilSE+mOnGXIar6m5Lf2WihWF\nRsi1W+r6dPOC8rgrCRVDAXS8M60tqAh97RktoQlQnfNRrelPtTLuTPoUUjomRE5M\nO0NIM3kIJqumvMqdZ+NUIQKBgQCJxCV5PILe10U5zUtyxBa8bWHN1j8ccYInChZJ\nOCfbsRkx8db9xrxxGE8js2iO6/SmWrNg1klY1BAWOjimy7t47fKc4Q894SPJ51gB\n8cSsLEq0GppTmzT791G5M9KxszkG3/tKKUNrIzzm4ku3CxW9/nyWKxAJ8V5foPG6\nMXrXeQKBgE3g5vle/sSyKHRloWMRrW/BvZex8/ToO+7pi2UMx2095FK0bjAiWwtJ\n+X2gf+oDHqPax7/ycODVEvRsMdw2RiRdsBpaKMn6BmaEGOOZdnlZyRHeQo+WveHK\nmhZ99q11lkZUL/pUCsds1fKL3+n4kQdIexEXvf2u0g4kSyD+291y\n-----END RSA PRIVATE KEY-----\n",
            "private_key_pem_pkcs8": "-----BEGIN PRIVATE KEY-----\nMIIEvQIBADANBgkqhkiG9w0BAQEFAASCBKcwggSjAgEAAoIBAQDi1B2pxdLsPdsO\nT29IgEv003fJvAkaNt0kdhadfZEJlZIoBR9j7ZCIA+9zek94jrTftDDj4/FoQWaC\nAdQ16cc+ShSqs1Kb66qgk0sb8RIqIQ7SiifU6eQLKo0EN2hgzZm7+fSqlrwOAxtq\nSnRDw9Gp+Y/OphFPgi2tJNRIwrYCQdPNntOxpOw6QEcpYm0756xV5llR8IH5wzQ3\nKeGznRAZDgdB4JrzL2IkJdrjkOgWBra5p+WsqvU5pTzVH52jongUkyMt+9Aiun5d\npXMTanYdaKoRCsOr4sBIe5zenh7HEzM9b8weQjNxoB5Gpz+5CmyMCOFKEBZYdtPZ\ns+RfGHnBAgMBAAECggEAXXWen0QWSyaVaokKRiouobq8AZALhBSU+5/4Y33IU9Wf\n+gNaUrcgtRpCACemNPs/xWieOFfEMPu5e9m7EVe4s46cg1UNtZbdn/nwmZuzq04h\nqFgqX0zbnEo0/kbCKBiuvkgYKm2fIHrhQeNZkk5NxiZAvZmpSkROA6hIG462paip\nKsQjXfN6+dcsgb6Fnh/IZQJq5udq1XcYnk+dUYT64Am524jUl0h6ANMl9LfhY1ep\n8KTEt6x/th0G+Y3n0ecy88MBZF5oVZFmdOhYsZJ07Q3DyvgMhJzEglS4m5zVZeDF\nfRKdxf1wcxe+8Y6W3mNTW+2FYASA38K7MrT3+Cs5QQKBgQD4m4OYBJtA+1Y/zzmn\nzK3ok1Qj47LWUk/LIdtRIoSj5Aldqqmk0agP31u11gU/KU6IuAfo9W/K2ZiZeq5C\n9/UnEz8z4smMmPNwp/6kBEYtm9wqhk6oXbHR/LLSKgCGwZ6l/HMwJiNdfAbr0LEi\nMdUqoVrETdW46inObykqfEfReQKBgQDpktA2lYca7BKhTj35u1vyOcBZzdHOALgd\nRhwkTvnffSsFca9EUxAtmHZjIcwbV4QXcKS+MClR2IxPaHcpgcX59M37/Ab1xT3G\n1yhEkeAa0KWfb8Yh4OrBbJp4lTjCiMbM7QbvVZhv41ZXPfIq3gmVY7VaeGAWr3at\ntWXU0/xgiQKBgC9Ti42Y8uU/839aN6OV91VbFp1ub1EVglMtMs8TPyTj+FR4dKsH\nrnK3FoJbJ8yKVIT6Y6cZchqvqbkt/ZaKFYVGyLVb6vp084LyuCsJFUMBdLwzrS2o\nCH3tGS2hCVCd81Gt6U+1Mu5M+hRSOiZETkw7Q0gzeQgmq6a8yp1n41QhAoGBAInE\nJXk8gt7XRTnNS3LEFrxtYc3WPxxxgicKFkk4J9uxGTHx1v3GvHEYTyOzaI7r9KZa\ns2DWSVjUEBY6OKbLu3jt8pzhDz3hI8nnWAHxxKwsSrQamlObNPv3Ubkz0rGzOQbf\n+0opQ2sjPObiS7cLFb3+fJYrEAnxXl+g8boxetd5AoGATeDm+V7+xLIodGWhYxGt\nb8G9l7Hz9Og77umLZQzHbT3kUrRuMCJbC0n5faB/6gMeo9rHv/Jw4NUS9Gwx3DZG\nJF2wGlooyfoGZoQY45l2eVnJEd5Cj5a94cqaFn32rXWWRlQv+lQKx2zV8ovf6fiR\nB0h7ERe9/a7SDiRLIP7b3XI=\n-----END PRIVATE KEY-----\n",
            "public_key_fingerprint_md5": "b4:4d:9d:77:03:31:35:7f:52:7e:4f:1d:53:07:b1:79",
            "public_key_fingerprint_sha256": "SHA256:seibGhXlaWZkeTAuSnxgJExTiNtb17Ud0A4ZATNCvHU",
            "public_key_openssh": "ssh-rsa AAAAB3NzaC1yc2EAAAADAQABAAABAQDi1B2pxdLsPdsOT29IgEv003fJvAkaNt0kdhadfZEJlZIoBR9j7ZCIA+9zek94jrTftDDj4/FoQWaCAdQ16cc+ShSqs1Kb66qgk0sb8RIqIQ7SiifU6eQLKo0EN2hgzZm7+fSqlrwOAxtqSnRDw9Gp+Y/OphFPgi2tJNRIwrYCQdPNntOxpOw6QEcpYm0756xV5llR8IH5wzQ3KeGznRAZDgdB4JrzL2IkJdrjkOgWBra5p+WsqvU5pTzVH52jongUkyMt+9Aiun5dpXMTanYdaKoRCsOr4sBIe5zenh7HEzM9b8weQjNxoB5Gpz+5CmyMCOFKEBZYdtPZs+RfGHnB\n",
            "public_key_pem": "-----BEGIN PUBLIC KEY-----\nMIIBIjANBgkqhkiG9w0BAQEFAAOCAQ8AMIIBCgKCAQEA4tQdqcXS7D3bDk9vSIBL\n9NN3ybwJGjbdJHYWnX2RCZWSKAUfY+2QiAPvc3pPeI6037Qw4+PxaEFmggHUNenH\nPkoUqrNSm+uqoJNLG/ESKiEO0oon1OnkCyqNBDdoYM2Zu/n0qpa8DgMbakp0Q8PR\nqfmPzqYRT4ItrSTUSMK2AkHTzZ7TsaTsOkBHKWJtO+esVeZZUfCB+cM0Nynhs50Q\nGQ4HQeCa8y9iJCXa45DoFga2uaflrKr1OaU81R+do6J4FJMjLfvQIrp+XaVzE2p2\nHWiqEQrDq+LASHuc3p4exxMzPW/MHkIzcaAeRqc/uQpsjAjhShAWWHbT2bPkXxh5\nwQIDAQAB\n-----END PUBLIC KEY-----\n",
            "rsa_bits": 2048
          },
          "sensitive_attributes": []
        }
      ]
    },
    {
      "module": "module.application_lb",
      "mode": "managed",
      "type": "aws_lb",
      "name": "huyn_lb",
      "provider": "provider[\"registry.terraform.io/hashicorp/aws\"]",
      "instances": [
        {
          "schema_version": 0,
          "attributes": {
            "access_logs": [
              {
                "bucket": "",
                "enabled": false,
                "prefix": ""
              }
            ],
            "arn": "arn:aws:elasticloadbalancing:us-east-1:772951946295:loadbalancer/app/huyn-lb/2007b3c96e30ad9a",
            "arn_suffix": "app/huyn-lb/2007b3c96e30ad9a",
            "customer_owned_ipv4_pool": "",
            "desync_mitigation_mode": "defensive",
            "dns_name": "huyn-lb-424601391.us-east-1.elb.amazonaws.com",
            "drop_invalid_header_fields": false,
            "enable_cross_zone_load_balancing": true,
            "enable_deletion_protection": false,
            "enable_http2": true,
            "enable_waf_fail_open": false,
            "id": "arn:aws:elasticloadbalancing:us-east-1:772951946295:loadbalancer/app/huyn-lb/2007b3c96e30ad9a",
            "idle_timeout": 60,
            "internal": false,
            "ip_address_type": "ipv4",
            "load_balancer_type": "application",
            "name": "huyn-lb",
            "name_prefix": null,
            "preserve_host_header": false,
            "security_groups": [
              "sg-011143621a78b44ac"
            ],
            "subnet_mapping": [
              {
                "allocation_id": "",
                "ipv6_address": "",
                "outpost_id": "",
                "private_ipv4_address": "",
                "subnet_id": "subnet-02aa3c664a64c852f"
              },
              {
                "allocation_id": "",
                "ipv6_address": "",
                "outpost_id": "",
                "private_ipv4_address": "",
                "subnet_id": "subnet-0f0b65b2e574298ab"
              }
            ],
            "subnets": [
              "subnet-02aa3c664a64c852f",
              "subnet-0f0b65b2e574298ab"
            ],
            "tags": {
              "Name": "huyn-lb"
            },
            "tags_all": {
              "Name": "huyn-lb"
            },
            "timeouts": null,
            "vpc_id": "vpc-06ecfcd32ae0fba7f",
            "zone_id": "Z35SXDOTRQ7X7K"
          },
          "sensitive_attributes": [],
          "private": "eyJlMmJmYjczMC1lY2FhLTExZTYtOGY4OC0zNDM2M2JjN2M0YzAiOnsiY3JlYXRlIjo2MDAwMDAwMDAwMDAsImRlbGV0ZSI6NjAwMDAwMDAwMDAwLCJ1cGRhdGUiOjYwMDAwMDAwMDAwMH19",
          "dependencies": [
            "module.huyn_vpc.aws_security_group.huyn_sg",
            "module.huyn_vpc.aws_subnet.public_subnet",
            "module.huyn_vpc.aws_vpc.huyn_vpc"
          ],
          "create_before_destroy": true
        }
      ]
    },
    {
      "module": "module.application_lb",
      "mode": "managed",
      "type": "aws_lb_listener",
      "name": "huyn_lb",
      "provider": "provider[\"registry.terraform.io/hashicorp/aws\"]",
      "instances": [
        {
          "schema_version": 0,
          "attributes": {
            "alpn_policy": null,
            "arn": "arn:aws:elasticloadbalancing:us-east-1:772951946295:listener/app/huyn-lb/2007b3c96e30ad9a/f3638de67f1b9792",
            "certificate_arn": null,
            "default_action": [
              {
                "authenticate_cognito": [],
                "authenticate_oidc": [],
                "fixed_response": [],
                "forward": [],
                "order": 1,
                "redirect": [],
                "target_group_arn": "arn:aws:elasticloadbalancing:us-east-1:772951946295:targetgroup/tg-huyn-lb/4761fa5da4418ac0",
                "type": "forward"
              }
            ],
            "id": "arn:aws:elasticloadbalancing:us-east-1:772951946295:listener/app/huyn-lb/2007b3c96e30ad9a/f3638de67f1b9792",
            "load_balancer_arn": "arn:aws:elasticloadbalancing:us-east-1:772951946295:loadbalancer/app/huyn-lb/2007b3c96e30ad9a",
            "port": 80,
            "protocol": "HTTP",
            "ssl_policy": "",
            "tags": {},
            "tags_all": {},
            "timeouts": null
          },
          "sensitive_attributes": [],
          "private": "eyJlMmJmYjczMC1lY2FhLTExZTYtOGY4OC0zNDM2M2JjN2M0YzAiOnsicmVhZCI6NjAwMDAwMDAwMDAwfX0=",
          "dependencies": [
            "module.application_lb.aws_lb.huyn_lb",
            "module.application_lb.aws_lb_target_group.lb_target_group",
            "module.huyn_vpc.aws_security_group.huyn_sg",
            "module.huyn_vpc.aws_subnet.public_subnet",
            "module.huyn_vpc.aws_vpc.huyn_vpc"
          ]
        }
      ]
    },
    {
      "module": "module.application_lb",
      "mode": "managed",
      "type": "aws_lb_target_group",
      "name": "lb_target_group",
      "provider": "provider[\"registry.terraform.io/hashicorp/aws\"]",
      "instances": [
        {
          "schema_version": 0,
          "attributes": {
            "arn": "arn:aws:elasticloadbalancing:us-east-1:772951946295:targetgroup/tg-huyn-lb/4761fa5da4418ac0",
            "arn_suffix": "targetgroup/tg-huyn-lb/4761fa5da4418ac0",
            "connection_termination": false,
            "deregistration_delay": "300",
            "health_check": [
              {
                "enabled": true,
                "healthy_threshold": 5,
                "interval": 300,
                "matcher": "200",
                "path": "/",
                "port": "traffic-port",
                "protocol": "HTTP",
                "timeout": 60,
                "unhealthy_threshold": 5
              }
            ],
            "id": "arn:aws:elasticloadbalancing:us-east-1:772951946295:targetgroup/tg-huyn-lb/4761fa5da4418ac0",
            "ip_address_type": null,
            "lambda_multi_value_headers_enabled": false,
            "load_balancing_algorithm_type": "round_robin",
            "name": "tg-huyn-lb",
            "name_prefix": null,
            "port": 80,
            "preserve_client_ip": null,
            "protocol": "HTTP",
            "protocol_version": "HTTP1",
            "proxy_protocol_v2": false,
            "slow_start": 0,
            "stickiness": [
              {
                "cookie_duration": 86400,
                "cookie_name": "",
                "enabled": false,
                "type": "lb_cookie"
              }
            ],
            "tags": {
              "Name": "tg-huyn-lb"
            },
            "tags_all": {
              "Name": "tg-huyn-lb"
            },
            "target_type": "instance",
            "vpc_id": "vpc-06ecfcd32ae0fba7f"
          },
          "sensitive_attributes": [],
          "private": "bnVsbA==",
          "dependencies": [
            "module.application_lb.aws_lb.huyn_lb",
            "module.huyn_vpc.aws_security_group.huyn_sg",
            "module.huyn_vpc.aws_subnet.public_subnet",
            "module.huyn_vpc.aws_vpc.huyn_vpc"
          ],
          "create_before_destroy": true
        }
      ]
    },
    {
      "module": "module.auto_scaling",
      "mode": "managed",
      "type": "aws_autoscaling_group",
      "name": "this",
      "provider": "provider[\"registry.terraform.io/hashicorp/aws\"]",
      "instances": [
        {
          "schema_version": 0,
          "attributes": {
            "arn": "arn:aws:autoscaling:us-east-1:772951946295:autoScalingGroup:97656831-ba0d-48d4-8aae-5571f3c410f0:autoScalingGroupName/demo-asg",
            "availability_zones": [
              "us-east-1a",
              "us-east-1b"
            ],
            "capacity_rebalance": false,
            "context": "",
            "default_cooldown": 300,
            "default_instance_warmup": 0,
            "desired_capacity": 1,
            "enabled_metrics": [
              "GroupDesiredCapacity",
              "GroupInServiceInstances",
              "GroupMaxSize",
              "GroupMinSize",
              "GroupTotalInstances"
            ],
            "force_delete": false,
            "force_delete_warm_pool": false,
            "health_check_grace_period": 100,
            "health_check_type": "ELB",
            "id": "demo-asg",
            "initial_lifecycle_hook": [],
            "instance_refresh": [],
            "launch_configuration": "",
            "launch_template": [
              {
                "id": "lt-06c31f22f2ee40a2c",
                "name": "demo-tpl",
                "version": "1"
              }
            ],
            "load_balancers": [],
            "max_instance_lifetime": 0,
            "max_size": 3,
            "metrics_granularity": "1Minute",
            "min_elb_capacity": null,
            "min_size": 1,
            "mixed_instances_policy": [],
            "name": "demo-asg",
            "name_prefix": "",
            "placement_group": "",
            "protect_from_scale_in": false,
            "service_linked_role_arn": "arn:aws:iam::772951946295:role/aws-service-role/autoscaling.amazonaws.com/AWSServiceRoleForAutoScaling",
            "suspended_processes": [],
            "tag": [],
            "tags": null,
            "target_group_arns": [
              "arn:aws:elasticloadbalancing:us-east-1:772951946295:targetgroup/tg-huyn-lb/4761fa5da4418ac0"
            ],
            "termination_policies": [],
            "timeouts": null,
            "vpc_zone_identifier": [
              "subnet-037949125d7847033",
              "subnet-061c6d906dbe87ee9"
            ],
            "wait_for_capacity_timeout": "10m",
            "wait_for_elb_capacity": null,
            "warm_pool": []
          },
          "sensitive_attributes": [],
          "private": "eyJlMmJmYjczMC1lY2FhLTExZTYtOGY4OC0zNDM2M2JjN2M0YzAiOnsiZGVsZXRlIjo2MDAwMDAwMDAwMDAsInVwZGF0ZSI6NjAwMDAwMDAwMDAwfX0=",
          "dependencies": [
            "aws_key_pair.auth",
            "data.aws_ami.ami_linux",
            "module.application_lb.aws_lb.huyn_lb",
            "module.application_lb.aws_lb_target_group.lb_target_group",
            "module.auto_scaling.aws_launch_template.this",
            "module.huyn_vpc.aws_security_group.huyn_sg",
            "module.huyn_vpc.aws_subnet.private_subnet",
            "module.huyn_vpc.aws_subnet.public_subnet",
            "module.huyn_vpc.aws_vpc.huyn_vpc",
            "tls_private_key.huyn_key"
          ]
        }
      ]
    },
    {
      "module": "module.auto_scaling",
      "mode": "managed",
      "type": "aws_autoscaling_policy",
      "name": "scale_down",
      "provider": "provider[\"registry.terraform.io/hashicorp/aws\"]",
      "instances": [
        {
          "schema_version": 0,
          "attributes": {
            "adjustment_type": "ChangeInCapacity",
            "arn": "arn:aws:autoscaling:us-east-1:772951946295:scalingPolicy:b42c74fc-5250-49dd-8fa9-cafb2c31dae9:autoScalingGroupName/demo-asg:policyName/demo-asg-scale-down",
            "autoscaling_group_name": "demo-asg",
            "cooldown": 50,
            "enabled": true,
            "estimated_instance_warmup": 0,
            "id": "demo-asg-scale-down",
            "metric_aggregation_type": "",
            "min_adjustment_magnitude": null,
            "name": "demo-asg-scale-down",
            "policy_type": "SimpleScaling",
            "predictive_scaling_configuration": [],
            "scaling_adjustment": -1,
            "step_adjustment": [],
            "target_tracking_configuration": []
          },
          "sensitive_attributes": [],
          "private": "bnVsbA==",
          "dependencies": [
            "module.auto_scaling.aws_autoscaling_group.this"
          ]
        }
      ]
    },
    {
      "module": "module.auto_scaling",
      "mode": "managed",
      "type": "aws_autoscaling_policy",
      "name": "scale_up",
      "provider": "provider[\"registry.terraform.io/hashicorp/aws\"]",
      "instances": [
        {
          "schema_version": 0,
          "attributes": {
            "adjustment_type": "ChangeInCapacity",
            "arn": "arn:aws:autoscaling:us-east-1:772951946295:scalingPolicy:085413a2-08cc-401d-87e2-cbfb13c11cc7:autoScalingGroupName/demo-asg:policyName/demo-asg-scale-up",
            "autoscaling_group_name": "demo-asg",
            "cooldown": 50,
            "enabled": true,
            "estimated_instance_warmup": 0,
            "id": "demo-asg-scale-up",
            "metric_aggregation_type": "",
            "min_adjustment_magnitude": null,
            "name": "demo-asg-scale-up",
            "policy_type": "SimpleScaling",
            "predictive_scaling_configuration": [],
            "scaling_adjustment": 1,
            "step_adjustment": [],
            "target_tracking_configuration": []
          },
          "sensitive_attributes": [],
          "private": "bnVsbA==",
          "dependencies": [
            "module.auto_scaling.aws_autoscaling_group.this"
          ]
        }
      ]
    },
    {
      "module": "module.auto_scaling",
      "mode": "managed",
      "type": "aws_cloudwatch_metric_alarm",
      "name": "scale_down_alarm",
      "provider": "provider[\"registry.terraform.io/hashicorp/aws\"]",
      "instances": [
        {
          "schema_version": 1,
          "attributes": {
            "actions_enabled": true,
            "alarm_actions": [
              "arn:aws:autoscaling:us-east-1:772951946295:scalingPolicy:b42c74fc-5250-49dd-8fa9-cafb2c31dae9:autoScalingGroupName/demo-asg:policyName/demo-asg-scale-down"
            ],
            "alarm_description": "asg-scale-down-cpu-alarm",
            "alarm_name": "demo-asg-scale-down-alarm",
            "arn": "arn:aws:cloudwatch:us-east-1:772951946295:alarm:demo-asg-scale-down-alarm",
            "comparison_operator": "LessThanOrEqualToThreshold",
            "datapoints_to_alarm": 0,
            "dimensions": {
              "AutoScalingGroupName": "demo-asg"
            },
            "evaluate_low_sample_count_percentiles": "",
            "evaluation_periods": 2,
            "extended_statistic": "",
            "id": "demo-asg-scale-down-alarm",
            "insufficient_data_actions": [],
            "metric_name": "CPUUtilization",
            "metric_query": [],
            "namespace": "AWS/EC2",
            "ok_actions": [],
            "period": 120,
            "statistic": "Average",
            "tags": {},
            "tags_all": {},
            "threshold": 5,
            "threshold_metric_id": "",
            "treat_missing_data": "missing",
            "unit": ""
          },
          "sensitive_attributes": [],
          "private": "eyJzY2hlbWFfdmVyc2lvbiI6IjEifQ==",
          "dependencies": [
            "aws_key_pair.auth",
            "data.aws_ami.ami_linux",
            "module.application_lb.aws_lb.huyn_lb",
            "module.application_lb.aws_lb_target_group.lb_target_group",
            "module.auto_scaling.aws_autoscaling_group.this",
            "module.auto_scaling.aws_autoscaling_policy.scale_down",
            "module.auto_scaling.aws_launch_template.this",
            "module.huyn_vpc.aws_security_group.huyn_sg",
            "module.huyn_vpc.aws_subnet.private_subnet",
            "module.huyn_vpc.aws_subnet.public_subnet",
            "module.huyn_vpc.aws_vpc.huyn_vpc",
            "tls_private_key.huyn_key"
          ]
        }
      ]
    },
    {
      "module": "module.auto_scaling",
      "mode": "managed",
      "type": "aws_cloudwatch_metric_alarm",
      "name": "scale_up_alarm",
      "provider": "provider[\"registry.terraform.io/hashicorp/aws\"]",
      "instances": [
        {
          "schema_version": 1,
          "attributes": {
            "actions_enabled": true,
            "alarm_actions": [
              "arn:aws:autoscaling:us-east-1:772951946295:scalingPolicy:085413a2-08cc-401d-87e2-cbfb13c11cc7:autoScalingGroupName/demo-asg:policyName/demo-asg-scale-up"
            ],
            "alarm_description": "asg-scale-up-cpu-alarm",
            "alarm_name": "demo-asg-scale-up-alarm",
            "arn": "arn:aws:cloudwatch:us-east-1:772951946295:alarm:demo-asg-scale-up-alarm",
            "comparison_operator": "GreaterThanOrEqualToThreshold",
            "datapoints_to_alarm": 0,
            "dimensions": {
              "AutoScalingGroupName": "demo-asg"
            },
            "evaluate_low_sample_count_percentiles": "",
            "evaluation_periods": 2,
            "extended_statistic": "",
            "id": "demo-asg-scale-up-alarm",
            "insufficient_data_actions": [],
            "metric_name": "CPUUtilization",
            "metric_query": [],
            "namespace": "AWS/EC2",
            "ok_actions": [],
            "period": 120,
            "statistic": "Average",
            "tags": {},
            "tags_all": {},
            "threshold": 30,
            "threshold_metric_id": "",
            "treat_missing_data": "missing",
            "unit": ""
          },
          "sensitive_attributes": [],
          "private": "eyJzY2hlbWFfdmVyc2lvbiI6IjEifQ==",
          "dependencies": [
            "aws_key_pair.auth",
            "data.aws_ami.ami_linux",
            "module.application_lb.aws_lb.huyn_lb",
            "module.application_lb.aws_lb_target_group.lb_target_group",
            "module.auto_scaling.aws_autoscaling_group.this",
            "module.auto_scaling.aws_autoscaling_policy.scale_up",
            "module.auto_scaling.aws_launch_template.this",
            "module.huyn_vpc.aws_security_group.huyn_sg",
            "module.huyn_vpc.aws_subnet.private_subnet",
            "module.huyn_vpc.aws_subnet.public_subnet",
            "module.huyn_vpc.aws_vpc.huyn_vpc",
            "tls_private_key.huyn_key"
          ]
        }
      ]
    },
    {
      "module": "module.auto_scaling",
      "mode": "managed",
      "type": "aws_launch_template",
      "name": "this",
      "provider": "provider[\"registry.terraform.io/hashicorp/aws\"]",
      "instances": [
        {
          "schema_version": 0,
          "attributes": {
            "arn": "arn:aws:ec2:us-east-1:772951946295:launch-template/lt-06c31f22f2ee40a2c",
            "block_device_mappings": [],
            "capacity_reservation_specification": [],
            "cpu_options": [],
            "credit_specification": [],
            "default_version": 1,
            "description": "",
            "disable_api_stop": false,
            "disable_api_termination": false,
            "ebs_optimized": "",
            "elastic_gpu_specifications": [],
            "elastic_inference_accelerator": [],
            "enclave_options": [],
            "hibernation_options": [],
            "iam_instance_profile": [],
            "id": "lt-06c31f22f2ee40a2c",
            "image_id": "ami-0b5eea76982371e91",
            "instance_initiated_shutdown_behavior": "",
            "instance_market_options": [],
            "instance_requirements": [],
            "instance_type": "t2.micro",
            "kernel_id": "",
            "key_name": "huyn",
            "latest_version": 1,
            "license_specification": [],
            "maintenance_options": [],
            "metadata_options": [],
            "monitoring": [],
            "name": "demo-tpl",
            "name_prefix": "",
            "network_interfaces": [
              {
                "associate_carrier_ip_address": "",
                "associate_public_ip_address": "true",
                "delete_on_termination": "",
                "description": "",
                "device_index": 0,
                "interface_type": "",
                "ipv4_address_count": 0,
                "ipv4_addresses": [],
                "ipv4_prefix_count": 0,
                "ipv4_prefixes": [],
                "ipv6_address_count": 0,
                "ipv6_addresses": [],
                "ipv6_prefix_count": 0,
                "ipv6_prefixes": [],
                "network_card_index": 0,
                "network_interface_id": "",
                "private_ip_address": "",
                "security_groups": [
                  "sg-011143621a78b44ac"
                ],
                "subnet_id": ""
              }
            ],
            "placement": [],
            "private_dns_name_options": [],
            "ram_disk_id": "",
            "security_group_names": [],
            "tag_specifications": [],
            "tags": {
              "Name": "demo-tpl"
            },
            "tags_all": {
              "Name": "demo-tpl"
            },
            "update_default_version": null,
            "user_data": "ICMhL2Jpbi9iYXNoCnN1ZG8geXVtIHVwZGF0ZSAteQpzdWRvIHl1bSBpbnN0YWxsIGh0dHBkIC15CnN1ZG8gc2VydmljZSBodHRwZCBzdGFydApzdWRvIGJhc2ggLWMgICJlY2hvICc8Y2VudGVyPjxoMT5JIGFtIGh1eTwvaDE+PC9jZW50ZXI+JyA+IC92YXIvd3d3L2h0bWwvaW5kZXguaHRtbCI=",
            "vpc_security_group_ids": []
          },
          "sensitive_attributes": [],
          "private": "bnVsbA==",
          "dependencies": [
            "aws_key_pair.auth",
            "data.aws_ami.ami_linux",
            "module.huyn_vpc.aws_security_group.huyn_sg",
            "module.huyn_vpc.aws_vpc.huyn_vpc",
            "tls_private_key.huyn_key"
          ]
        }
      ]
    },
    {
      "module": "module.huyn_vpc",
      "mode": "managed",
      "type": "aws_eip",
      "name": "nat",
      "provider": "provider[\"registry.terraform.io/hashicorp/aws\"]",
      "instances": [
        {
          "schema_version": 0,
          "attributes": {
            "address": null,
            "allocation_id": "eipalloc-0fc62e2673bc582a1",
            "associate_with_private_ip": null,
            "association_id": "eipassoc-054c42e1d6cb73439",
            "carrier_ip": "",
            "customer_owned_ip": "",
            "customer_owned_ipv4_pool": "",
            "domain": "vpc",
            "id": "eipalloc-0fc62e2673bc582a1",
            "instance": "",
            "network_border_group": "us-east-1",
            "network_interface": "eni-0988be3abf9461ac3",
            "private_dns": "ip-10-0-1-217.ec2.internal",
            "private_ip": "10.0.1.217",
            "public_dns": "ec2-34-193-65-137.compute-1.amazonaws.com",
            "public_ip": "34.193.65.137",
            "public_ipv4_pool": "amazon",
            "tags": {},
            "tags_all": {},
            "timeouts": null,
            "vpc": true
          },
          "sensitive_attributes": [],
          "private": "eyJlMmJmYjczMC1lY2FhLTExZTYtOGY4OC0zNDM2M2JjN2M0YzAiOnsiZGVsZXRlIjoxODAwMDAwMDAwMDAsInJlYWQiOjkwMDAwMDAwMDAwMCwidXBkYXRlIjozMDAwMDAwMDAwMDB9fQ=="
        }
      ]
    },
    {
      "module": "module.huyn_vpc",
      "mode": "managed",
      "type": "aws_internet_gateway",
      "name": "huyn_igw",
      "provider": "provider[\"registry.terraform.io/hashicorp/aws\"]",
      "instances": [
        {
          "schema_version": 0,
          "attributes": {
            "arn": "arn:aws:ec2:us-east-1:772951946295:internet-gateway/igw-0fa0b7514fc948e10",
            "id": "igw-0fa0b7514fc948e10",
            "owner_id": "772951946295",
            "tags": {
              "Name": "huyn_igw"
            },
            "tags_all": {
              "Name": "huyn_igw"
            },
            "timeouts": null,
            "vpc_id": "vpc-06ecfcd32ae0fba7f"
          },
          "sensitive_attributes": [],
          "private": "eyJlMmJmYjczMC1lY2FhLTExZTYtOGY4OC0zNDM2M2JjN2M0YzAiOnsiY3JlYXRlIjoxMjAwMDAwMDAwMDAwLCJkZWxldGUiOjEyMDAwMDAwMDAwMDAsInVwZGF0ZSI6MTIwMDAwMDAwMDAwMH19",
          "dependencies": [
            "module.huyn_vpc.aws_vpc.huyn_vpc"
          ]
        }
      ]
    },
    {
      "module": "module.huyn_vpc",
      "mode": "managed",
      "type": "aws_nat_gateway",
      "name": "huyn_NAT_gw",
      "provider": "provider[\"registry.terraform.io/hashicorp/aws\"]",
      "instances": [
        {
          "schema_version": 0,
          "attributes": {
            "allocation_id": "eipalloc-0fc62e2673bc582a1",
            "connectivity_type": "public",
            "id": "nat-06068e76d960e5bc8",
            "network_interface_id": "eni-0988be3abf9461ac3",
            "private_ip": "10.0.1.217",
            "public_ip": "34.193.65.137",
            "subnet_id": "subnet-0f0b65b2e574298ab",
            "tags": {
              "Name": "huyn_NAT_gw"
            },
            "tags_all": {
              "Name": "huyn_NAT_gw"
            }
          },
          "sensitive_attributes": [],
          "private": "bnVsbA==",
          "dependencies": [
            "module.huyn_vpc.aws_eip.nat",
            "module.huyn_vpc.aws_internet_gateway.huyn_igw",
            "module.huyn_vpc.aws_subnet.public_subnet",
            "module.huyn_vpc.aws_vpc.huyn_vpc"
          ]
        }
      ]
    },
    {
      "module": "module.huyn_vpc",
      "mode": "managed",
      "type": "aws_route_table",
      "name": "huyn_rtb_private",
      "provider": "provider[\"registry.terraform.io/hashicorp/aws\"]",
      "instances": [
        {
          "schema_version": 0,
          "attributes": {
            "arn": "arn:aws:ec2:us-east-1:772951946295:route-table/rtb-0a957ef4ea3bcea05",
            "id": "rtb-0a957ef4ea3bcea05",
            "owner_id": "772951946295",
            "propagating_vgws": [],
            "route": [
              {
                "carrier_gateway_id": "",
                "cidr_block": "0.0.0.0/0",
                "core_network_arn": "",
                "destination_prefix_list_id": "",
                "egress_only_gateway_id": "",
                "gateway_id": "nat-06068e76d960e5bc8",
                "instance_id": "",
                "ipv6_cidr_block": "",
                "local_gateway_id": "",
                "nat_gateway_id": "",
                "network_interface_id": "",
                "transit_gateway_id": "",
                "vpc_endpoint_id": "",
                "vpc_peering_connection_id": ""
              }
            ],
            "tags": {
              "Name": "huyn_rtb_private"
            },
            "tags_all": {
              "Name": "huyn_rtb_private"
            },
            "timeouts": null,
            "vpc_id": "vpc-06ecfcd32ae0fba7f"
          },
          "sensitive_attributes": [],
          "private": "eyJlMmJmYjczMC1lY2FhLTExZTYtOGY4OC0zNDM2M2JjN2M0YzAiOnsiY3JlYXRlIjozMDAwMDAwMDAwMDAsImRlbGV0ZSI6MzAwMDAwMDAwMDAwLCJ1cGRhdGUiOjEyMDAwMDAwMDAwMH19",
          "dependencies": [
            "module.huyn_vpc.aws_nat_gateway.huyn_NAT_gw",
            "module.huyn_vpc.aws_vpc.huyn_vpc"
          ]
        }
      ]
    },
    {
      "module": "module.huyn_vpc",
      "mode": "managed",
      "type": "aws_route_table",
      "name": "huyn_rtb_public",
      "provider": "provider[\"registry.terraform.io/hashicorp/aws\"]",
      "instances": [
        {
          "schema_version": 0,
          "attributes": {
            "arn": "arn:aws:ec2:us-east-1:772951946295:route-table/rtb-0a50693f4b0e3a7d2",
            "id": "rtb-0a50693f4b0e3a7d2",
            "owner_id": "772951946295",
            "propagating_vgws": [],
            "route": [
              {
                "carrier_gateway_id": "",
                "cidr_block": "",
                "core_network_arn": "",
                "destination_prefix_list_id": "",
                "egress_only_gateway_id": "",
                "gateway_id": "igw-0fa0b7514fc948e10",
                "instance_id": "",
                "ipv6_cidr_block": "::/0",
                "local_gateway_id": "",
                "nat_gateway_id": "",
                "network_interface_id": "",
                "transit_gateway_id": "",
                "vpc_endpoint_id": "",
                "vpc_peering_connection_id": ""
              },
              {
                "carrier_gateway_id": "",
                "cidr_block": "0.0.0.0/0",
                "core_network_arn": "",
                "destination_prefix_list_id": "",
                "egress_only_gateway_id": "",
                "gateway_id": "igw-0fa0b7514fc948e10",
                "instance_id": "",
                "ipv6_cidr_block": "",
                "local_gateway_id": "",
                "nat_gateway_id": "",
                "network_interface_id": "",
                "transit_gateway_id": "",
                "vpc_endpoint_id": "",
                "vpc_peering_connection_id": ""
              }
            ],
            "tags": {
              "Name": "huyn_rtb_public"
            },
            "tags_all": {
              "Name": "huyn_rtb_public"
            },
            "timeouts": null,
            "vpc_id": "vpc-06ecfcd32ae0fba7f"
          },
          "sensitive_attributes": [],
          "private": "eyJlMmJmYjczMC1lY2FhLTExZTYtOGY4OC0zNDM2M2JjN2M0YzAiOnsiY3JlYXRlIjozMDAwMDAwMDAwMDAsImRlbGV0ZSI6MzAwMDAwMDAwMDAwLCJ1cGRhdGUiOjEyMDAwMDAwMDAwMH19",
          "dependencies": [
            "module.huyn_vpc.aws_internet_gateway.huyn_igw",
            "module.huyn_vpc.aws_vpc.huyn_vpc"
          ]
        }
      ]
    },
    {
      "module": "module.huyn_vpc",
      "mode": "managed",
      "type": "aws_route_table_association",
      "name": "private_association",
      "provider": "provider[\"registry.terraform.io/hashicorp/aws\"]",
      "instances": [
        {
          "index_key": "0",
          "schema_version": 0,
          "attributes": {
            "gateway_id": "",
            "id": "rtbassoc-0914f88ebe3c89336",
            "route_table_id": "rtb-0a957ef4ea3bcea05",
            "subnet_id": "subnet-037949125d7847033"
          },
          "sensitive_attributes": [],
          "private": "bnVsbA==",
          "dependencies": [
            "module.huyn_vpc.aws_eip.nat",
            "module.huyn_vpc.aws_internet_gateway.huyn_igw",
            "module.huyn_vpc.aws_nat_gateway.huyn_NAT_gw",
            "module.huyn_vpc.aws_route_table.huyn_rtb_private",
            "module.huyn_vpc.aws_subnet.private_subnet",
            "module.huyn_vpc.aws_subnet.public_subnet",
            "module.huyn_vpc.aws_vpc.huyn_vpc"
          ]
        },
        {
          "index_key": "1",
          "schema_version": 0,
          "attributes": {
            "gateway_id": "",
            "id": "rtbassoc-01ebb88fd2a7179b1",
            "route_table_id": "rtb-0a957ef4ea3bcea05",
            "subnet_id": "subnet-061c6d906dbe87ee9"
          },
          "sensitive_attributes": [],
          "private": "bnVsbA==",
          "dependencies": [
            "module.huyn_vpc.aws_eip.nat",
            "module.huyn_vpc.aws_internet_gateway.huyn_igw",
            "module.huyn_vpc.aws_nat_gateway.huyn_NAT_gw",
            "module.huyn_vpc.aws_route_table.huyn_rtb_private",
            "module.huyn_vpc.aws_subnet.private_subnet",
            "module.huyn_vpc.aws_subnet.public_subnet",
            "module.huyn_vpc.aws_vpc.huyn_vpc"
          ]
        },
        {
          "index_key": "2",
          "schema_version": 0,
          "attributes": {
            "gateway_id": "",
            "id": "rtbassoc-0124d5ad3fede05ac",
            "route_table_id": "rtb-0a957ef4ea3bcea05",
            "subnet_id": "subnet-07a8e6050b87ead47"
          },
          "sensitive_attributes": [],
          "private": "bnVsbA==",
          "dependencies": [
            "module.huyn_vpc.aws_eip.nat",
            "module.huyn_vpc.aws_internet_gateway.huyn_igw",
            "module.huyn_vpc.aws_nat_gateway.huyn_NAT_gw",
            "module.huyn_vpc.aws_route_table.huyn_rtb_private",
            "module.huyn_vpc.aws_subnet.private_subnet",
            "module.huyn_vpc.aws_subnet.public_subnet",
            "module.huyn_vpc.aws_vpc.huyn_vpc"
          ]
        }
      ]
    },
    {
      "module": "module.huyn_vpc",
      "mode": "managed",
      "type": "aws_route_table_association",
      "name": "public_association",
      "provider": "provider[\"registry.terraform.io/hashicorp/aws\"]",
      "instances": [
        {
          "index_key": "0",
          "schema_version": 0,
          "attributes": {
            "gateway_id": "",
            "id": "rtbassoc-0011830646af98f1c",
            "route_table_id": "rtb-0a50693f4b0e3a7d2",
            "subnet_id": "subnet-0f0b65b2e574298ab"
          },
          "sensitive_attributes": [],
          "private": "bnVsbA==",
          "dependencies": [
            "module.huyn_vpc.aws_internet_gateway.huyn_igw",
            "module.huyn_vpc.aws_route_table.huyn_rtb_public",
            "module.huyn_vpc.aws_subnet.public_subnet",
            "module.huyn_vpc.aws_vpc.huyn_vpc"
          ]
        },
        {
          "index_key": "1",
          "schema_version": 0,
          "attributes": {
            "gateway_id": "",
            "id": "rtbassoc-0599774a1c26eeefd",
            "route_table_id": "rtb-0a50693f4b0e3a7d2",
            "subnet_id": "subnet-02aa3c664a64c852f"
          },
          "sensitive_attributes": [],
          "private": "bnVsbA==",
          "dependencies": [
            "module.huyn_vpc.aws_internet_gateway.huyn_igw",
            "module.huyn_vpc.aws_route_table.huyn_rtb_public",
            "module.huyn_vpc.aws_subnet.public_subnet",
            "module.huyn_vpc.aws_vpc.huyn_vpc"
          ]
        },
        {
          "index_key": "2",
          "schema_version": 0,
          "attributes": {
            "gateway_id": "",
            "id": "rtbassoc-0a603e735ee059420",
            "route_table_id": "rtb-0a50693f4b0e3a7d2",
            "subnet_id": "subnet-0012c14eb1b34fbb3"
          },
          "sensitive_attributes": [],
          "private": "bnVsbA==",
          "dependencies": [
            "module.huyn_vpc.aws_internet_gateway.huyn_igw",
            "module.huyn_vpc.aws_route_table.huyn_rtb_public",
            "module.huyn_vpc.aws_subnet.public_subnet",
            "module.huyn_vpc.aws_vpc.huyn_vpc"
          ]
        }
      ]
    },
    {
      "module": "module.huyn_vpc",
      "mode": "managed",
      "type": "aws_security_group",
      "name": "huyn_sg",
      "provider": "provider[\"registry.terraform.io/hashicorp/aws\"]",
      "instances": [
        {
          "schema_version": 1,
          "attributes": {
            "arn": "arn:aws:ec2:us-east-1:772951946295:security-group/sg-011143621a78b44ac",
            "description": "Managed by Terraform",
            "egress": [
              {
                "cidr_blocks": [
                  "0.0.0.0/0"
                ],
                "description": "",
                "from_port": 0,
                "ipv6_cidr_blocks": [],
                "prefix_list_ids": [],
                "protocol": "-1",
                "security_groups": [],
                "self": false,
                "to_port": 0
              }
            ],
            "id": "sg-011143621a78b44ac",
            "ingress": [
              {
                "cidr_blocks": [
                  "0.0.0.0/0"
                ],
                "description": "",
                "from_port": 22,
                "ipv6_cidr_blocks": [],
                "prefix_list_ids": [],
                "protocol": "tcp",
                "security_groups": [],
                "self": false,
                "to_port": 22
              },
              {
                "cidr_blocks": [
                  "0.0.0.0/0"
                ],
                "description": "",
                "from_port": 8080,
                "ipv6_cidr_blocks": [],
                "prefix_list_ids": [],
                "protocol": "tcp",
                "security_groups": [],
                "self": false,
                "to_port": 8080
              },
              {
                "cidr_blocks": [
                  "0.0.0.0/0"
                ],
                "description": "",
                "from_port": 80,
                "ipv6_cidr_blocks": [],
                "prefix_list_ids": [],
                "protocol": "tcp",
                "security_groups": [],
                "self": false,
                "to_port": 80
              }
            ],
            "name": "huyn sg",
            "name_prefix": "",
            "owner_id": "772951946295",
            "revoke_rules_on_delete": false,
            "tags": {
              "Name": "Huyn_sg"
            },
            "tags_all": {
              "Name": "Huyn_sg"
            },
            "timeouts": null,
            "vpc_id": "vpc-06ecfcd32ae0fba7f"
          },
          "sensitive_attributes": [],
          "private": "eyJlMmJmYjczMC1lY2FhLTExZTYtOGY4OC0zNDM2M2JjN2M0YzAiOnsiY3JlYXRlIjo2MDAwMDAwMDAwMDAsImRlbGV0ZSI6OTAwMDAwMDAwMDAwfSwic2NoZW1hX3ZlcnNpb24iOiIxIn0=",
          "dependencies": [
            "module.huyn_vpc.aws_vpc.huyn_vpc"
          ],
          "create_before_destroy": true
        }
      ]
    },
    {
      "module": "module.huyn_vpc",
      "mode": "managed",
      "type": "aws_subnet",
      "name": "private_subnet",
      "provider": "provider[\"registry.terraform.io/hashicorp/aws\"]",
      "instances": [
        {
          "index_key": 0,
          "schema_version": 1,
          "attributes": {
            "arn": "arn:aws:ec2:us-east-1:772951946295:subnet/subnet-037949125d7847033",
            "assign_ipv6_address_on_creation": false,
            "availability_zone": "us-east-1a",
            "availability_zone_id": "use1-az1",
            "cidr_block": "10.0.4.0/24",
            "customer_owned_ipv4_pool": "",
            "enable_dns64": false,
            "enable_resource_name_dns_a_record_on_launch": false,
            "enable_resource_name_dns_aaaa_record_on_launch": false,
            "id": "subnet-037949125d7847033",
            "ipv6_cidr_block": "",
            "ipv6_cidr_block_association_id": "",
            "ipv6_native": false,
            "map_customer_owned_ip_on_launch": false,
            "map_public_ip_on_launch": false,
            "outpost_arn": "",
            "owner_id": "772951946295",
            "private_dns_hostname_type_on_launch": "ip-name",
            "tags": {
              "Name": "Private_subnet 0"
            },
            "tags_all": {
              "Name": "Private_subnet 0"
            },
            "timeouts": null,
            "vpc_id": "vpc-06ecfcd32ae0fba7f"
          },
          "sensitive_attributes": [],
          "private": "eyJlMmJmYjczMC1lY2FhLTExZTYtOGY4OC0zNDM2M2JjN2M0YzAiOnsiY3JlYXRlIjo2MDAwMDAwMDAwMDAsImRlbGV0ZSI6MTIwMDAwMDAwMDAwMH0sInNjaGVtYV92ZXJzaW9uIjoiMSJ9",
          "dependencies": [
            "module.huyn_vpc.aws_vpc.huyn_vpc"
          ]
        },
        {
          "index_key": 1,
          "schema_version": 1,
          "attributes": {
            "arn": "arn:aws:ec2:us-east-1:772951946295:subnet/subnet-061c6d906dbe87ee9",
            "assign_ipv6_address_on_creation": false,
            "availability_zone": "us-east-1b",
            "availability_zone_id": "use1-az2",
            "cidr_block": "10.0.5.0/24",
            "customer_owned_ipv4_pool": "",
            "enable_dns64": false,
            "enable_resource_name_dns_a_record_on_launch": false,
            "enable_resource_name_dns_aaaa_record_on_launch": false,
            "id": "subnet-061c6d906dbe87ee9",
            "ipv6_cidr_block": "",
            "ipv6_cidr_block_association_id": "",
            "ipv6_native": false,
            "map_customer_owned_ip_on_launch": false,
            "map_public_ip_on_launch": false,
            "outpost_arn": "",
            "owner_id": "772951946295",
            "private_dns_hostname_type_on_launch": "ip-name",
            "tags": {
              "Name": "Private_subnet 1"
            },
            "tags_all": {
              "Name": "Private_subnet 1"
            },
            "timeouts": null,
            "vpc_id": "vpc-06ecfcd32ae0fba7f"
          },
          "sensitive_attributes": [],
          "private": "eyJlMmJmYjczMC1lY2FhLTExZTYtOGY4OC0zNDM2M2JjN2M0YzAiOnsiY3JlYXRlIjo2MDAwMDAwMDAwMDAsImRlbGV0ZSI6MTIwMDAwMDAwMDAwMH0sInNjaGVtYV92ZXJzaW9uIjoiMSJ9",
          "dependencies": [
            "module.huyn_vpc.aws_vpc.huyn_vpc"
          ]
        },
        {
          "index_key": 2,
          "schema_version": 1,
          "attributes": {
            "arn": "arn:aws:ec2:us-east-1:772951946295:subnet/subnet-07a8e6050b87ead47",
            "assign_ipv6_address_on_creation": false,
            "availability_zone": "us-east-1c",
            "availability_zone_id": "use1-az4",
            "cidr_block": "10.0.6.0/24",
            "customer_owned_ipv4_pool": "",
            "enable_dns64": false,
            "enable_resource_name_dns_a_record_on_launch": false,
            "enable_resource_name_dns_aaaa_record_on_launch": false,
            "id": "subnet-07a8e6050b87ead47",
            "ipv6_cidr_block": "",
            "ipv6_cidr_block_association_id": "",
            "ipv6_native": false,
            "map_customer_owned_ip_on_launch": false,
            "map_public_ip_on_launch": false,
            "outpost_arn": "",
            "owner_id": "772951946295",
            "private_dns_hostname_type_on_launch": "ip-name",
            "tags": {
              "Name": "Private_subnet 2"
            },
            "tags_all": {
              "Name": "Private_subnet 2"
            },
            "timeouts": null,
            "vpc_id": "vpc-06ecfcd32ae0fba7f"
          },
          "sensitive_attributes": [],
          "private": "eyJlMmJmYjczMC1lY2FhLTExZTYtOGY4OC0zNDM2M2JjN2M0YzAiOnsiY3JlYXRlIjo2MDAwMDAwMDAwMDAsImRlbGV0ZSI6MTIwMDAwMDAwMDAwMH0sInNjaGVtYV92ZXJzaW9uIjoiMSJ9",
          "dependencies": [
            "module.huyn_vpc.aws_vpc.huyn_vpc"
          ]
        }
      ]
    },
    {
      "module": "module.huyn_vpc",
      "mode": "managed",
      "type": "aws_subnet",
      "name": "public_subnet",
      "provider": "provider[\"registry.terraform.io/hashicorp/aws\"]",
      "instances": [
        {
          "index_key": 0,
          "schema_version": 1,
          "attributes": {
            "arn": "arn:aws:ec2:us-east-1:772951946295:subnet/subnet-0f0b65b2e574298ab",
            "assign_ipv6_address_on_creation": false,
            "availability_zone": "us-east-1a",
            "availability_zone_id": "use1-az1",
            "cidr_block": "10.0.1.0/24",
            "customer_owned_ipv4_pool": "",
            "enable_dns64": false,
            "enable_resource_name_dns_a_record_on_launch": false,
            "enable_resource_name_dns_aaaa_record_on_launch": false,
            "id": "subnet-0f0b65b2e574298ab",
            "ipv6_cidr_block": "",
            "ipv6_cidr_block_association_id": "",
            "ipv6_native": false,
            "map_customer_owned_ip_on_launch": false,
            "map_public_ip_on_launch": false,
            "outpost_arn": "",
            "owner_id": "772951946295",
            "private_dns_hostname_type_on_launch": "ip-name",
            "tags": {
              "Name": "Public_subnet 0"
            },
            "tags_all": {
              "Name": "Public_subnet 0"
            },
            "timeouts": null,
            "vpc_id": "vpc-06ecfcd32ae0fba7f"
          },
          "sensitive_attributes": [],
          "private": "eyJlMmJmYjczMC1lY2FhLTExZTYtOGY4OC0zNDM2M2JjN2M0YzAiOnsiY3JlYXRlIjo2MDAwMDAwMDAwMDAsImRlbGV0ZSI6MTIwMDAwMDAwMDAwMH0sInNjaGVtYV92ZXJzaW9uIjoiMSJ9",
          "dependencies": [
            "module.huyn_vpc.aws_vpc.huyn_vpc"
          ],
          "create_before_destroy": true
        },
        {
          "index_key": 1,
          "schema_version": 1,
          "attributes": {
            "arn": "arn:aws:ec2:us-east-1:772951946295:subnet/subnet-02aa3c664a64c852f",
            "assign_ipv6_address_on_creation": false,
            "availability_zone": "us-east-1b",
            "availability_zone_id": "use1-az2",
            "cidr_block": "10.0.2.0/24",
            "customer_owned_ipv4_pool": "",
            "enable_dns64": false,
            "enable_resource_name_dns_a_record_on_launch": false,
            "enable_resource_name_dns_aaaa_record_on_launch": false,
            "id": "subnet-02aa3c664a64c852f",
            "ipv6_cidr_block": "",
            "ipv6_cidr_block_association_id": "",
            "ipv6_native": false,
            "map_customer_owned_ip_on_launch": false,
            "map_public_ip_on_launch": false,
            "outpost_arn": "",
            "owner_id": "772951946295",
            "private_dns_hostname_type_on_launch": "ip-name",
            "tags": {
              "Name": "Public_subnet 1"
            },
            "tags_all": {
              "Name": "Public_subnet 1"
            },
            "timeouts": null,
            "vpc_id": "vpc-06ecfcd32ae0fba7f"
          },
          "sensitive_attributes": [],
          "private": "eyJlMmJmYjczMC1lY2FhLTExZTYtOGY4OC0zNDM2M2JjN2M0YzAiOnsiY3JlYXRlIjo2MDAwMDAwMDAwMDAsImRlbGV0ZSI6MTIwMDAwMDAwMDAwMH0sInNjaGVtYV92ZXJzaW9uIjoiMSJ9",
          "dependencies": [
            "module.huyn_vpc.aws_vpc.huyn_vpc"
          ],
          "create_before_destroy": true
        },
        {
          "index_key": 2,
          "schema_version": 1,
          "attributes": {
            "arn": "arn:aws:ec2:us-east-1:772951946295:subnet/subnet-0012c14eb1b34fbb3",
            "assign_ipv6_address_on_creation": false,
            "availability_zone": "us-east-1c",
            "availability_zone_id": "use1-az4",
            "cidr_block": "10.0.3.0/24",
            "customer_owned_ipv4_pool": "",
            "enable_dns64": false,
            "enable_resource_name_dns_a_record_on_launch": false,
            "enable_resource_name_dns_aaaa_record_on_launch": false,
            "id": "subnet-0012c14eb1b34fbb3",
            "ipv6_cidr_block": "",
            "ipv6_cidr_block_association_id": "",
            "ipv6_native": false,
            "map_customer_owned_ip_on_launch": false,
            "map_public_ip_on_launch": false,
            "outpost_arn": "",
            "owner_id": "772951946295",
            "private_dns_hostname_type_on_launch": "ip-name",
            "tags": {
              "Name": "Public_subnet 2"
            },
            "tags_all": {
              "Name": "Public_subnet 2"
            },
            "timeouts": null,
            "vpc_id": "vpc-06ecfcd32ae0fba7f"
          },
          "sensitive_attributes": [],
          "private": "eyJlMmJmYjczMC1lY2FhLTExZTYtOGY4OC0zNDM2M2JjN2M0YzAiOnsiY3JlYXRlIjo2MDAwMDAwMDAwMDAsImRlbGV0ZSI6MTIwMDAwMDAwMDAwMH0sInNjaGVtYV92ZXJzaW9uIjoiMSJ9",
          "dependencies": [
            "module.huyn_vpc.aws_vpc.huyn_vpc"
          ],
          "create_before_destroy": true
        }
      ]
    },
    {
      "module": "module.huyn_vpc",
      "mode": "managed",
      "type": "aws_vpc",
      "name": "huyn_vpc",
      "provider": "provider[\"registry.terraform.io/hashicorp/aws\"]",
      "instances": [
        {
          "schema_version": 1,
          "attributes": {
            "arn": "arn:aws:ec2:us-east-1:772951946295:vpc/vpc-06ecfcd32ae0fba7f",
            "assign_generated_ipv6_cidr_block": false,
            "cidr_block": "10.0.0.0/16",
            "default_network_acl_id": "acl-08ddf3d8a14556b10",
            "default_route_table_id": "rtb-0f1db0a495e23cc00",
            "default_security_group_id": "sg-094b70eceb9eb476c",
            "dhcp_options_id": "dopt-030f1844e5bb38564",
            "enable_classiclink": false,
            "enable_classiclink_dns_support": false,
            "enable_dns_hostnames": true,
            "enable_dns_support": true,
            "enable_network_address_usage_metrics": false,
            "id": "vpc-06ecfcd32ae0fba7f",
            "instance_tenancy": "default",
            "ipv4_ipam_pool_id": null,
            "ipv4_netmask_length": null,
            "ipv6_association_id": "",
            "ipv6_cidr_block": "",
            "ipv6_cidr_block_network_border_group": "",
            "ipv6_ipam_pool_id": "",
            "ipv6_netmask_length": 0,
            "main_route_table_id": "rtb-0f1db0a495e23cc00",
            "owner_id": "772951946295",
            "tags": {
              "Name": "huyn_vpc"
            },
            "tags_all": {
              "Name": "huyn_vpc"
            }
          },
          "sensitive_attributes": [],
          "private": "eyJzY2hlbWFfdmVyc2lvbiI6IjEifQ==",
          "create_before_destroy": true
        }
      ]
    }
  ],
  "check_results": null
}
