{
  "version": 4,
  "terraform_version": "1.3.7",
  "serial": 641,
  "lineage": "80143a0e-4284-1344-f540-4da23ca9d943",
  "outputs": {},
  "resources": [
    {
      "mode": "data",
      "type": "aws_ami",
      "name": "ami_linux",
      "provider": "provider[\"registry.terraform.io/hashicorp/aws\"]",
      "instances": [
        {
          "schema_version": 0,
          "attributes": {
            "architecture": "x86_64",
            "arn": "arn:aws:ec2:us-east-1::image/ami-0b5eea76982371e91",
            "block_device_mappings": [
              {
                "device_name": "/dev/xvda",
                "ebs": {
                  "delete_on_termination": "true",
                  "encrypted": "false",
                  "iops": "0",
                  "snapshot_id": "snap-097c82c1f068b49cb",
                  "throughput": "0",
                  "volume_size": "8",
                  "volume_type": "gp2"
                },
                "no_device": "",
                "virtual_name": ""
              }
            ],
            "boot_mode": "",
            "creation_date": "2022-12-16T02:08:09.000Z",
            "deprecation_time": "2024-12-16T02:08:09.000Z",
            "description": "Amazon Linux 2 Kernel 5.10 AMI 2.0.20221210.1 x86_64 HVM gp2",
            "ena_support": true,
            "executable_users": null,
            "filter": [
              {
                "name": "name",
                "values": [
                  "amzn2-ami-kernel-5.10-hvm-*-x86_64-gp2"
                ]
              },
              {
                "name": "virtualization-type",
                "values": [
                  "hvm"
                ]
              }
            ],
            "hypervisor": "xen",
            "id": "ami-0b5eea76982371e91",
            "image_id": "ami-0b5eea76982371e91",
            "image_location": "amazon/amzn2-ami-kernel-5.10-hvm-2.0.20221210.1-x86_64-gp2",
            "image_owner_alias": "amazon",
            "image_type": "machine",
            "imds_support": "",
            "include_deprecated": false,
            "kernel_id": "",
            "most_recent": true,
            "name": "amzn2-ami-kernel-5.10-hvm-2.0.20221210.1-x86_64-gp2",
            "name_regex": null,
            "owner_id": "137112412989",
            "owners": [
              "amazon"
            ],
            "platform": "",
            "platform_details": "Linux/UNIX",
            "product_codes": [],
            "public": true,
            "ramdisk_id": "",
            "root_device_name": "/dev/xvda",
            "root_device_type": "ebs",
            "root_snapshot_id": "snap-097c82c1f068b49cb",
            "sriov_net_support": "simple",
            "state": "available",
            "state_reason": {
              "code": "UNSET",
              "message": "UNSET"
            },
            "tags": {},
            "timeouts": null,
            "tpm_support": "",
            "usage_operation": "RunInstances",
            "virtualization_type": "hvm"
          },
          "sensitive_attributes": []
        }
      ]
    },
    {
      "mode": "managed",
      "type": "aws_instance",
      "name": "bastion",
      "provider": "provider[\"registry.terraform.io/hashicorp/aws\"]",
      "instances": [
        {
          "schema_version": 1,
          "attributes": {
            "ami": "ami-0b5eea76982371e91",
            "arn": "arn:aws:ec2:us-east-1:772951946295:instance/i-0da4a7449e166336f",
            "associate_public_ip_address": true,
            "availability_zone": "us-east-1a",
            "capacity_reservation_specification": [
              {
                "capacity_reservation_preference": "open",
                "capacity_reservation_target": []
              }
            ],
            "cpu_core_count": 1,
            "cpu_threads_per_core": 1,
            "credit_specification": [
              {
                "cpu_credits": "standard"
              }
            ],
            "disable_api_stop": false,
            "disable_api_termination": false,
            "ebs_block_device": [],
            "ebs_optimized": false,
            "enclave_options": [
              {
                "enabled": false
              }
            ],
            "ephemeral_block_device": [],
            "get_password_data": false,
            "hibernation": false,
            "host_id": null,
            "host_resource_group_arn": null,
            "iam_instance_profile": "",
            "id": "i-0da4a7449e166336f",
            "instance_initiated_shutdown_behavior": "stop",
            "instance_state": "running",
            "instance_type": "t2.micro",
            "ipv6_address_count": 0,
            "ipv6_addresses": [],
            "key_name": "huyn",
            "launch_template": [],
            "maintenance_options": [
              {
                "auto_recovery": "default"
              }
            ],
            "metadata_options": [
              {
                "http_endpoint": "enabled",
                "http_put_response_hop_limit": 1,
                "http_tokens": "optional",
                "instance_metadata_tags": "disabled"
              }
            ],
            "monitoring": false,
            "network_interface": [],
            "outpost_arn": "",
            "password_data": "",
            "placement_group": "",
            "placement_partition_number": null,
            "primary_network_interface_id": "eni-0e7c99ad2eb1d3f47",
            "private_dns": "ip-10-0-1-40.ec2.internal",
            "private_dns_name_options": [
              {
                "enable_resource_name_dns_a_record": false,
                "enable_resource_name_dns_aaaa_record": false,
                "hostname_type": "ip-name"
              }
            ],
            "private_ip": "10.0.1.40",
            "public_dns": "ec2-100-25-77-38.compute-1.amazonaws.com",
            "public_ip": "100.25.77.38",
            "root_block_device": [
              {
                "delete_on_termination": true,
                "device_name": "/dev/xvda",
                "encrypted": false,
                "iops": 100,
                "kms_key_id": "",
                "tags": {},
                "throughput": 0,
                "volume_id": "vol-0797dd1a6aa880ad5",
                "volume_size": 8,
                "volume_type": "gp2"
              }
            ],
            "secondary_private_ips": [],
            "security_groups": [
              "sg-0b24f89d65d487b94"
            ],
            "source_dest_check": true,
            "subnet_id": "subnet-0bd78dc2d3be086b1",
            "tags": {
              "Name": "bastion"
            },
            "tags_all": {
              "Name": "bastion"
            },
            "tenancy": "default",
            "timeouts": null,
            "user_data": null,
            "user_data_base64": null,
            "user_data_replace_on_change": false,
            "volume_tags": null,
            "vpc_security_group_ids": [
              "sg-0b24f89d65d487b94"
            ]
          },
          "sensitive_attributes": [],
          "private": "eyJlMmJmYjczMC1lY2FhLTExZTYtOGY4OC0zNDM2M2JjN2M0YzAiOnsiY3JlYXRlIjo2MDAwMDAwMDAwMDAsImRlbGV0ZSI6MTIwMDAwMDAwMDAwMCwidXBkYXRlIjo2MDAwMDAwMDAwMDB9LCJzY2hlbWFfdmVyc2lvbiI6IjEifQ==",
          "dependencies": [
            "aws_key_pair.auth",
            "data.aws_ami.ami_linux",
            "module.huyn_vpc.aws_security_group.huyn_sg",
            "module.huyn_vpc.aws_subnet.public_subnet"
          ]
        }
      ]
    },
    {
      "mode": "managed",
      "type": "aws_instance",
      "name": "instance1",
      "provider": "provider[\"registry.terraform.io/hashicorp/aws\"]",
      "instances": [
        {
          "schema_version": 1,
          "attributes": {
            "ami": "ami-0b5eea76982371e91",
            "arn": "arn:aws:ec2:us-east-1:772951946295:instance/i-001d2c05c5940502b",
            "associate_public_ip_address": true,
            "availability_zone": "us-east-1b",
            "capacity_reservation_specification": [
              {
                "capacity_reservation_preference": "open",
                "capacity_reservation_target": []
              }
            ],
            "cpu_core_count": 1,
            "cpu_threads_per_core": 1,
            "credit_specification": [
              {
                "cpu_credits": "standard"
              }
            ],
            "disable_api_stop": false,
            "disable_api_termination": false,
            "ebs_block_device": [],
            "ebs_optimized": false,
            "enclave_options": [
              {
                "enabled": false
              }
            ],
            "ephemeral_block_device": [],
            "get_password_data": false,
            "hibernation": false,
            "host_id": null,
            "host_resource_group_arn": null,
            "iam_instance_profile": "",
            "id": "i-001d2c05c5940502b",
            "instance_initiated_shutdown_behavior": "stop",
            "instance_state": "running",
            "instance_type": "t2.micro",
            "ipv6_address_count": 0,
            "ipv6_addresses": [],
            "key_name": "huyn",
            "launch_template": [],
            "maintenance_options": [
              {
                "auto_recovery": "default"
              }
            ],
            "metadata_options": [
              {
                "http_endpoint": "enabled",
                "http_put_response_hop_limit": 1,
                "http_tokens": "optional",
                "instance_metadata_tags": "disabled"
              }
            ],
            "monitoring": false,
            "network_interface": [],
            "outpost_arn": "",
            "password_data": "",
            "placement_group": "",
            "placement_partition_number": null,
            "primary_network_interface_id": "eni-0fa4450de4d59bbd2",
            "private_dns": "ip-10-0-5-5.ec2.internal",
            "private_dns_name_options": [
              {
                "enable_resource_name_dns_a_record": false,
                "enable_resource_name_dns_aaaa_record": false,
                "hostname_type": "ip-name"
              }
            ],
            "private_ip": "10.0.5.5",
            "public_dns": "ec2-3-84-188-67.compute-1.amazonaws.com",
            "public_ip": "3.84.188.67",
            "root_block_device": [
              {
                "delete_on_termination": true,
                "device_name": "/dev/xvda",
                "encrypted": false,
                "iops": 100,
                "kms_key_id": "",
                "tags": {},
                "throughput": 0,
                "volume_id": "vol-00533961b6f3af6ad",
                "volume_size": 8,
                "volume_type": "gp2"
              }
            ],
            "secondary_private_ips": [],
            "security_groups": [
              "sg-0b24f89d65d487b94"
            ],
            "source_dest_check": true,
            "subnet_id": "subnet-0f94c82af2d594d96",
            "tags": {
              "Name": "huyn"
            },
            "tags_all": {
              "Name": "huyn"
            },
            "tenancy": "default",
            "timeouts": null,
            "user_data": "7a9f6279e56cfbe3fa6487fd70528721e2bff3ec",
            "user_data_base64": null,
            "user_data_replace_on_change": false,
            "volume_tags": null,
            "vpc_security_group_ids": [
              "sg-0b24f89d65d487b94"
            ]
          },
          "sensitive_attributes": [],
          "private": "eyJlMmJmYjczMC1lY2FhLTExZTYtOGY4OC0zNDM2M2JjN2M0YzAiOnsiY3JlYXRlIjo2MDAwMDAwMDAwMDAsImRlbGV0ZSI6MTIwMDAwMDAwMDAwMCwidXBkYXRlIjo2MDAwMDAwMDAwMDB9LCJzY2hlbWFfdmVyc2lvbiI6IjEifQ==",
          "dependencies": [
            "aws_key_pair.auth",
            "data.aws_ami.ami_linux",
            "module.huyn_vpc.aws_security_group.huyn_sg",
            "module.huyn_vpc.aws_subnet.private_subnet"
          ]
        }
      ]
    },
    {
      "mode": "managed",
      "type": "aws_key_pair",
      "name": "auth",
      "provider": "provider[\"registry.terraform.io/hashicorp/aws\"]",
      "instances": [
        {
          "schema_version": 1,
          "attributes": {
            "arn": "arn:aws:ec2:us-east-1:772951946295:key-pair/huyn",
            "fingerprint": "0d:b4:00:36:b6:19:0e:17:31:09:e8:f4:59:f5:f8:4e",
            "id": "huyn",
            "key_name": "huyn",
            "key_name_prefix": "",
            "key_pair_id": "key-06b43f262bd910896",
            "key_type": "rsa",
            "public_key": "ssh-rsa AAAAB3NzaC1yc2EAAAADAQABAAABAQCjXIzd/ZKWSlgoodE66g6AiQjxH4idprAErnsCgQj6kX3rErl1J6z3J0VJuejydIGk/NLIeJdKtFrFMjF+zqx2vlKAHdMjLAfIb3qAUjVcIJN+4SNIpd0b7gnDcQEiU5MKN3nNuqbyD9TShZK2iHgSjwWCB96tRjABWVqfdIWouFxED9uKdO7w/1qO1a5mc5yJgcESjFxHlgk75HIsRuA1CVpyNbpXTv1U4CmXideiympnyftnGMwQjurtE7L7HGTTun+BGi9i8h4A56qZA92l74EGItSD7E5Iq98vuaal4YOKzJ1vnO5sL96E6AaeWTieaeeEusGOHkdsJ/ydZtkd",
            "tags": {},
            "tags_all": {}
          },
          "sensitive_attributes": [],
          "private": "eyJzY2hlbWFfdmVyc2lvbiI6IjEifQ==",
          "dependencies": [
            "tls_private_key.huyn_key"
          ]
        }
      ]
    },
    {
      "mode": "managed",
      "type": "local_file",
      "name": "save_key",
      "provider": "provider[\"registry.terraform.io/hashicorp/local\"]",
      "instances": [
        {
          "schema_version": 0,
          "attributes": {
            "content": "-----BEGIN RSA PRIVATE KEY-----\nMIIEowIBAAKCAQEAo1yM3f2SlkpYKKHROuoOgIkI8R+InaawBK57AoEI+pF96xK5\ndSes9ydFSbno8nSBpPzSyHiXSrRaxTIxfs6sdr5SgB3TIywHyG96gFI1XCCTfuEj\nSKXdG+4Jw3EBIlOTCjd5zbqm8g/U0oWStoh4Eo8FggferUYwAVlan3SFqLhcRA/b\ninTu8P9ajtWuZnOciYHBEoxcR5YJO+RyLEbgNQlacjW6V079VOApl4nXospqZ8n7\nZxjMEI7q7ROy+xxk07p/gRovYvIeAOeqmQPdpe+BBiLUg+xOSKvfL7mmpeGDisyd\nb5zubC/ehOgGnlk4nmnnhLrBjh5HbCf8nWbZHQIDAQABAoIBAAGeJAL6xN3aJJ9a\nYuELelNJiB4jKs4s3WdedvdiYb1hfXa7e7yuROc5q1T8k1L7VmFU4516nDzwJkn3\nokfYMhsG7Xg5U2Lwx67zc6obpk2gQPWrsxbAFb12EQCveMxnOXiLbhhcddTF1Vy0\nV+yY01+TrQFJpKngnQ8WXHBhzgUKskiIqzodIts13BpaMtPuZ+yZWrLA7Ktli39X\nRWa/EsTF3BYQaWg0WGLS3U+PWVDSFq5jnSonIvTg97l3o8WbEps18qWZy9ZGDAaH\nen2j1EC3cXHI3CjdojuBoJfodvsC1WVrHCV+zeW4PqdZ4Xd80eYDVsFNAe/gC3b2\nyQ6MvX0CgYEA2OUOzWemcJwIrdp9vukLjhjCkfc92EOCA/z2et7hYNNMoLd3hrHf\nA9z8yLJ7l9pGt6Wv4/rzBSTvS/hbt2yFa+pRKAKSCTAvklRAlJTwsgMKdvlub2Qw\npzhnTNRmAG5FmhCirvXcAfKTHXyXmg0lynepLHG1tK1b6ii99umJfPcCgYEAwNCg\nHTX91vJ2WpMXLJQxSNFHJyzPurfdO7myHF+/n8mf/GwM6BAJlAb5zyyV/XLCN+UX\ngZ9OwclWA8OpsB6gWwTN+8PH4L87IVbbilU0vcNcGbznsiaFLelFtzlhf8SAiLyg\ncGgFzFFScxcXsdh723sSeVe/iGNUkoLSi0o7OYsCgYAnLzq9YTxwm7/1qMOO+gtc\nYJzGQiSqLYgPsGPXTuzo0UPGxV6Stw/TYtlIaPZrOMQN6aEdTvkYtNOGphfry29P\nT8XZtJ0ti8cMaKxCK6ZQgrwhQm7xMOiZTVdcSgMjkMiCTP8XHNPihjCN4zSAYF+z\ndGrb3K83NRql8zZepVJxgQKBgQC91amOmPXOhvFXw7HxRgYv9zviqg/redLrVqyx\nmuODYnONhqQ+ZmvHvgZ9nxwdaLsnZPp7uGlGCgARvLZ4m+6tLlHPKrbD5ANHk8ia\nrcE7g/hNrts/XwWIaj8lYe1IaiNSfMRJZ2EuBHL0tSuzAb0QHl/V8Dq3AXTmur6o\nPPGKeQKBgAnL1No6LO4Szj5qu/bmDcegQ8SbnCFd9hZKQAMCHECtA6ugDRkrQVW7\n3XA1vCA+Rzv2X7Dhml3b298N9nEIII3oc8e33QNpqGHtFSjlQbU3IIUXTAzh6aI0\nh9Je/CvpnZXCMuzW8S7uTHJJ4/JFuZaI/57euQopaS9/eLFwpsAh\n-----END RSA PRIVATE KEY-----\n",
            "content_base64": null,
            "directory_permission": "0777",
            "file_permission": "0400",
            "filename": "huyn.pem",
            "id": "eb8c23a4b7aac58820e1faeddc2a851d480b3e5b",
            "sensitive_content": null,
            "source": null
          },
          "sensitive_attributes": [
            [
              {
                "type": "get_attr",
                "value": "content"
              }
            ]
          ],
          "private": "bnVsbA==",
          "dependencies": [
            "tls_private_key.huyn_key"
          ]
        }
      ]
    },
    {
      "mode": "managed",
      "type": "tls_private_key",
      "name": "huyn_key",
      "provider": "provider[\"registry.terraform.io/hashicorp/tls\"]",
      "instances": [
        {
          "schema_version": 1,
          "attributes": {
            "algorithm": "RSA",
            "ecdsa_curve": "P224",
            "id": "c07dfd1a243b45f531074187bfb632167bbec882",
            "private_key_openssh": "-----BEGIN OPENSSH PRIVATE KEY-----\nb3BlbnNzaC1rZXktdjEAAAAABG5vbmUAAAAEbm9uZQAAAAAAAAABAAABFwAAAAdz\nc2gtcnNhAAAAAwEAAQAAAQEAo1yM3f2SlkpYKKHROuoOgIkI8R+InaawBK57AoEI\n+pF96xK5dSes9ydFSbno8nSBpPzSyHiXSrRaxTIxfs6sdr5SgB3TIywHyG96gFI1\nXCCTfuEjSKXdG+4Jw3EBIlOTCjd5zbqm8g/U0oWStoh4Eo8FggferUYwAVlan3SF\nqLhcRA/binTu8P9ajtWuZnOciYHBEoxcR5YJO+RyLEbgNQlacjW6V079VOApl4nX\nospqZ8n7ZxjMEI7q7ROy+xxk07p/gRovYvIeAOeqmQPdpe+BBiLUg+xOSKvfL7mm\npeGDisydb5zubC/ehOgGnlk4nmnnhLrBjh5HbCf8nWbZHQAAA7iDplggg6ZYIAAA\nAAdzc2gtcnNhAAABAQCjXIzd/ZKWSlgoodE66g6AiQjxH4idprAErnsCgQj6kX3r\nErl1J6z3J0VJuejydIGk/NLIeJdKtFrFMjF+zqx2vlKAHdMjLAfIb3qAUjVcIJN+\n4SNIpd0b7gnDcQEiU5MKN3nNuqbyD9TShZK2iHgSjwWCB96tRjABWVqfdIWouFxE\nD9uKdO7w/1qO1a5mc5yJgcESjFxHlgk75HIsRuA1CVpyNbpXTv1U4CmXideiympn\nyftnGMwQjurtE7L7HGTTun+BGi9i8h4A56qZA92l74EGItSD7E5Iq98vuaal4YOK\nzJ1vnO5sL96E6AaeWTieaeeEusGOHkdsJ/ydZtkdAAAAAwEAAQAAAQABniQC+sTd\n2iSfWmLhC3pTSYgeIyrOLN1nXnb3YmG9YX12u3u8rkTnOatU/JNS+1ZhVOOdepw8\n8CZJ96JH2DIbBu14OVNi8Meu83OqG6ZNoED1q7MWwBW9dhEAr3jMZzl4i24YXHXU\nxdVctFfsmNNfk60BSaSp4J0PFlxwYc4FCrJIiKs6HSLbNdwaWjLT7mfsmVqywOyr\nZYt/V0VmvxLExdwWEGloNFhi0t1Pj1lQ0hauY50qJyL04Pe5d6PFmxKbNfKlmcvW\nRgwGh3p9o9RAt3FxyNwo3aI7gaCX6Hb7AtVlaxwlfs3luD6nWeF3fNHmA1bBTQHv\n4At29skOjL19AAAAgAnL1No6LO4Szj5qu/bmDcegQ8SbnCFd9hZKQAMCHECtA6ug\nDRkrQVW73XA1vCA+Rzv2X7Dhml3b298N9nEIII3oc8e33QNpqGHtFSjlQbU3IIUX\nTAzh6aI0h9Je/CvpnZXCMuzW8S7uTHJJ4/JFuZaI/57euQopaS9/eLFwpsAhAAAA\ngQDY5Q7NZ6ZwnAit2n2+6QuOGMKR9z3YQ4ID/PZ63uFg00ygt3eGsd8D3PzIsnuX\n2ka3pa/j+vMFJO9L+Fu3bIVr6lEoApIJMC+SVECUlPCyAwp2+W5vZDCnOGdM1GYA\nbkWaEKKu9dwB8pMdfJeaDSXKd6kscbW0rVvqKL326Yl89wAAAIEAwNCgHTX91vJ2\nWpMXLJQxSNFHJyzPurfdO7myHF+/n8mf/GwM6BAJlAb5zyyV/XLCN+UXgZ9OwclW\nA8OpsB6gWwTN+8PH4L87IVbbilU0vcNcGbznsiaFLelFtzlhf8SAiLygcGgFzFFS\ncxcXsdh723sSeVe/iGNUkoLSi0o7OYsAAAAAAQID\n-----END OPENSSH PRIVATE KEY-----\n",
            "private_key_pem": "-----BEGIN RSA PRIVATE KEY-----\nMIIEowIBAAKCAQEAo1yM3f2SlkpYKKHROuoOgIkI8R+InaawBK57AoEI+pF96xK5\ndSes9ydFSbno8nSBpPzSyHiXSrRaxTIxfs6sdr5SgB3TIywHyG96gFI1XCCTfuEj\nSKXdG+4Jw3EBIlOTCjd5zbqm8g/U0oWStoh4Eo8FggferUYwAVlan3SFqLhcRA/b\ninTu8P9ajtWuZnOciYHBEoxcR5YJO+RyLEbgNQlacjW6V079VOApl4nXospqZ8n7\nZxjMEI7q7ROy+xxk07p/gRovYvIeAOeqmQPdpe+BBiLUg+xOSKvfL7mmpeGDisyd\nb5zubC/ehOgGnlk4nmnnhLrBjh5HbCf8nWbZHQIDAQABAoIBAAGeJAL6xN3aJJ9a\nYuELelNJiB4jKs4s3WdedvdiYb1hfXa7e7yuROc5q1T8k1L7VmFU4516nDzwJkn3\nokfYMhsG7Xg5U2Lwx67zc6obpk2gQPWrsxbAFb12EQCveMxnOXiLbhhcddTF1Vy0\nV+yY01+TrQFJpKngnQ8WXHBhzgUKskiIqzodIts13BpaMtPuZ+yZWrLA7Ktli39X\nRWa/EsTF3BYQaWg0WGLS3U+PWVDSFq5jnSonIvTg97l3o8WbEps18qWZy9ZGDAaH\nen2j1EC3cXHI3CjdojuBoJfodvsC1WVrHCV+zeW4PqdZ4Xd80eYDVsFNAe/gC3b2\nyQ6MvX0CgYEA2OUOzWemcJwIrdp9vukLjhjCkfc92EOCA/z2et7hYNNMoLd3hrHf\nA9z8yLJ7l9pGt6Wv4/rzBSTvS/hbt2yFa+pRKAKSCTAvklRAlJTwsgMKdvlub2Qw\npzhnTNRmAG5FmhCirvXcAfKTHXyXmg0lynepLHG1tK1b6ii99umJfPcCgYEAwNCg\nHTX91vJ2WpMXLJQxSNFHJyzPurfdO7myHF+/n8mf/GwM6BAJlAb5zyyV/XLCN+UX\ngZ9OwclWA8OpsB6gWwTN+8PH4L87IVbbilU0vcNcGbznsiaFLelFtzlhf8SAiLyg\ncGgFzFFScxcXsdh723sSeVe/iGNUkoLSi0o7OYsCgYAnLzq9YTxwm7/1qMOO+gtc\nYJzGQiSqLYgPsGPXTuzo0UPGxV6Stw/TYtlIaPZrOMQN6aEdTvkYtNOGphfry29P\nT8XZtJ0ti8cMaKxCK6ZQgrwhQm7xMOiZTVdcSgMjkMiCTP8XHNPihjCN4zSAYF+z\ndGrb3K83NRql8zZepVJxgQKBgQC91amOmPXOhvFXw7HxRgYv9zviqg/redLrVqyx\nmuODYnONhqQ+ZmvHvgZ9nxwdaLsnZPp7uGlGCgARvLZ4m+6tLlHPKrbD5ANHk8ia\nrcE7g/hNrts/XwWIaj8lYe1IaiNSfMRJZ2EuBHL0tSuzAb0QHl/V8Dq3AXTmur6o\nPPGKeQKBgAnL1No6LO4Szj5qu/bmDcegQ8SbnCFd9hZKQAMCHECtA6ugDRkrQVW7\n3XA1vCA+Rzv2X7Dhml3b298N9nEIII3oc8e33QNpqGHtFSjlQbU3IIUXTAzh6aI0\nh9Je/CvpnZXCMuzW8S7uTHJJ4/JFuZaI/57euQopaS9/eLFwpsAh\n-----END RSA PRIVATE KEY-----\n",
            "private_key_pem_pkcs8": "-----BEGIN PRIVATE KEY-----\nMIIEvQIBADANBgkqhkiG9w0BAQEFAASCBKcwggSjAgEAAoIBAQCjXIzd/ZKWSlgo\nodE66g6AiQjxH4idprAErnsCgQj6kX3rErl1J6z3J0VJuejydIGk/NLIeJdKtFrF\nMjF+zqx2vlKAHdMjLAfIb3qAUjVcIJN+4SNIpd0b7gnDcQEiU5MKN3nNuqbyD9TS\nhZK2iHgSjwWCB96tRjABWVqfdIWouFxED9uKdO7w/1qO1a5mc5yJgcESjFxHlgk7\n5HIsRuA1CVpyNbpXTv1U4CmXideiympnyftnGMwQjurtE7L7HGTTun+BGi9i8h4A\n56qZA92l74EGItSD7E5Iq98vuaal4YOKzJ1vnO5sL96E6AaeWTieaeeEusGOHkds\nJ/ydZtkdAgMBAAECggEAAZ4kAvrE3dokn1pi4Qt6U0mIHiMqzizdZ15292JhvWF9\ndrt7vK5E5zmrVPyTUvtWYVTjnXqcPPAmSfeiR9gyGwbteDlTYvDHrvNzqhumTaBA\n9auzFsAVvXYRAK94zGc5eItuGFx11MXVXLRX7JjTX5OtAUmkqeCdDxZccGHOBQqy\nSIirOh0i2zXcGloy0+5n7JlassDsq2WLf1dFZr8SxMXcFhBpaDRYYtLdT49ZUNIW\nrmOdKici9OD3uXejxZsSmzXypZnL1kYMBod6faPUQLdxccjcKN2iO4Ggl+h2+wLV\nZWscJX7N5bg+p1nhd3zR5gNWwU0B7+ALdvbJDoy9fQKBgQDY5Q7NZ6ZwnAit2n2+\n6QuOGMKR9z3YQ4ID/PZ63uFg00ygt3eGsd8D3PzIsnuX2ka3pa/j+vMFJO9L+Fu3\nbIVr6lEoApIJMC+SVECUlPCyAwp2+W5vZDCnOGdM1GYAbkWaEKKu9dwB8pMdfJea\nDSXKd6kscbW0rVvqKL326Yl89wKBgQDA0KAdNf3W8nZakxcslDFI0UcnLM+6t907\nubIcX7+fyZ/8bAzoEAmUBvnPLJX9csI35ReBn07ByVYDw6mwHqBbBM37w8fgvzsh\nVtuKVTS9w1wZvOeyJoUt6UW3OWF/xICIvKBwaAXMUVJzFxex2HvbexJ5V7+IY1SS\ngtKLSjs5iwKBgCcvOr1hPHCbv/Wow476C1xgnMZCJKotiA+wY9dO7OjRQ8bFXpK3\nD9Ni2Uho9ms4xA3poR1O+Ri004amF+vLb09Pxdm0nS2LxwxorEIrplCCvCFCbvEw\n6JlNV1xKAyOQyIJM/xcc0+KGMI3jNIBgX7N0atvcrzc1GqXzNl6lUnGBAoGBAL3V\nqY6Y9c6G8VfDsfFGBi/3O+KqD+t50utWrLGa44Nic42GpD5ma8e+Bn2fHB1ouydk\n+nu4aUYKABG8tnib7q0uUc8qtsPkA0eTyJqtwTuD+E2u2z9fBYhqPyVh7UhqI1J8\nxElnYS4EcvS1K7MBvRAeX9XwOrcBdOa6vqg88Yp5AoGACcvU2jos7hLOPmq79uYN\nx6BDxJucIV32FkpAAwIcQK0Dq6ANGStBVbvdcDW8ID5HO/ZfsOGaXdvb3w32cQgg\njehzx7fdA2moYe0VKOVBtTcghRdMDOHpojSH0l78K+mdlcIy7NbxLu5Mcknj8kW5\nloj/nt65CilpL394sXCmwCE=\n-----END PRIVATE KEY-----\n",
            "public_key_fingerprint_md5": "83:06:ae:1b:03:04:50:5e:95:e9:25:f2:9c:b1:10:2b",
            "public_key_fingerprint_sha256": "SHA256:trUdiqeXGmRlbVAf6vS5K78crT9Enp8b3uP2kQnmvqM",
            "public_key_openssh": "ssh-rsa AAAAB3NzaC1yc2EAAAADAQABAAABAQCjXIzd/ZKWSlgoodE66g6AiQjxH4idprAErnsCgQj6kX3rErl1J6z3J0VJuejydIGk/NLIeJdKtFrFMjF+zqx2vlKAHdMjLAfIb3qAUjVcIJN+4SNIpd0b7gnDcQEiU5MKN3nNuqbyD9TShZK2iHgSjwWCB96tRjABWVqfdIWouFxED9uKdO7w/1qO1a5mc5yJgcESjFxHlgk75HIsRuA1CVpyNbpXTv1U4CmXideiympnyftnGMwQjurtE7L7HGTTun+BGi9i8h4A56qZA92l74EGItSD7E5Iq98vuaal4YOKzJ1vnO5sL96E6AaeWTieaeeEusGOHkdsJ/ydZtkd\n",
            "public_key_pem": "-----BEGIN PUBLIC KEY-----\nMIIBIjANBgkqhkiG9w0BAQEFAAOCAQ8AMIIBCgKCAQEAo1yM3f2SlkpYKKHROuoO\ngIkI8R+InaawBK57AoEI+pF96xK5dSes9ydFSbno8nSBpPzSyHiXSrRaxTIxfs6s\ndr5SgB3TIywHyG96gFI1XCCTfuEjSKXdG+4Jw3EBIlOTCjd5zbqm8g/U0oWStoh4\nEo8FggferUYwAVlan3SFqLhcRA/binTu8P9ajtWuZnOciYHBEoxcR5YJO+RyLEbg\nNQlacjW6V079VOApl4nXospqZ8n7ZxjMEI7q7ROy+xxk07p/gRovYvIeAOeqmQPd\npe+BBiLUg+xOSKvfL7mmpeGDisydb5zubC/ehOgGnlk4nmnnhLrBjh5HbCf8nWbZ\nHQIDAQAB\n-----END PUBLIC KEY-----\n",
            "rsa_bits": 2048
          },
          "sensitive_attributes": []
        }
      ]
    },
    {
      "module": "module.application_lb",
      "mode": "managed",
      "type": "aws_lb",
      "name": "huyn_lb",
      "provider": "provider[\"registry.terraform.io/hashicorp/aws\"]",
      "instances": [
        {
          "schema_version": 0,
          "attributes": {
            "access_logs": [
              {
                "bucket": "",
                "enabled": false,
                "prefix": ""
              }
            ],
            "arn": "arn:aws:elasticloadbalancing:us-east-1:772951946295:loadbalancer/app/huyn-lb/515d1ebde7ee0574",
            "arn_suffix": "app/huyn-lb/515d1ebde7ee0574",
            "customer_owned_ipv4_pool": "",
            "desync_mitigation_mode": "defensive",
            "dns_name": "huyn-lb-232145409.us-east-1.elb.amazonaws.com",
            "drop_invalid_header_fields": false,
            "enable_cross_zone_load_balancing": true,
            "enable_deletion_protection": false,
            "enable_http2": true,
            "enable_waf_fail_open": false,
            "id": "arn:aws:elasticloadbalancing:us-east-1:772951946295:loadbalancer/app/huyn-lb/515d1ebde7ee0574",
            "idle_timeout": 60,
            "internal": false,
            "ip_address_type": "ipv4",
            "load_balancer_type": "application",
            "name": "huyn-lb",
            "name_prefix": null,
            "preserve_host_header": false,
            "security_groups": [
              "sg-0b24f89d65d487b94"
            ],
            "subnet_mapping": [
              {
                "allocation_id": "",
                "ipv6_address": "",
                "outpost_id": "",
                "private_ipv4_address": "",
                "subnet_id": "subnet-0bd78dc2d3be086b1"
              },
              {
                "allocation_id": "",
                "ipv6_address": "",
                "outpost_id": "",
                "private_ipv4_address": "",
                "subnet_id": "subnet-0f3ad1c2ae24c80c0"
              }
            ],
            "subnets": [
              "subnet-0bd78dc2d3be086b1",
              "subnet-0f3ad1c2ae24c80c0"
            ],
            "tags": {
              "Name": "huyn-lb"
            },
            "tags_all": {
              "Name": "huyn-lb"
            },
            "timeouts": null,
            "vpc_id": "vpc-06eb1d548b5e6693e",
            "zone_id": "Z35SXDOTRQ7X7K"
          },
          "sensitive_attributes": [],
          "private": "eyJlMmJmYjczMC1lY2FhLTExZTYtOGY4OC0zNDM2M2JjN2M0YzAiOnsiY3JlYXRlIjo2MDAwMDAwMDAwMDAsImRlbGV0ZSI6NjAwMDAwMDAwMDAwLCJ1cGRhdGUiOjYwMDAwMDAwMDAwMH19",
          "dependencies": [
            "module.huyn_vpc.aws_security_group.huyn_sg",
            "module.huyn_vpc.aws_subnet.public_subnet",
            "module.huyn_vpc.aws_vpc.huyn_vpc"
          ],
          "create_before_destroy": true
        }
      ]
    },
    {
      "module": "module.application_lb",
      "mode": "managed",
      "type": "aws_lb_listener",
      "name": "huyn_lb",
      "provider": "provider[\"registry.terraform.io/hashicorp/aws\"]",
      "instances": [
        {
          "schema_version": 0,
          "attributes": {
            "alpn_policy": null,
            "arn": "arn:aws:elasticloadbalancing:us-east-1:772951946295:listener/app/huyn-lb/515d1ebde7ee0574/bc81082da91e7eae",
            "certificate_arn": null,
            "default_action": [
              {
                "authenticate_cognito": [],
                "authenticate_oidc": [],
                "fixed_response": [],
                "forward": [],
                "order": 1,
                "redirect": [],
                "target_group_arn": "arn:aws:elasticloadbalancing:us-east-1:772951946295:targetgroup/tg-huyn-lb/96b50f31bcb8c8d2",
                "type": "forward"
              }
            ],
            "id": "arn:aws:elasticloadbalancing:us-east-1:772951946295:listener/app/huyn-lb/515d1ebde7ee0574/bc81082da91e7eae",
            "load_balancer_arn": "arn:aws:elasticloadbalancing:us-east-1:772951946295:loadbalancer/app/huyn-lb/515d1ebde7ee0574",
            "port": 80,
            "protocol": "HTTP",
            "ssl_policy": "",
            "tags": {},
            "tags_all": {},
            "timeouts": null
          },
          "sensitive_attributes": [],
          "private": "eyJlMmJmYjczMC1lY2FhLTExZTYtOGY4OC0zNDM2M2JjN2M0YzAiOnsicmVhZCI6NjAwMDAwMDAwMDAwfX0=",
          "dependencies": [
            "module.application_lb.aws_lb.huyn_lb",
            "module.application_lb.aws_lb_target_group.lb_target_group",
            "module.huyn_vpc.aws_security_group.huyn_sg",
            "module.huyn_vpc.aws_subnet.public_subnet",
            "module.huyn_vpc.aws_vpc.huyn_vpc"
          ]
        }
      ]
    },
    {
      "module": "module.application_lb",
      "mode": "managed",
      "type": "aws_lb_target_group",
      "name": "lb_target_group",
      "provider": "provider[\"registry.terraform.io/hashicorp/aws\"]",
      "instances": [
        {
          "schema_version": 0,
          "attributes": {
            "arn": "arn:aws:elasticloadbalancing:us-east-1:772951946295:targetgroup/tg-huyn-lb/96b50f31bcb8c8d2",
            "arn_suffix": "targetgroup/tg-huyn-lb/96b50f31bcb8c8d2",
            "connection_termination": false,
            "deregistration_delay": "300",
            "health_check": [
              {
                "enabled": true,
                "healthy_threshold": 5,
                "interval": 300,
                "matcher": "200",
                "path": "/",
                "port": "traffic-port",
                "protocol": "HTTP",
                "timeout": 60,
                "unhealthy_threshold": 5
              }
            ],
            "id": "arn:aws:elasticloadbalancing:us-east-1:772951946295:targetgroup/tg-huyn-lb/96b50f31bcb8c8d2",
            "ip_address_type": null,
            "lambda_multi_value_headers_enabled": false,
            "load_balancing_algorithm_type": "round_robin",
            "name": "tg-huyn-lb",
            "name_prefix": null,
            "port": 80,
            "preserve_client_ip": null,
            "protocol": "HTTP",
            "protocol_version": "HTTP1",
            "proxy_protocol_v2": false,
            "slow_start": 0,
            "stickiness": [
              {
                "cookie_duration": 86400,
                "cookie_name": "",
                "enabled": false,
                "type": "lb_cookie"
              }
            ],
            "tags": {
              "Name": "tg-huyn-lb"
            },
            "tags_all": {
              "Name": "tg-huyn-lb"
            },
            "target_type": "instance",
            "vpc_id": "vpc-06eb1d548b5e6693e"
          },
          "sensitive_attributes": [],
          "private": "bnVsbA==",
          "dependencies": [
            "module.application_lb.aws_lb.huyn_lb",
            "module.huyn_vpc.aws_security_group.huyn_sg",
            "module.huyn_vpc.aws_subnet.public_subnet",
            "module.huyn_vpc.aws_vpc.huyn_vpc"
          ],
          "create_before_destroy": true
        }
      ]
    },
    {
      "module": "module.application_lb",
      "mode": "managed",
      "type": "aws_lb_target_group_attachment",
      "name": "lb_group_attachment",
      "provider": "provider[\"registry.terraform.io/hashicorp/aws\"]",
      "instances": [
        {
          "schema_version": 0,
          "attributes": {
            "availability_zone": null,
            "id": "arn:aws:elasticloadbalancing:us-east-1:772951946295:targetgroup/tg-huyn-lb/96b50f31bcb8c8d2-20230110085943713800000001",
            "port": 80,
            "target_group_arn": "arn:aws:elasticloadbalancing:us-east-1:772951946295:targetgroup/tg-huyn-lb/96b50f31bcb8c8d2",
            "target_id": "i-001d2c05c5940502b"
          },
          "sensitive_attributes": [],
          "private": "bnVsbA==",
          "dependencies": [
            "aws_instance.instance1",
            "aws_key_pair.auth",
            "data.aws_ami.ami_linux",
            "module.application_lb.aws_lb_target_group.lb_target_group",
            "module.huyn_vpc.aws_security_group.huyn_sg",
            "module.huyn_vpc.aws_subnet.private_subnet"
          ]
        }
      ]
    },
    {
      "module": "module.huyn_vpc",
      "mode": "managed",
      "type": "aws_eip",
      "name": "nat",
      "provider": "provider[\"registry.terraform.io/hashicorp/aws\"]",
      "instances": [
        {
          "schema_version": 0,
          "attributes": {
            "address": null,
            "allocation_id": "eipalloc-0d5cf85393a0b0c0c",
            "associate_with_private_ip": null,
            "association_id": "eipassoc-0521c2da6c94ae6a3",
            "carrier_ip": "",
            "customer_owned_ip": "",
            "customer_owned_ipv4_pool": "",
            "domain": "vpc",
            "id": "eipalloc-0d5cf85393a0b0c0c",
            "instance": "",
            "network_border_group": "us-east-1",
            "network_interface": "eni-026a234d8f2f03cb8",
            "private_dns": "ip-10-0-1-180.ec2.internal",
            "private_ip": "10.0.1.180",
            "public_dns": "ec2-52-55-125-121.compute-1.amazonaws.com",
            "public_ip": "52.55.125.121",
            "public_ipv4_pool": "amazon",
            "tags": {},
            "tags_all": {},
            "timeouts": null,
            "vpc": true
          },
          "sensitive_attributes": [],
          "private": "eyJlMmJmYjczMC1lY2FhLTExZTYtOGY4OC0zNDM2M2JjN2M0YzAiOnsiZGVsZXRlIjoxODAwMDAwMDAwMDAsInJlYWQiOjkwMDAwMDAwMDAwMCwidXBkYXRlIjozMDAwMDAwMDAwMDB9fQ=="
        }
      ]
    },
    {
      "module": "module.huyn_vpc",
      "mode": "managed",
      "type": "aws_internet_gateway",
      "name": "huyn_igw",
      "provider": "provider[\"registry.terraform.io/hashicorp/aws\"]",
      "instances": [
        {
          "schema_version": 0,
          "attributes": {
            "arn": "arn:aws:ec2:us-east-1:772951946295:internet-gateway/igw-0c55ad3defa4a40cb",
            "id": "igw-0c55ad3defa4a40cb",
            "owner_id": "772951946295",
            "tags": {
              "Name": "huyn_igw"
            },
            "tags_all": {
              "Name": "huyn_igw"
            },
            "timeouts": null,
            "vpc_id": "vpc-06eb1d548b5e6693e"
          },
          "sensitive_attributes": [],
          "private": "eyJlMmJmYjczMC1lY2FhLTExZTYtOGY4OC0zNDM2M2JjN2M0YzAiOnsiY3JlYXRlIjoxMjAwMDAwMDAwMDAwLCJkZWxldGUiOjEyMDAwMDAwMDAwMDAsInVwZGF0ZSI6MTIwMDAwMDAwMDAwMH19",
          "dependencies": [
            "module.huyn_vpc.aws_vpc.huyn_vpc"
          ]
        }
      ]
    },
    {
      "module": "module.huyn_vpc",
      "mode": "managed",
      "type": "aws_nat_gateway",
      "name": "huyn_NAT_gw",
      "provider": "provider[\"registry.terraform.io/hashicorp/aws\"]",
      "instances": [
        {
          "schema_version": 0,
          "attributes": {
            "allocation_id": "eipalloc-0d5cf85393a0b0c0c",
            "connectivity_type": "public",
            "id": "nat-00770e9e7106e61df",
            "network_interface_id": "eni-026a234d8f2f03cb8",
            "private_ip": "10.0.1.180",
            "public_ip": "52.55.125.121",
            "subnet_id": "subnet-0bd78dc2d3be086b1",
            "tags": {
              "Name": "huyn_NAT_gw"
            },
            "tags_all": {
              "Name": "huyn_NAT_gw"
            }
          },
          "sensitive_attributes": [],
          "private": "bnVsbA==",
          "dependencies": [
            "module.huyn_vpc.aws_eip.nat",
            "module.huyn_vpc.aws_internet_gateway.huyn_igw",
            "module.huyn_vpc.aws_subnet.public_subnet",
            "module.huyn_vpc.aws_vpc.huyn_vpc"
          ]
        }
      ]
    },
    {
      "module": "module.huyn_vpc",
      "mode": "managed",
      "type": "aws_route_table",
      "name": "huyn_rtb_private",
      "provider": "provider[\"registry.terraform.io/hashicorp/aws\"]",
      "instances": [
        {
          "schema_version": 0,
          "attributes": {
            "arn": "arn:aws:ec2:us-east-1:772951946295:route-table/rtb-068b947939d06c531",
            "id": "rtb-068b947939d06c531",
            "owner_id": "772951946295",
            "propagating_vgws": [],
            "route": [
              {
                "carrier_gateway_id": "",
                "cidr_block": "0.0.0.0/0",
                "core_network_arn": "",
                "destination_prefix_list_id": "",
                "egress_only_gateway_id": "",
                "gateway_id": "nat-00770e9e7106e61df",
                "instance_id": "",
                "ipv6_cidr_block": "",
                "local_gateway_id": "",
                "nat_gateway_id": "",
                "network_interface_id": "",
                "transit_gateway_id": "",
                "vpc_endpoint_id": "",
                "vpc_peering_connection_id": ""
              }
            ],
            "tags": {
              "Name": "huyn_rtb_private"
            },
            "tags_all": {
              "Name": "huyn_rtb_private"
            },
            "timeouts": null,
            "vpc_id": "vpc-06eb1d548b5e6693e"
          },
          "sensitive_attributes": [],
          "private": "eyJlMmJmYjczMC1lY2FhLTExZTYtOGY4OC0zNDM2M2JjN2M0YzAiOnsiY3JlYXRlIjozMDAwMDAwMDAwMDAsImRlbGV0ZSI6MzAwMDAwMDAwMDAwLCJ1cGRhdGUiOjEyMDAwMDAwMDAwMH19",
          "dependencies": [
            "module.huyn_vpc.aws_nat_gateway.huyn_NAT_gw",
            "module.huyn_vpc.aws_vpc.huyn_vpc"
          ]
        }
      ]
    },
    {
      "module": "module.huyn_vpc",
      "mode": "managed",
      "type": "aws_route_table",
      "name": "huyn_rtb_public",
      "provider": "provider[\"registry.terraform.io/hashicorp/aws\"]",
      "instances": [
        {
          "schema_version": 0,
          "attributes": {
            "arn": "arn:aws:ec2:us-east-1:772951946295:route-table/rtb-0a9bb73c18e88ed7e",
            "id": "rtb-0a9bb73c18e88ed7e",
            "owner_id": "772951946295",
            "propagating_vgws": [],
            "route": [
              {
                "carrier_gateway_id": "",
                "cidr_block": "",
                "core_network_arn": "",
                "destination_prefix_list_id": "",
                "egress_only_gateway_id": "",
                "gateway_id": "igw-0c55ad3defa4a40cb",
                "instance_id": "",
                "ipv6_cidr_block": "::/0",
                "local_gateway_id": "",
                "nat_gateway_id": "",
                "network_interface_id": "",
                "transit_gateway_id": "",
                "vpc_endpoint_id": "",
                "vpc_peering_connection_id": ""
              },
              {
                "carrier_gateway_id": "",
                "cidr_block": "0.0.0.0/0",
                "core_network_arn": "",
                "destination_prefix_list_id": "",
                "egress_only_gateway_id": "",
                "gateway_id": "igw-0c55ad3defa4a40cb",
                "instance_id": "",
                "ipv6_cidr_block": "",
                "local_gateway_id": "",
                "nat_gateway_id": "",
                "network_interface_id": "",
                "transit_gateway_id": "",
                "vpc_endpoint_id": "",
                "vpc_peering_connection_id": ""
              }
            ],
            "tags": {
              "Name": "huyn_rtb_public"
            },
            "tags_all": {
              "Name": "huyn_rtb_public"
            },
            "timeouts": null,
            "vpc_id": "vpc-06eb1d548b5e6693e"
          },
          "sensitive_attributes": [],
          "private": "eyJlMmJmYjczMC1lY2FhLTExZTYtOGY4OC0zNDM2M2JjN2M0YzAiOnsiY3JlYXRlIjozMDAwMDAwMDAwMDAsImRlbGV0ZSI6MzAwMDAwMDAwMDAwLCJ1cGRhdGUiOjEyMDAwMDAwMDAwMH19",
          "dependencies": [
            "module.huyn_vpc.aws_internet_gateway.huyn_igw",
            "module.huyn_vpc.aws_vpc.huyn_vpc"
          ]
        }
      ]
    },
    {
      "module": "module.huyn_vpc",
      "mode": "managed",
      "type": "aws_route_table_association",
      "name": "private_association",
      "provider": "provider[\"registry.terraform.io/hashicorp/aws\"]",
      "instances": [
        {
          "index_key": "0",
          "schema_version": 0,
          "attributes": {
            "gateway_id": "",
            "id": "rtbassoc-09d29b3cf544a79bb",
            "route_table_id": "rtb-068b947939d06c531",
            "subnet_id": "subnet-0191afeaeda0bded5"
          },
          "sensitive_attributes": [],
          "private": "bnVsbA==",
          "dependencies": [
            "module.huyn_vpc.aws_eip.nat",
            "module.huyn_vpc.aws_internet_gateway.huyn_igw",
            "module.huyn_vpc.aws_nat_gateway.huyn_NAT_gw",
            "module.huyn_vpc.aws_route_table.huyn_rtb_private",
            "module.huyn_vpc.aws_subnet.private_subnet",
            "module.huyn_vpc.aws_subnet.public_subnet",
            "module.huyn_vpc.aws_vpc.huyn_vpc"
          ]
        },
        {
          "index_key": "1",
          "schema_version": 0,
          "attributes": {
            "gateway_id": "",
            "id": "rtbassoc-0fa7629d2d6c67230",
            "route_table_id": "rtb-068b947939d06c531",
            "subnet_id": "subnet-0f94c82af2d594d96"
          },
          "sensitive_attributes": [],
          "private": "bnVsbA==",
          "dependencies": [
            "module.huyn_vpc.aws_eip.nat",
            "module.huyn_vpc.aws_internet_gateway.huyn_igw",
            "module.huyn_vpc.aws_nat_gateway.huyn_NAT_gw",
            "module.huyn_vpc.aws_route_table.huyn_rtb_private",
            "module.huyn_vpc.aws_subnet.private_subnet",
            "module.huyn_vpc.aws_subnet.public_subnet",
            "module.huyn_vpc.aws_vpc.huyn_vpc"
          ]
        },
        {
          "index_key": "2",
          "schema_version": 0,
          "attributes": {
            "gateway_id": "",
            "id": "rtbassoc-0aeae4f6c22fe95e0",
            "route_table_id": "rtb-068b947939d06c531",
            "subnet_id": "subnet-02c0fef8be6df9dc6"
          },
          "sensitive_attributes": [],
          "private": "bnVsbA==",
          "dependencies": [
            "module.huyn_vpc.aws_eip.nat",
            "module.huyn_vpc.aws_internet_gateway.huyn_igw",
            "module.huyn_vpc.aws_nat_gateway.huyn_NAT_gw",
            "module.huyn_vpc.aws_route_table.huyn_rtb_private",
            "module.huyn_vpc.aws_subnet.private_subnet",
            "module.huyn_vpc.aws_subnet.public_subnet",
            "module.huyn_vpc.aws_vpc.huyn_vpc"
          ]
        }
      ]
    },
    {
      "module": "module.huyn_vpc",
      "mode": "managed",
      "type": "aws_route_table_association",
      "name": "public_association",
      "provider": "provider[\"registry.terraform.io/hashicorp/aws\"]",
      "instances": [
        {
          "index_key": "0",
          "schema_version": 0,
          "attributes": {
            "gateway_id": "",
            "id": "rtbassoc-0f5fea06925342678",
            "route_table_id": "rtb-0a9bb73c18e88ed7e",
            "subnet_id": "subnet-0bd78dc2d3be086b1"
          },
          "sensitive_attributes": [],
          "private": "bnVsbA==",
          "dependencies": [
            "module.huyn_vpc.aws_internet_gateway.huyn_igw",
            "module.huyn_vpc.aws_route_table.huyn_rtb_public",
            "module.huyn_vpc.aws_subnet.public_subnet",
            "module.huyn_vpc.aws_vpc.huyn_vpc"
          ]
        },
        {
          "index_key": "1",
          "schema_version": 0,
          "attributes": {
            "gateway_id": "",
            "id": "rtbassoc-04a7f0d7eb56f6fca",
            "route_table_id": "rtb-0a9bb73c18e88ed7e",
            "subnet_id": "subnet-0f3ad1c2ae24c80c0"
          },
          "sensitive_attributes": [],
          "private": "bnVsbA==",
          "dependencies": [
            "module.huyn_vpc.aws_internet_gateway.huyn_igw",
            "module.huyn_vpc.aws_route_table.huyn_rtb_public",
            "module.huyn_vpc.aws_subnet.public_subnet",
            "module.huyn_vpc.aws_vpc.huyn_vpc"
          ]
        },
        {
          "index_key": "2",
          "schema_version": 0,
          "attributes": {
            "gateway_id": "",
            "id": "rtbassoc-039fc2d1db65d37b0",
            "route_table_id": "rtb-0a9bb73c18e88ed7e",
            "subnet_id": "subnet-0f2efc254dc3fad88"
          },
          "sensitive_attributes": [],
          "private": "bnVsbA==",
          "dependencies": [
            "module.huyn_vpc.aws_internet_gateway.huyn_igw",
            "module.huyn_vpc.aws_route_table.huyn_rtb_public",
            "module.huyn_vpc.aws_subnet.public_subnet",
            "module.huyn_vpc.aws_vpc.huyn_vpc"
          ]
        }
      ]
    },
    {
      "module": "module.huyn_vpc",
      "mode": "managed",
      "type": "aws_security_group",
      "name": "huyn_sg",
      "provider": "provider[\"registry.terraform.io/hashicorp/aws\"]",
      "instances": [
        {
          "schema_version": 1,
          "attributes": {
            "arn": "arn:aws:ec2:us-east-1:772951946295:security-group/sg-0b24f89d65d487b94",
            "description": "Managed by Terraform",
            "egress": [
              {
                "cidr_blocks": [
                  "0.0.0.0/0"
                ],
                "description": "",
                "from_port": 0,
                "ipv6_cidr_blocks": [],
                "prefix_list_ids": [],
                "protocol": "-1",
                "security_groups": [],
                "self": false,
                "to_port": 0
              }
            ],
            "id": "sg-0b24f89d65d487b94",
            "ingress": [
              {
                "cidr_blocks": [
                  "0.0.0.0/0"
                ],
                "description": "",
                "from_port": 22,
                "ipv6_cidr_blocks": [],
                "prefix_list_ids": [],
                "protocol": "tcp",
                "security_groups": [],
                "self": false,
                "to_port": 22
              },
              {
                "cidr_blocks": [
                  "0.0.0.0/0"
                ],
                "description": "",
                "from_port": 8080,
                "ipv6_cidr_blocks": [],
                "prefix_list_ids": [],
                "protocol": "tcp",
                "security_groups": [],
                "self": false,
                "to_port": 8080
              },
              {
                "cidr_blocks": [
                  "0.0.0.0/0"
                ],
                "description": "",
                "from_port": 80,
                "ipv6_cidr_blocks": [],
                "prefix_list_ids": [],
                "protocol": "tcp",
                "security_groups": [],
                "self": false,
                "to_port": 80
              }
            ],
            "name": "huyn sg",
            "name_prefix": "",
            "owner_id": "772951946295",
            "revoke_rules_on_delete": false,
            "tags": {
              "Name": "Huyn_sg"
            },
            "tags_all": {
              "Name": "Huyn_sg"
            },
            "timeouts": null,
            "vpc_id": "vpc-06eb1d548b5e6693e"
          },
          "sensitive_attributes": [],
          "private": "eyJlMmJmYjczMC1lY2FhLTExZTYtOGY4OC0zNDM2M2JjN2M0YzAiOnsiY3JlYXRlIjo2MDAwMDAwMDAwMDAsImRlbGV0ZSI6OTAwMDAwMDAwMDAwfSwic2NoZW1hX3ZlcnNpb24iOiIxIn0=",
          "dependencies": [
            "module.huyn_vpc.aws_vpc.huyn_vpc"
          ],
          "create_before_destroy": true
        }
      ]
    },
    {
      "module": "module.huyn_vpc",
      "mode": "managed",
      "type": "aws_subnet",
      "name": "private_subnet",
      "provider": "provider[\"registry.terraform.io/hashicorp/aws\"]",
      "instances": [
        {
          "index_key": 0,
          "schema_version": 1,
          "attributes": {
            "arn": "arn:aws:ec2:us-east-1:772951946295:subnet/subnet-0191afeaeda0bded5",
            "assign_ipv6_address_on_creation": false,
            "availability_zone": "us-east-1a",
            "availability_zone_id": "use1-az1",
            "cidr_block": "10.0.4.0/24",
            "customer_owned_ipv4_pool": "",
            "enable_dns64": false,
            "enable_resource_name_dns_a_record_on_launch": false,
            "enable_resource_name_dns_aaaa_record_on_launch": false,
            "id": "subnet-0191afeaeda0bded5",
            "ipv6_cidr_block": "",
            "ipv6_cidr_block_association_id": "",
            "ipv6_native": false,
            "map_customer_owned_ip_on_launch": false,
            "map_public_ip_on_launch": false,
            "outpost_arn": "",
            "owner_id": "772951946295",
            "private_dns_hostname_type_on_launch": "ip-name",
            "tags": {
              "Name": "Private_subnet 0"
            },
            "tags_all": {
              "Name": "Private_subnet 0"
            },
            "timeouts": null,
            "vpc_id": "vpc-06eb1d548b5e6693e"
          },
          "sensitive_attributes": [],
          "private": "eyJlMmJmYjczMC1lY2FhLTExZTYtOGY4OC0zNDM2M2JjN2M0YzAiOnsiY3JlYXRlIjo2MDAwMDAwMDAwMDAsImRlbGV0ZSI6MTIwMDAwMDAwMDAwMH0sInNjaGVtYV92ZXJzaW9uIjoiMSJ9",
          "dependencies": [
            "module.huyn_vpc.aws_vpc.huyn_vpc"
          ]
        },
        {
          "index_key": 1,
          "schema_version": 1,
          "attributes": {
            "arn": "arn:aws:ec2:us-east-1:772951946295:subnet/subnet-0f94c82af2d594d96",
            "assign_ipv6_address_on_creation": false,
            "availability_zone": "us-east-1b",
            "availability_zone_id": "use1-az2",
            "cidr_block": "10.0.5.0/24",
            "customer_owned_ipv4_pool": "",
            "enable_dns64": false,
            "enable_resource_name_dns_a_record_on_launch": false,
            "enable_resource_name_dns_aaaa_record_on_launch": false,
            "id": "subnet-0f94c82af2d594d96",
            "ipv6_cidr_block": "",
            "ipv6_cidr_block_association_id": "",
            "ipv6_native": false,
            "map_customer_owned_ip_on_launch": false,
            "map_public_ip_on_launch": false,
            "outpost_arn": "",
            "owner_id": "772951946295",
            "private_dns_hostname_type_on_launch": "ip-name",
            "tags": {
              "Name": "Private_subnet 1"
            },
            "tags_all": {
              "Name": "Private_subnet 1"
            },
            "timeouts": null,
            "vpc_id": "vpc-06eb1d548b5e6693e"
          },
          "sensitive_attributes": [],
          "private": "eyJlMmJmYjczMC1lY2FhLTExZTYtOGY4OC0zNDM2M2JjN2M0YzAiOnsiY3JlYXRlIjo2MDAwMDAwMDAwMDAsImRlbGV0ZSI6MTIwMDAwMDAwMDAwMH0sInNjaGVtYV92ZXJzaW9uIjoiMSJ9",
          "dependencies": [
            "module.huyn_vpc.aws_vpc.huyn_vpc"
          ]
        },
        {
          "index_key": 2,
          "schema_version": 1,
          "attributes": {
            "arn": "arn:aws:ec2:us-east-1:772951946295:subnet/subnet-02c0fef8be6df9dc6",
            "assign_ipv6_address_on_creation": false,
            "availability_zone": "us-east-1c",
            "availability_zone_id": "use1-az4",
            "cidr_block": "10.0.6.0/24",
            "customer_owned_ipv4_pool": "",
            "enable_dns64": false,
            "enable_resource_name_dns_a_record_on_launch": false,
            "enable_resource_name_dns_aaaa_record_on_launch": false,
            "id": "subnet-02c0fef8be6df9dc6",
            "ipv6_cidr_block": "",
            "ipv6_cidr_block_association_id": "",
            "ipv6_native": false,
            "map_customer_owned_ip_on_launch": false,
            "map_public_ip_on_launch": false,
            "outpost_arn": "",
            "owner_id": "772951946295",
            "private_dns_hostname_type_on_launch": "ip-name",
            "tags": {
              "Name": "Private_subnet 2"
            },
            "tags_all": {
              "Name": "Private_subnet 2"
            },
            "timeouts": null,
            "vpc_id": "vpc-06eb1d548b5e6693e"
          },
          "sensitive_attributes": [],
          "private": "eyJlMmJmYjczMC1lY2FhLTExZTYtOGY4OC0zNDM2M2JjN2M0YzAiOnsiY3JlYXRlIjo2MDAwMDAwMDAwMDAsImRlbGV0ZSI6MTIwMDAwMDAwMDAwMH0sInNjaGVtYV92ZXJzaW9uIjoiMSJ9",
          "dependencies": [
            "module.huyn_vpc.aws_vpc.huyn_vpc"
          ]
        }
      ]
    },
    {
      "module": "module.huyn_vpc",
      "mode": "managed",
      "type": "aws_subnet",
      "name": "public_subnet",
      "provider": "provider[\"registry.terraform.io/hashicorp/aws\"]",
      "instances": [
        {
          "index_key": 0,
          "schema_version": 1,
          "attributes": {
            "arn": "arn:aws:ec2:us-east-1:772951946295:subnet/subnet-0bd78dc2d3be086b1",
            "assign_ipv6_address_on_creation": false,
            "availability_zone": "us-east-1a",
            "availability_zone_id": "use1-az1",
            "cidr_block": "10.0.1.0/24",
            "customer_owned_ipv4_pool": "",
            "enable_dns64": false,
            "enable_resource_name_dns_a_record_on_launch": false,
            "enable_resource_name_dns_aaaa_record_on_launch": false,
            "id": "subnet-0bd78dc2d3be086b1",
            "ipv6_cidr_block": "",
            "ipv6_cidr_block_association_id": "",
            "ipv6_native": false,
            "map_customer_owned_ip_on_launch": false,
            "map_public_ip_on_launch": false,
            "outpost_arn": "",
            "owner_id": "772951946295",
            "private_dns_hostname_type_on_launch": "ip-name",
            "tags": {
              "Name": "Public_subnet 0"
            },
            "tags_all": {
              "Name": "Public_subnet 0"
            },
            "timeouts": null,
            "vpc_id": "vpc-06eb1d548b5e6693e"
          },
          "sensitive_attributes": [],
          "private": "eyJlMmJmYjczMC1lY2FhLTExZTYtOGY4OC0zNDM2M2JjN2M0YzAiOnsiY3JlYXRlIjo2MDAwMDAwMDAwMDAsImRlbGV0ZSI6MTIwMDAwMDAwMDAwMH0sInNjaGVtYV92ZXJzaW9uIjoiMSJ9",
          "dependencies": [
            "module.huyn_vpc.aws_vpc.huyn_vpc"
          ],
          "create_before_destroy": true
        },
        {
          "index_key": 1,
          "schema_version": 1,
          "attributes": {
            "arn": "arn:aws:ec2:us-east-1:772951946295:subnet/subnet-0f3ad1c2ae24c80c0",
            "assign_ipv6_address_on_creation": false,
            "availability_zone": "us-east-1b",
            "availability_zone_id": "use1-az2",
            "cidr_block": "10.0.2.0/24",
            "customer_owned_ipv4_pool": "",
            "enable_dns64": false,
            "enable_resource_name_dns_a_record_on_launch": false,
            "enable_resource_name_dns_aaaa_record_on_launch": false,
            "id": "subnet-0f3ad1c2ae24c80c0",
            "ipv6_cidr_block": "",
            "ipv6_cidr_block_association_id": "",
            "ipv6_native": false,
            "map_customer_owned_ip_on_launch": false,
            "map_public_ip_on_launch": false,
            "outpost_arn": "",
            "owner_id": "772951946295",
            "private_dns_hostname_type_on_launch": "ip-name",
            "tags": {
              "Name": "Public_subnet 1"
            },
            "tags_all": {
              "Name": "Public_subnet 1"
            },
            "timeouts": null,
            "vpc_id": "vpc-06eb1d548b5e6693e"
          },
          "sensitive_attributes": [],
          "private": "eyJlMmJmYjczMC1lY2FhLTExZTYtOGY4OC0zNDM2M2JjN2M0YzAiOnsiY3JlYXRlIjo2MDAwMDAwMDAwMDAsImRlbGV0ZSI6MTIwMDAwMDAwMDAwMH0sInNjaGVtYV92ZXJzaW9uIjoiMSJ9",
          "dependencies": [
            "module.huyn_vpc.aws_vpc.huyn_vpc"
          ],
          "create_before_destroy": true
        },
        {
          "index_key": 2,
          "schema_version": 1,
          "attributes": {
            "arn": "arn:aws:ec2:us-east-1:772951946295:subnet/subnet-0f2efc254dc3fad88",
            "assign_ipv6_address_on_creation": false,
            "availability_zone": "us-east-1c",
            "availability_zone_id": "use1-az4",
            "cidr_block": "10.0.3.0/24",
            "customer_owned_ipv4_pool": "",
            "enable_dns64": false,
            "enable_resource_name_dns_a_record_on_launch": false,
            "enable_resource_name_dns_aaaa_record_on_launch": false,
            "id": "subnet-0f2efc254dc3fad88",
            "ipv6_cidr_block": "",
            "ipv6_cidr_block_association_id": "",
            "ipv6_native": false,
            "map_customer_owned_ip_on_launch": false,
            "map_public_ip_on_launch": false,
            "outpost_arn": "",
            "owner_id": "772951946295",
            "private_dns_hostname_type_on_launch": "ip-name",
            "tags": {
              "Name": "Public_subnet 2"
            },
            "tags_all": {
              "Name": "Public_subnet 2"
            },
            "timeouts": null,
            "vpc_id": "vpc-06eb1d548b5e6693e"
          },
          "sensitive_attributes": [],
          "private": "eyJlMmJmYjczMC1lY2FhLTExZTYtOGY4OC0zNDM2M2JjN2M0YzAiOnsiY3JlYXRlIjo2MDAwMDAwMDAwMDAsImRlbGV0ZSI6MTIwMDAwMDAwMDAwMH0sInNjaGVtYV92ZXJzaW9uIjoiMSJ9",
          "dependencies": [
            "module.huyn_vpc.aws_vpc.huyn_vpc"
          ],
          "create_before_destroy": true
        }
      ]
    },
    {
      "module": "module.huyn_vpc",
      "mode": "managed",
      "type": "aws_vpc",
      "name": "huyn_vpc",
      "provider": "provider[\"registry.terraform.io/hashicorp/aws\"]",
      "instances": [
        {
          "schema_version": 1,
          "attributes": {
            "arn": "arn:aws:ec2:us-east-1:772951946295:vpc/vpc-06eb1d548b5e6693e",
            "assign_generated_ipv6_cidr_block": false,
            "cidr_block": "10.0.0.0/16",
            "default_network_acl_id": "acl-0ed946b7bc642e987",
            "default_route_table_id": "rtb-02b5a9acb99a7e4b2",
            "default_security_group_id": "sg-0c1d036de476f78b4",
            "dhcp_options_id": "dopt-030f1844e5bb38564",
            "enable_classiclink": false,
            "enable_classiclink_dns_support": false,
            "enable_dns_hostnames": true,
            "enable_dns_support": true,
            "enable_network_address_usage_metrics": false,
            "id": "vpc-06eb1d548b5e6693e",
            "instance_tenancy": "default",
            "ipv4_ipam_pool_id": null,
            "ipv4_netmask_length": null,
            "ipv6_association_id": "",
            "ipv6_cidr_block": "",
            "ipv6_cidr_block_network_border_group": "",
            "ipv6_ipam_pool_id": "",
            "ipv6_netmask_length": 0,
            "main_route_table_id": "rtb-02b5a9acb99a7e4b2",
            "owner_id": "772951946295",
            "tags": {
              "Name": "huyn_vpc"
            },
            "tags_all": {
              "Name": "huyn_vpc"
            }
          },
          "sensitive_attributes": [],
          "private": "eyJzY2hlbWFfdmVyc2lvbiI6IjEifQ==",
          "create_before_destroy": true
        }
      ]
    }
  ],
  "check_results": null
}
